// !$*UTF8*$!
{
	archiveVersion = 1;
	classes = {
	};
	objectVersion = 52;
	objects = {

/* Begin PBXBuildFile section */
		051B7CF4EFED78E524098971 /* SAPOData.xcframework in Embed Frameworks */ = {isa = PBXBuildFile; fileRef = D326956CC5B5F8465E201F33 /* SAPOData.xcframework */; settings = {ATTRIBUTES = (CodeSignOnCopy, ); }; };
		0A98D09D457C0355055C0746 /* WidgetDataLoading.swift in Sources */ = {isa = PBXBuildFile; fileRef = B3FF59804A1DF1E1FEE24AE8 /* WidgetDataLoading.swift */; };
		0B1A4AF286BF589EA6CFBA63 /* SAPFioriLoadingIndicator.swift in Sources */ = {isa = PBXBuildFile; fileRef = E6AE9BEF0E423E58CDDAD1E5 /* SAPFioriLoadingIndicator.swift */; };
		0D32AEAAACBD8DB6B51177EE /* SalesOrderHeader.storyboard in Resources */ = {isa = PBXBuildFile; fileRef = F3542CEAB1963F2591326842 /* SalesOrderHeader.storyboard */; };
		1107269F088EBB275261505D /* CustomerDetailViewController.swift in Sources */ = {isa = PBXBuildFile; fileRef = B33CB2404E9CE4DA1F3DD431 /* CustomerDetailViewController.swift */; };
		11CCA22FCDD42FBC580B0AA7 /* DeepLinkHelper.swift in Sources */ = {isa = PBXBuildFile; fileRef = 20C3192A04FD9FFD802A1AD9 /* DeepLinkHelper.swift */; };
		1277F7611F8E66AF0060AF58 /* SAPLogo@2x.png in Resources */ = {isa = PBXBuildFile; fileRef = 1277F7601F8E66AC0060AF58 /* SAPLogo@2x.png */; };
		138D1FA982E97C08A195EA25 /* ApplicationUIManager.swift in Sources */ = {isa = PBXBuildFile; fileRef = 5E5603A53212E023116C0B34 /* ApplicationUIManager.swift */; };
		139F1A9612062C9D7A4708C7 /* ConfigurationProvider.plist in Resources */ = {isa = PBXBuildFile; fileRef = 2C815FE05F0B0C837C914ED9 /* ConfigurationProvider.plist */; };
		156EBC08C8A0C802ACA3A84B /* WidgetRowView.swift in Sources */ = {isa = PBXBuildFile; fileRef = C2AC6E9602747A05709DCCC0 /* WidgetRowView.swift */; };
		1AFBABF5AB23A9D1A011D68A /* AppParameters.plist in Resources */ = {isa = PBXBuildFile; fileRef = C7003071C41ABA7C25DE662B /* AppParameters.plist */; };
		1B30642924004FED2060F2B1 /* ESPMContainerFmwk.framework in Frameworks */ = {isa = PBXBuildFile; fileRef = 89FA8AE0A84A4993E5420E09 /* ESPMContainerFmwk.framework */; };
		1C2E35CF24D06BE82ED9A3F6 /* Widget.swift in Sources */ = {isa = PBXBuildFile; fileRef = 55A04D2BE411731F34F4700E /* Widget.swift */; };
		1DD1043098A07C99CF011758 /* SAPFoundation.xcframework in Embed Frameworks */ = {isa = PBXBuildFile; fileRef = BF2309759ECD146C1FA2BF46 /* SAPFoundation.xcframework */; settings = {ATTRIBUTES = (CodeSignOnCopy, ); }; };
		1E2F702E12CBA0CA3C4D3480 /* AuxiliaryCommunicationStep.swift in Sources */ = {isa = PBXBuildFile; fileRef = 20FDFCB885ADC2802309D9E7 /* AuxiliaryCommunicationStep.swift */; };
		1E3003811E4D564EF7E9C22E /* SharedFmwk.framework in Embed Frameworks */ = {isa = PBXBuildFile; fileRef = FC6DD8BDD03B92CB8BF85240 /* SharedFmwk.framework */; settings = {ATTRIBUTES = (CodeSignOnCopy, ); }; };
		1E3D6C649AF08D7A8843DD20 /* ESPMContainerWidgetDataLoader.swift in Sources */ = {isa = PBXBuildFile; fileRef = E59032E852D90B607BAB9378 /* ESPMContainerWidgetDataLoader.swift */; };
		1FFDCCB84A876FFFA41A14E7 /* Customer.storyboard in Resources */ = {isa = PBXBuildFile; fileRef = 1A238219F0AA7AFDA85D720B /* Customer.storyboard */; };
		25EF3B992476DC06E3FF70F2 /* StockMasterViewController.swift in Sources */ = {isa = PBXBuildFile; fileRef = B0B87D6009A60E3FACFA738D /* StockMasterViewController.swift */; };
		268293C23E17F28E7EA9C230 /* ProductCategory.storyboard in Resources */ = {isa = PBXBuildFile; fileRef = 04A712AB57E9957DD92FFA6C /* ProductCategory.storyboard */; };
		2A4628CABB2F324D807C2A92 /* SAPCommon.xcframework in Embed Frameworks */ = {isa = PBXBuildFile; fileRef = 29975CF3AA52E40C2F991CE2 /* SAPCommon.xcframework */; settings = {ATTRIBUTES = (CodeSignOnCopy, ); }; };
		2CCE1FE4BEEFD4A76A9D9D7E /* OnboardingFlowProvider.swift in Sources */ = {isa = PBXBuildFile; fileRef = 62D1B6A686E3FAF5E98CE33B /* OnboardingFlowProvider.swift */; };
		2F8CEC565E64AD2D35749F0F /* DynamicDestinationSelectionHandler.swift in Sources */ = {isa = PBXBuildFile; fileRef = 5050E0E591D3F495543BBB76 /* DynamicDestinationSelectionHandler.swift */; };
		32DA8DE41B7A7BE1AA6F3447 /* ProductCategoryMasterViewController.swift in Sources */ = {isa = PBXBuildFile; fileRef = 8DBB2D5CDB8809DA7C598684 /* ProductCategoryMasterViewController.swift */; };
		3C2C62DD324DDE154620F54C /* PurchaseOrderItemMasterViewController.swift in Sources */ = {isa = PBXBuildFile; fileRef = 38D2D5DCBC2B1B0208ADB119 /* PurchaseOrderItemMasterViewController.swift */; };
		3C849FBF1DFD953FAE4F9DAA /* DynamicDestinationSelection.appex in Embed App Extensions */ = {isa = PBXBuildFile; fileRef = 1C260270FA2D99A79006D005 /* DynamicDestinationSelection.appex */; settings = {ATTRIBUTES = (RemoveHeadersOnCopy, ); }; };
		45126587348C5D96169B10E5 /* SharedFmwk.framework in Frameworks */ = {isa = PBXBuildFile; fileRef = FC6DD8BDD03B92CB8BF85240 /* SharedFmwk.framework */; };
		45AA5C0CAC8B0876B8CC3B11 /* SAPOData.xcframework in Frameworks */ = {isa = PBXBuildFile; fileRef = D326956CC5B5F8465E201F33 /* SAPOData.xcframework */; };
		466454CFC5A2F9BDDBDCAA29 /* PurchaseOrderHeaderMasterViewController.swift in Sources */ = {isa = PBXBuildFile; fileRef = 6A2BC9925376B031DAFDAE7F /* PurchaseOrderHeaderMasterViewController.swift */; };
		4CB973EE9737B7AD42950EE4 /* PurchaseOrderHeader.storyboard in Resources */ = {isa = PBXBuildFile; fileRef = 1F9B89CBDA05A89777B2A728 /* PurchaseOrderHeader.storyboard */; };
		4DBB7E5EF5B201A1A71DE2D6 /* Supplier.storyboard in Resources */ = {isa = PBXBuildFile; fileRef = D87BE5571BB147AF6DBF36B5 /* Supplier.storyboard */; };
		4DCB7DCADB27F8F43B25B565 /* PurchaseOrderHeaderDetailViewController.swift in Sources */ = {isa = PBXBuildFile; fileRef = 7E0ED3EF4EF8C049004F57E1 /* PurchaseOrderHeaderDetailViewController.swift */; };
		514DFB82C4BA3C095BD75D43 /* Stock.storyboard in Resources */ = {isa = PBXBuildFile; fileRef = BAA46542CF5DC1D4F58304FB /* Stock.storyboard */; };
		5172CF829C39C86F60577009 /* ESPMContainer.storyboard in Resources */ = {isa = PBXBuildFile; fileRef = 64EF92C9468544BBA70D88B3 /* ESPMContainer.storyboard */; };
		5314588A5B9EB320B55B0B67 /* SAPFiori.xcframework in Frameworks */ = {isa = PBXBuildFile; fileRef = 23272D983402FFBA75D06EDC /* SAPFiori.xcframework */; };
		542E1BDF58742A5BAA0903C1 /* ProductTextDetailViewController.swift in Sources */ = {isa = PBXBuildFile; fileRef = 51467E0C84F2217E7B225118 /* ProductTextDetailViewController.swift */; };
		549D4E5581398EAA6F8D09DE /* ESPMContainerFmwk.framework in Frameworks */ = {isa = PBXBuildFile; fileRef = BD5403BD50644BF6467EF5E6 /* ESPMContainerFmwk.framework */; };
		560C49C4B5A3C346DF9CD997 /* WidgetEntryView.swift in Sources */ = {isa = PBXBuildFile; fileRef = 947DE3D832C0230976E90396 /* WidgetEntryView.swift */; };
		588C2F1D7AF87FEAA0C935AE /* DynamicDestinationSelectionIntentExtension.swift in Sources */ = {isa = PBXBuildFile; fileRef = 384BA74A6BDCEEED3D7564E2 /* DynamicDestinationSelectionIntentExtension.swift */; };
		5F35FC1A492C9BDF2CBAC10A /* SupplierDetailViewController.swift in Sources */ = {isa = PBXBuildFile; fileRef = ACBC4527FF323BA0E527C438 /* SupplierDetailViewController.swift */; };
		611C07F6A65A24DC14D60F15 /* CellCreationHelper.swift in Sources */ = {isa = PBXBuildFile; fileRef = E080F9EB322B2BF3C5546E48 /* CellCreationHelper.swift */; };
		63D5A378566704FBC2059D30 /* SalesOrderItemDetailViewController.swift in Sources */ = {isa = PBXBuildFile; fileRef = B5BFF4B48736E8C05DF885E9 /* SalesOrderItemDetailViewController.swift */; };
		68C94C3195C6DB1D4E3FF674 /* SAPFoundation.xcframework in Frameworks */ = {isa = PBXBuildFile; fileRef = BF2309759ECD146C1FA2BF46 /* SAPFoundation.xcframework */; };
		6B5601CD8CCA8393A38E3BE8 /* ProductText.storyboard in Resources */ = {isa = PBXBuildFile; fileRef = 067128B202318F757FB02407 /* ProductText.storyboard */; };
		6EB7A2BEED033505C8F6B3E9 /* SAPFioriFlows.xcframework in Embed Frameworks */ = {isa = PBXBuildFile; fileRef = 014EFC270CC338BDD70BF4E1 /* SAPFioriFlows.xcframework */; settings = {ATTRIBUTES = (CodeSignOnCopy, ); }; };
		7A1315B91D4B982000A5DA56 /* AppDelegate.swift in Sources */ = {isa = PBXBuildFile; fileRef = 7A1315B81D4B982000A5DA56 /* AppDelegate.swift */; };
		7A1315C21D4B982000A5DA56 /* Assets.xcassets in Resources */ = {isa = PBXBuildFile; fileRef = 7A1315C11D4B982000A5DA56 /* Assets.xcassets */; };
		7A1315C51D4B982000A5DA56 /* LaunchScreen.storyboard in Resources */ = {isa = PBXBuildFile; fileRef = 7A1315C31D4B982000A5DA56 /* LaunchScreen.storyboard */; };
		7A16F06D1FD1B3C700D2FABD /* README.md in Resources */ = {isa = PBXBuildFile; fileRef = 7A16F06C1FD1B3C700D2FABD /* README.md */; };
		7A5744B621DE553600E58C7F /* UITests.swift in Sources */ = {isa = PBXBuildFile; fileRef = 7A5744B521DE553600E58C7F /* UITests.swift */; };
		7EFA0CEBF00FF6F6BE9CDD05 /* ESPMContainerWidgetRowViewModel.swift in Sources */ = {isa = PBXBuildFile; fileRef = 4F45DEB1CB3685388323D0E8 /* ESPMContainerWidgetRowViewModel.swift */; };
		80C4E3ABCC925E0D3198E4D6 /* WidgetKit.framework in Frameworks */ = {isa = PBXBuildFile; fileRef = 401BFC7983AFF2951B1F807F /* WidgetKit.framework */; };
		8364EDC2D698039775514D84 /* SharedFmwk.framework in Frameworks */ = {isa = PBXBuildFile; fileRef = 9B2A8543990076D196E77389 /* SharedFmwk.framework */; };
		8819F11F7C6B887ABF3AD8D1 /* LocalizedStrings.swift in Sources */ = {isa = PBXBuildFile; fileRef = D16D35D585A0003DC6E62BA5 /* LocalizedStrings.swift */; };
		8894C2D0B778029F1E4E7758 /* TutorialAppWidgetExtension.appex in Embed App Extensions */ = {isa = PBXBuildFile; fileRef = 40696831517764A282EF1529 /* TutorialAppWidgetExtension.appex */; settings = {ATTRIBUTES = (RemoveHeadersOnCopy, ); }; };
		895698F790FF3C63BD945CB7 /* PurchaseOrderItemDetailViewController.swift in Sources */ = {isa = PBXBuildFile; fileRef = 893A571320159EBB566D90AF /* PurchaseOrderItemDetailViewController.swift */; };
		8A09F17EE8B2C8DC8588CA1B /* ODataOnboardingStep.swift in Sources */ = {isa = PBXBuildFile; fileRef = 9B11FE2324195D938C317784 /* ODataOnboardingStep.swift */; };
		8CAE4720FA725638828CD7F9 /* IntentHandler.swift in Sources */ = {isa = PBXBuildFile; fileRef = 195707342852208F37EFB63E /* IntentHandler.swift */; };
		8DD45CF1754675790681D345 /* ProductCategoryDetailViewController.swift in Sources */ = {isa = PBXBuildFile; fileRef = A9707A8E9ED213AE8D0D9692 /* ProductCategoryDetailViewController.swift */; };
		9589222174D14970A92D1AF3 /* SharedFmwk.framework in Frameworks */ = {isa = PBXBuildFile; fileRef = D97BD33059AF76A670E5E155 /* SharedFmwk.framework */; };
		9EA96A4F72CF1BF15B94AA97 /* CustomerMasterViewController.swift in Sources */ = {isa = PBXBuildFile; fileRef = E16EBFBBA6A298070C7BD947 /* CustomerMasterViewController.swift */; };
		9F92E5CA6380AA3576174763 /* WidgetConfigurationProvider.swift in Sources */ = {isa = PBXBuildFile; fileRef = 781656154CCB33695AB90367 /* WidgetConfigurationProvider.swift */; };
		A02D1BB280C3311B2B2E0CCD /* StockDetailViewController.swift in Sources */ = {isa = PBXBuildFile; fileRef = 67CF84F016911AB50C26F13E /* StockDetailViewController.swift */; };
		A0F031A7AE82679B48D463B8 /* DynamicDestinationSelection.intentdefinition in Sources */ = {isa = PBXBuildFile; fileRef = 7D2D701F33796F7EE897C6FE /* DynamicDestinationSelection.intentdefinition */; };
		A6258DD27CD50BCF947D6028 /* PurchaseOrderItem.storyboard in Resources */ = {isa = PBXBuildFile; fileRef = E51FE3A286A712EFFD45AC0E /* PurchaseOrderItem.storyboard */; };
		B35B773DDB6028BF96C8BCA2 /* SupplierMasterViewController.swift in Sources */ = {isa = PBXBuildFile; fileRef = 35BE74EDAEFC244596A94C7C /* SupplierMasterViewController.swift */; };
		B58C2956C88A6AB9FD6A864F /* ProductTextMasterViewController.swift in Sources */ = {isa = PBXBuildFile; fileRef = 22802C81A8573525E1A5550E /* ProductTextMasterViewController.swift */; };
		BA7835D80539C01939D93AAF /* WidgetConfigurationProviding.swift in Sources */ = {isa = PBXBuildFile; fileRef = B045E845F6263FE45F68D0BB /* WidgetConfigurationProviding.swift */; };
		BB85AC89E1DA8F9470397A43 /* WidgetRowViewModel.swift in Sources */ = {isa = PBXBuildFile; fileRef = 67BB8A232D9137017802F8D5 /* WidgetRowViewModel.swift */; };
		BBAF95A81616D80173C7605A /* SAPFioriFlows.xcframework in Frameworks */ = {isa = PBXBuildFile; fileRef = 014EFC270CC338BDD70BF4E1 /* SAPFioriFlows.xcframework */; };
		BD3000A1CD12B1B62BFE6A01 /* WidgetIntentTimelineProvider.swift in Sources */ = {isa = PBXBuildFile; fileRef = 021BBB16D435955044B6C784 /* WidgetIntentTimelineProvider.swift */; };
		BEEF4525269C4C48004E99A6 /* OverviewTableViewController.swift in Sources */ = {isa = PBXBuildFile; fileRef = BEEF4524269C4C48004E99A6 /* OverviewTableViewController.swift */; };
		BEEF4527269C7A9A004E99A6 /* ProductsTableViewController.swift in Sources */ = {isa = PBXBuildFile; fileRef = BEEF4526269C7A9A004E99A6 /* ProductsTableViewController.swift */; };
		BEEF4529269C7E1F004E99A6 /* CustomersTableViewController.swift in Sources */ = {isa = PBXBuildFile; fileRef = BEEF4528269C7E1F004E99A6 /* CustomersTableViewController.swift */; };
		BEEF452B269C82CD004E99A6 /* SidebarTableViewController.swift in Sources */ = {isa = PBXBuildFile; fileRef = BEEF452A269C82CD004E99A6 /* SidebarTableViewController.swift */; };
		BEEF452D269C8395004E99A6 /* AppDelegate+MenuBuilder.swift in Sources */ = {isa = PBXBuildFile; fileRef = BEEF452C269C8395004E99A6 /* AppDelegate+MenuBuilder.swift */; };
		BEEF452F269C83FA004E99A6 /* Settings.bundle in Resources */ = {isa = PBXBuildFile; fileRef = BEEF452E269C83FA004E99A6 /* Settings.bundle */; };
		C1A4DBF8EF2942D39AE39810 /* ProductDetailViewController.swift in Sources */ = {isa = PBXBuildFile; fileRef = 09101E29223B14FFECEE60E2 /* ProductDetailViewController.swift */; };
		C2624A9F262011C93AE19023 /* SalesOrderItemMasterViewController.swift in Sources */ = {isa = PBXBuildFile; fileRef = 4BB2ACC7C25F310F5586C8FE /* SalesOrderItemMasterViewController.swift */; };
		C575E2928C647BBF66F0AF27 /* ESPMContainerCollectionsViewController.swift in Sources */ = {isa = PBXBuildFile; fileRef = 30200FC60F4F2056779159C5 /* ESPMContainerCollectionsViewController.swift */; };
		CBCA7A991E3778A9001AF49E /* Main.storyboard in Resources */ = {isa = PBXBuildFile; fileRef = CBCA7A9B1E3778A9001AF49E /* Main.storyboard */; };
		CFD276BECAB9640A9EAD4AB1 /* ProductMasterViewController.swift in Sources */ = {isa = PBXBuildFile; fileRef = EE2C4481EF6AF8A4A20EE249 /* ProductMasterViewController.swift */; };
		D06BD5900C04724B3F9FA1DC /* DynamicDestinationSelection.intentdefinition in Sources */ = {isa = PBXBuildFile; fileRef = 7D2D701F33796F7EE897C6FE /* DynamicDestinationSelection.intentdefinition */; };
		D0C23AF468CB322D4914FBAA /* OnboardingErrorHandler.swift in Sources */ = {isa = PBXBuildFile; fileRef = 0B37F66F204B76543EC25C0A /* OnboardingErrorHandler.swift */; };
		D13DEA6C6173CAFF380E7364 /* WidgetEntry.swift in Sources */ = {isa = PBXBuildFile; fileRef = 7440C0C636535133D3C6CAF6 /* WidgetEntry.swift */; };
		D5CD44BCF72305B9A9BF30AF /* ESPMContainerFmwk.framework in Embed Frameworks */ = {isa = PBXBuildFile; fileRef = 89FA8AE0A84A4993E5420E09 /* ESPMContainerFmwk.framework */; settings = {ATTRIBUTES = (CodeSignOnCopy, ); }; };
		D6E5CD6363A0FD7D7A0C0E46 /* Product.storyboard in Resources */ = {isa = PBXBuildFile; fileRef = 84201B83D79AA7C2A75BEB02 /* Product.storyboard */; };
		D7EEC068B83DD5C5525ABE09 /* AlertHelper.swift in Sources */ = {isa = PBXBuildFile; fileRef = 280D2C12C23D269F5981A5A8 /* AlertHelper.swift */; };
		DA308B51C5509678D4C3E2CE /* SAPFiori.xcframework in Embed Frameworks */ = {isa = PBXBuildFile; fileRef = 23272D983402FFBA75D06EDC /* SAPFiori.xcframework */; settings = {ATTRIBUTES = (CodeSignOnCopy, ); }; };
		DCB1871CBCFD6F58BE7BD4A7 /* SalesOrderItem.storyboard in Resources */ = {isa = PBXBuildFile; fileRef = 22E644C34DD16628A2640B25 /* SalesOrderItem.storyboard */; };
		DE98BDB8EA416116A2C55D8A /* SAPCommon.xcframework in Frameworks */ = {isa = PBXBuildFile; fileRef = 29975CF3AA52E40C2F991CE2 /* SAPCommon.xcframework */; };
		DEFF382E985350E6D3DDAF63 /* Assets.xcassets in Resources */ = {isa = PBXBuildFile; fileRef = 2776A6900F13CFB0D7A907DE /* Assets.xcassets */; };
		DF178787B5256AD45336B963 /* DestinationsViewController.swift in Sources */ = {isa = PBXBuildFile; fileRef = 40C9719903924BDED0576E03 /* DestinationsViewController.swift */; };
		E76956955871343826DD24BF /* TutorialAppWidgetEntryView.swift in Sources */ = {isa = PBXBuildFile; fileRef = CBA701C374533C96A54223C1 /* TutorialAppWidgetEntryView.swift */; };
		E76D964053E27C906AF742A2 /* LoginView.swift in Sources */ = {isa = PBXBuildFile; fileRef = 6B5E5BB0F84E786C162F3B84 /* LoginView.swift */; };
		E99830A7516480CFB82F3980 /* SalesOrderHeaderDetailViewController.swift in Sources */ = {isa = PBXBuildFile; fileRef = CC8B55BE2F216CC87C1B1AEF /* SalesOrderHeaderDetailViewController.swift */; };
		ED749B1BD808BF8530C750DC /* SwiftUI.framework in Frameworks */ = {isa = PBXBuildFile; fileRef = E00D799E534D3BEBF33320EA /* SwiftUI.framework */; };
		F8EEE2F9FD5CDB296F3895A5 /* SalesOrderHeaderMasterViewController.swift in Sources */ = {isa = PBXBuildFile; fileRef = 1113EFF3273984D853CA05AE /* SalesOrderHeaderMasterViewController.swift */; };
		FC3AEC1ACFB236EFBB5705B7 /* WidgetDataLoadingManager.swift in Sources */ = {isa = PBXBuildFile; fileRef = CB3199F8198F1BBE358951B8 /* WidgetDataLoadingManager.swift */; };
/* End PBXBuildFile section */

/* Begin PBXContainerItemProxy section */
		7A5744B821DE553700E58C7F /* PBXContainerItemProxy */ = {
			isa = PBXContainerItemProxy;
			containerPortal = 7A1315AD1D4B982000A5DA56 /* Project object */;
			proxyType = 1;
			remoteGlobalIDString = 7A1315B41D4B982000A5DA56;
			remoteInfo = TutorialApp;
		};
		7D911AF61B73AB643BE7507E /* PBXContainerItemProxy */ = {
			isa = PBXContainerItemProxy;
			containerPortal = 7A1315AD1D4B982000A5DA56 /* Project object */;
			proxyType = 1;
			remoteGlobalIDString = EB4EA28F3090BC50011410AF;
			remoteInfo = TutorialAppWidgetExtension;
		};
		D36751BE9850191024B31DC8 /* PBXContainerItemProxy */ = {
			isa = PBXContainerItemProxy;
			containerPortal = 7A1315AD1D4B982000A5DA56 /* Project object */;
			proxyType = 1;
			remoteGlobalIDString = 866104A039375860830F3835;
			remoteInfo = DynamicDestinationSelection;
		};
/* End PBXContainerItemProxy section */

/* Begin PBXCopyFilesBuildPhase section */
		426B43A907A89A0E5E2EA312 /* Embed App Extensions */ = {
			isa = PBXCopyFilesBuildPhase;
			buildActionMask = 2147483647;
			dstPath = "";
			dstSubfolderSpec = 13;
			files = (
				8894C2D0B778029F1E4E7758 /* TutorialAppWidgetExtension.appex in Embed App Extensions */,
				3C849FBF1DFD953FAE4F9DAA /* DynamicDestinationSelection.appex in Embed App Extensions */,
			);
			name = "Embed App Extensions";
			runOnlyForDeploymentPostprocessing = 0;
		};
		758AC1C31D5A265200311F39 /* Embed Frameworks */ = {
			isa = PBXCopyFilesBuildPhase;
			buildActionMask = 2147483647;
			dstPath = "";
			dstSubfolderSpec = 10;
			files = (
				6EB7A2BEED033505C8F6B3E9 /* SAPFioriFlows.xcframework in Embed Frameworks */,
				D5CD44BCF72305B9A9BF30AF /* ESPMContainerFmwk.framework in Embed Frameworks */,
				2A4628CABB2F324D807C2A92 /* SAPCommon.xcframework in Embed Frameworks */,
				051B7CF4EFED78E524098971 /* SAPOData.xcframework in Embed Frameworks */,
				DA308B51C5509678D4C3E2CE /* SAPFiori.xcframework in Embed Frameworks */,
				1DD1043098A07C99CF011758 /* SAPFoundation.xcframework in Embed Frameworks */,
				1E3003811E4D564EF7E9C22E /* SharedFmwk.framework in Embed Frameworks */,
			);
			name = "Embed Frameworks";
			runOnlyForDeploymentPostprocessing = 0;
		};
/* End PBXCopyFilesBuildPhase section */

/* Begin PBXFileReference section */
		014EFC270CC338BDD70BF4E1 /* SAPFioriFlows.xcframework */ = {isa = PBXFileReference; includeInIndex = 1; lastKnownFileType = wrapper.xcframework; name = SAPFioriFlows.xcframework; path = "../Release-xcframework/SAPFioriFlows.xcframework"; sourceTree = "<group>"; };
		021BBB16D435955044B6C784 /* WidgetIntentTimelineProvider.swift */ = {isa = PBXFileReference; includeInIndex = 1; lastKnownFileType = sourcecode.swift; path = WidgetIntentTimelineProvider.swift; sourceTree = "<group>"; };
		057E17E70129A41156FEED27 /* Base */ = {isa = PBXFileReference; includeInIndex = 1; lastKnownFileType = file.storyboard; name = Base; path = Base.lproj/PurchaseOrderItem.storyboard; sourceTree = "<group>"; };
		0738207C86AA67C6DF20969B /* Base */ = {isa = PBXFileReference; includeInIndex = 1; lastKnownFileType = file.storyboard; name = Base; path = Base.lproj/ProductCategory.storyboard; sourceTree = "<group>"; };
		09101E29223B14FFECEE60E2 /* ProductDetailViewController.swift */ = {isa = PBXFileReference; includeInIndex = 1; lastKnownFileType = sourcecode.swift; name = ProductDetailViewController.swift; path = ViewControllers/ESPMContainer/Product/ProductDetailViewController.swift; sourceTree = "<group>"; };
		0B37F66F204B76543EC25C0A /* OnboardingErrorHandler.swift */ = {isa = PBXFileReference; includeInIndex = 1; lastKnownFileType = sourcecode.swift; name = OnboardingErrorHandler.swift; path = Onboarding/OnboardingErrorHandler.swift; sourceTree = "<group>"; };
		1113EFF3273984D853CA05AE /* SalesOrderHeaderMasterViewController.swift */ = {isa = PBXFileReference; includeInIndex = 1; lastKnownFileType = sourcecode.swift; name = SalesOrderHeaderMasterViewController.swift; path = ViewControllers/ESPMContainer/SalesOrderHeader/SalesOrderHeaderMasterViewController.swift; sourceTree = "<group>"; };
		1277F7601F8E66AC0060AF58 /* SAPLogo@2x.png */ = {isa = PBXFileReference; lastKnownFileType = image.png; path = "SAPLogo@2x.png"; sourceTree = "<group>"; };
		195707342852208F37EFB63E /* IntentHandler.swift */ = {isa = PBXFileReference; includeInIndex = 1; lastKnownFileType = sourcecode.swift; path = IntentHandler.swift; sourceTree = "<group>"; };
		1C260270FA2D99A79006D005 /* DynamicDestinationSelection.appex */ = {isa = PBXFileReference; explicitFileType = "wrapper.app-extension"; includeInIndex = 0; path = DynamicDestinationSelection.appex; sourceTree = BUILT_PRODUCTS_DIR; };
		1E014CD03F780FAA97A08E38 /* Base */ = {isa = PBXFileReference; includeInIndex = 1; lastKnownFileType = file.storyboard; name = Base; path = Base.lproj/Stock.storyboard; sourceTree = "<group>"; };
		1E6562CDD9B5962A49A7DB1E /* Base */ = {isa = PBXFileReference; includeInIndex = 1; lastKnownFileType = file.storyboard; name = Base; path = Base.lproj/Supplier.storyboard; sourceTree = "<group>"; };
		20C3192A04FD9FFD802A1AD9 /* DeepLinkHelper.swift */ = {isa = PBXFileReference; includeInIndex = 1; lastKnownFileType = sourcecode.swift; name = DeepLinkHelper.swift; path = Utils/DeepLinkHelper.swift; sourceTree = "<group>"; };
		20FDFCB885ADC2802309D9E7 /* AuxiliaryCommunicationStep.swift */ = {isa = PBXFileReference; includeInIndex = 1; lastKnownFileType = sourcecode.swift; name = AuxiliaryCommunicationStep.swift; path = Widget/AuxiliaryCommunicationStep.swift; sourceTree = "<group>"; };
		22802C81A8573525E1A5550E /* ProductTextMasterViewController.swift */ = {isa = PBXFileReference; includeInIndex = 1; lastKnownFileType = sourcecode.swift; name = ProductTextMasterViewController.swift; path = ViewControllers/ESPMContainer/ProductText/ProductTextMasterViewController.swift; sourceTree = "<group>"; };
		23272D983402FFBA75D06EDC /* SAPFiori.xcframework */ = {isa = PBXFileReference; includeInIndex = 1; lastKnownFileType = wrapper.xcframework; name = SAPFiori.xcframework; path = "../Release-xcframework/SAPFiori.xcframework"; sourceTree = "<group>"; };
		2547E82EADB935CB00F7B655 /* TutorialAppWidgetExtension.entitlements */ = {isa = PBXFileReference; includeInIndex = 1; lastKnownFileType = text.plist.entitlements; path = TutorialAppWidgetExtension.entitlements; sourceTree = "<group>"; };
		2776A6900F13CFB0D7A907DE /* Assets.xcassets */ = {isa = PBXFileReference; includeInIndex = 1; lastKnownFileType = folder.assetcatalog; path = Assets.xcassets; sourceTree = "<group>"; };
		280D2C12C23D269F5981A5A8 /* AlertHelper.swift */ = {isa = PBXFileReference; includeInIndex = 1; lastKnownFileType = sourcecode.swift; name = AlertHelper.swift; path = Utils/AlertHelper.swift; sourceTree = "<group>"; };
		29975CF3AA52E40C2F991CE2 /* SAPCommon.xcframework */ = {isa = PBXFileReference; includeInIndex = 1; lastKnownFileType = wrapper.xcframework; name = SAPCommon.xcframework; path = "../Release-xcframework/SAPCommon.xcframework"; sourceTree = "<group>"; };
		2C815FE05F0B0C837C914ED9 /* ConfigurationProvider.plist */ = {isa = PBXFileReference; includeInIndex = 1; lastKnownFileType = text.plist.xml; name = ConfigurationProvider.plist; path = Onboarding/ConfigurationProvider.plist; sourceTree = "<group>"; };
		30200FC60F4F2056779159C5 /* ESPMContainerCollectionsViewController.swift */ = {isa = PBXFileReference; includeInIndex = 1; lastKnownFileType = sourcecode.swift; name = ESPMContainerCollectionsViewController.swift; path = ViewControllers/ESPMContainer/ESPMContainerCollectionsViewController.swift; sourceTree = "<group>"; };
		35BE74EDAEFC244596A94C7C /* SupplierMasterViewController.swift */ = {isa = PBXFileReference; includeInIndex = 1; lastKnownFileType = sourcecode.swift; name = SupplierMasterViewController.swift; path = ViewControllers/ESPMContainer/Supplier/SupplierMasterViewController.swift; sourceTree = "<group>"; };
		384BA74A6BDCEEED3D7564E2 /* DynamicDestinationSelectionIntentExtension.swift */ = {isa = PBXFileReference; includeInIndex = 1; lastKnownFileType = sourcecode.swift; path = DynamicDestinationSelectionIntentExtension.swift; sourceTree = "<group>"; };
		38D2D5DCBC2B1B0208ADB119 /* PurchaseOrderItemMasterViewController.swift */ = {isa = PBXFileReference; includeInIndex = 1; lastKnownFileType = sourcecode.swift; name = PurchaseOrderItemMasterViewController.swift; path = ViewControllers/ESPMContainer/PurchaseOrderItem/PurchaseOrderItemMasterViewController.swift; sourceTree = "<group>"; };
		3C1492F6674433ADA45E78DF /* Base */ = {isa = PBXFileReference; includeInIndex = 1; lastKnownFileType = file.storyboard; name = Base; path = Base.lproj/Product.storyboard; sourceTree = "<group>"; };
		3CB23577937C7F1CB22618B4 /* Base */ = {isa = PBXFileReference; includeInIndex = 1; lastKnownFileType = file.storyboard; name = Base; path = Base.lproj/PurchaseOrderHeader.storyboard; sourceTree = "<group>"; };
		401BFC7983AFF2951B1F807F /* WidgetKit.framework */ = {isa = PBXFileReference; includeInIndex = 1; lastKnownFileType = wrapper.framework; name = WidgetKit.framework; path = System/Library/Frameworks/WidgetKit.framework; sourceTree = SDKROOT; };
		40696831517764A282EF1529 /* TutorialAppWidgetExtension.appex */ = {isa = PBXFileReference; explicitFileType = "wrapper.app-extension"; includeInIndex = 0; path = TutorialAppWidgetExtension.appex; sourceTree = BUILT_PRODUCTS_DIR; };
		40C9719903924BDED0576E03 /* DestinationsViewController.swift */ = {isa = PBXFileReference; includeInIndex = 1; lastKnownFileType = sourcecode.swift; name = DestinationsViewController.swift; path = ViewControllers/DestinationsViewController.swift; sourceTree = "<group>"; };
		4543D51A035B46733535FEEF /* Info.plist */ = {isa = PBXFileReference; includeInIndex = 1; lastKnownFileType = text.plist.xml; path = Info.plist; sourceTree = "<group>"; };
		46645EAE3BA7B7AA2B8EB485 /* Base */ = {isa = PBXFileReference; includeInIndex = 1; lastKnownFileType = file.storyboard; name = Base; path = Base.lproj/ProductText.storyboard; sourceTree = "<group>"; };
		4BB2ACC7C25F310F5586C8FE /* SalesOrderItemMasterViewController.swift */ = {isa = PBXFileReference; includeInIndex = 1; lastKnownFileType = sourcecode.swift; name = SalesOrderItemMasterViewController.swift; path = ViewControllers/ESPMContainer/SalesOrderItem/SalesOrderItemMasterViewController.swift; sourceTree = "<group>"; };
		4F45DEB1CB3685388323D0E8 /* ESPMContainerWidgetRowViewModel.swift */ = {isa = PBXFileReference; includeInIndex = 1; lastKnownFileType = sourcecode.swift; name = ESPMContainerWidgetRowViewModel.swift; path = Entities/ESPMContainerWidgetRowViewModel.swift; sourceTree = "<group>"; };
		5050E0E591D3F495543BBB76 /* DynamicDestinationSelectionHandler.swift */ = {isa = PBXFileReference; includeInIndex = 1; lastKnownFileType = sourcecode.swift; path = DynamicDestinationSelectionHandler.swift; sourceTree = "<group>"; };
		51467E0C84F2217E7B225118 /* ProductTextDetailViewController.swift */ = {isa = PBXFileReference; includeInIndex = 1; lastKnownFileType = sourcecode.swift; name = ProductTextDetailViewController.swift; path = ViewControllers/ESPMContainer/ProductText/ProductTextDetailViewController.swift; sourceTree = "<group>"; };
		55A04D2BE411731F34F4700E /* Widget.swift */ = {isa = PBXFileReference; includeInIndex = 1; lastKnownFileType = sourcecode.swift; path = Widget.swift; sourceTree = "<group>"; };
		5E5603A53212E023116C0B34 /* ApplicationUIManager.swift */ = {isa = PBXFileReference; includeInIndex = 1; lastKnownFileType = sourcecode.swift; name = ApplicationUIManager.swift; path = Onboarding/ApplicationUIManager.swift; sourceTree = "<group>"; };
		62D1B6A686E3FAF5E98CE33B /* OnboardingFlowProvider.swift */ = {isa = PBXFileReference; includeInIndex = 1; lastKnownFileType = sourcecode.swift; name = OnboardingFlowProvider.swift; path = Onboarding/OnboardingFlowProvider.swift; sourceTree = "<group>"; };
		66F583B2902615267777D989 /* Base */ = {isa = PBXFileReference; includeInIndex = 1; lastKnownFileType = file.storyboard; name = Base; path = Base.lproj/Customer.storyboard; sourceTree = "<group>"; };
		67BB8A232D9137017802F8D5 /* WidgetRowViewModel.swift */ = {isa = PBXFileReference; includeInIndex = 1; lastKnownFileType = sourcecode.swift; name = WidgetRowViewModel.swift; path = Entities/WidgetRowViewModel.swift; sourceTree = "<group>"; };
		67CF84F016911AB50C26F13E /* StockDetailViewController.swift */ = {isa = PBXFileReference; includeInIndex = 1; lastKnownFileType = sourcecode.swift; name = StockDetailViewController.swift; path = ViewControllers/ESPMContainer/Stock/StockDetailViewController.swift; sourceTree = "<group>"; };
		6A2BC9925376B031DAFDAE7F /* PurchaseOrderHeaderMasterViewController.swift */ = {isa = PBXFileReference; includeInIndex = 1; lastKnownFileType = sourcecode.swift; name = PurchaseOrderHeaderMasterViewController.swift; path = ViewControllers/ESPMContainer/PurchaseOrderHeader/PurchaseOrderHeaderMasterViewController.swift; sourceTree = "<group>"; };
		6B5E5BB0F84E786C162F3B84 /* LoginView.swift */ = {isa = PBXFileReference; includeInIndex = 1; lastKnownFileType = sourcecode.swift; name = LoginView.swift; path = UI/LoginView.swift; sourceTree = "<group>"; };
		7440C0C636535133D3C6CAF6 /* WidgetEntry.swift */ = {isa = PBXFileReference; includeInIndex = 1; lastKnownFileType = sourcecode.swift; path = WidgetEntry.swift; sourceTree = "<group>"; };
		781656154CCB33695AB90367 /* WidgetConfigurationProvider.swift */ = {isa = PBXFileReference; includeInIndex = 1; lastKnownFileType = sourcecode.swift; name = WidgetConfigurationProvider.swift; path = Configuration/WidgetConfigurationProvider.swift; sourceTree = "<group>"; };
		7A1315B51D4B982000A5DA56 /* TutorialApp.app */ = {isa = PBXFileReference; explicitFileType = wrapper.application; includeInIndex = 0; path = TutorialApp.app; sourceTree = BUILT_PRODUCTS_DIR; };
		7A1315B81D4B982000A5DA56 /* AppDelegate.swift */ = {isa = PBXFileReference; lastKnownFileType = sourcecode.swift; path = AppDelegate.swift; sourceTree = "<group>"; };
		7A1315C11D4B982000A5DA56 /* Assets.xcassets */ = {isa = PBXFileReference; lastKnownFileType = folder.assetcatalog; path = Assets.xcassets; sourceTree = "<group>"; };
		7A1315C41D4B982000A5DA56 /* Base */ = {isa = PBXFileReference; lastKnownFileType = file.storyboard; name = Base; path = Base.lproj/LaunchScreen.storyboard; sourceTree = "<group>"; };
		7A1315C61D4B982000A5DA56 /* Info.plist */ = {isa = PBXFileReference; lastKnownFileType = text.plist.xml; path = Info.plist; sourceTree = "<group>"; };
		7A16F06C1FD1B3C700D2FABD /* README.md */ = {isa = PBXFileReference; fileEncoding = 4; lastKnownFileType = net.daringfireball.markdown; path = README.md; sourceTree = "<group>"; };
		7A5744B321DE553600E58C7F /* UITests.xctest */ = {isa = PBXFileReference; explicitFileType = wrapper.cfbundle; includeInIndex = 0; path = UITests.xctest; sourceTree = BUILT_PRODUCTS_DIR; };
		7A5744B521DE553600E58C7F /* UITests.swift */ = {isa = PBXFileReference; lastKnownFileType = sourcecode.swift; path = UITests.swift; sourceTree = "<group>"; };
		7A5744B721DE553700E58C7F /* Info.plist */ = {isa = PBXFileReference; lastKnownFileType = text.plist.xml; path = Info.plist; sourceTree = "<group>"; };
		7D2D701F33796F7EE897C6FE /* DynamicDestinationSelection.intentdefinition */ = {isa = PBXFileReference; includeInIndex = 1; lastKnownFileType = file.intentdefinition; path = DynamicDestinationSelection.intentdefinition; sourceTree = "<group>"; };
		7E0ED3EF4EF8C049004F57E1 /* PurchaseOrderHeaderDetailViewController.swift */ = {isa = PBXFileReference; includeInIndex = 1; lastKnownFileType = sourcecode.swift; name = PurchaseOrderHeaderDetailViewController.swift; path = ViewControllers/ESPMContainer/PurchaseOrderHeader/PurchaseOrderHeaderDetailViewController.swift; sourceTree = "<group>"; };
		893A571320159EBB566D90AF /* PurchaseOrderItemDetailViewController.swift */ = {isa = PBXFileReference; includeInIndex = 1; lastKnownFileType = sourcecode.swift; name = PurchaseOrderItemDetailViewController.swift; path = ViewControllers/ESPMContainer/PurchaseOrderItem/PurchaseOrderItemDetailViewController.swift; sourceTree = "<group>"; };
		89FA8AE0A84A4993E5420E09 /* ESPMContainerFmwk.framework */ = {isa = PBXFileReference; explicitFileType = wrapper.framework; includeInIndex = 1; path = ESPMContainerFmwk.framework; sourceTree = BUILT_PRODUCTS_DIR; };
		8AF777B1435E18C71FD6A3EB /* Base */ = {isa = PBXFileReference; includeInIndex = 1; lastKnownFileType = file.storyboard; name = Base; path = Base.lproj/SalesOrderHeader.storyboard; sourceTree = "<group>"; };
		8DBB2D5CDB8809DA7C598684 /* ProductCategoryMasterViewController.swift */ = {isa = PBXFileReference; includeInIndex = 1; lastKnownFileType = sourcecode.swift; name = ProductCategoryMasterViewController.swift; path = ViewControllers/ESPMContainer/ProductCategory/ProductCategoryMasterViewController.swift; sourceTree = "<group>"; };
		8E0E75713473497C5F4FB2C5 /* Base */ = {isa = PBXFileReference; includeInIndex = 1; lastKnownFileType = file.storyboard; name = Base; path = Base.lproj/SalesOrderItem.storyboard; sourceTree = "<group>"; };
		9137606C255ABF5C0059ABE7 /* TutorialApp.entitlements */ = {isa = PBXFileReference; fileEncoding = 4; lastKnownFileType = text.plist.entitlements; path = TutorialApp.entitlements; sourceTree = "<group>"; };
		92A87ADE456AD6AD31F2394C /* Base */ = {isa = PBXFileReference; includeInIndex = 1; lastKnownFileType = file.storyboard; name = Base; path = Base.lproj/ESPMContainer.storyboard; sourceTree = "<group>"; };
		947DE3D832C0230976E90396 /* WidgetEntryView.swift */ = {isa = PBXFileReference; includeInIndex = 1; lastKnownFileType = sourcecode.swift; name = WidgetEntryView.swift; path = UI/WidgetEntryView.swift; sourceTree = "<group>"; };
		9B11FE2324195D938C317784 /* ODataOnboardingStep.swift */ = {isa = PBXFileReference; includeInIndex = 1; lastKnownFileType = sourcecode.swift; name = ODataOnboardingStep.swift; path = OData/ODataOnboardingStep.swift; sourceTree = "<group>"; };
		9B2A8543990076D196E77389 /* SharedFmwk.framework */ = {isa = PBXFileReference; explicitFileType = wrapper.framework; includeInIndex = 1; path = SharedFmwk.framework; sourceTree = BUILT_PRODUCTS_DIR; };
		A9707A8E9ED213AE8D0D9692 /* ProductCategoryDetailViewController.swift */ = {isa = PBXFileReference; includeInIndex = 1; lastKnownFileType = sourcecode.swift; name = ProductCategoryDetailViewController.swift; path = ViewControllers/ESPMContainer/ProductCategory/ProductCategoryDetailViewController.swift; sourceTree = "<group>"; };
		ACBC4527FF323BA0E527C438 /* SupplierDetailViewController.swift */ = {isa = PBXFileReference; includeInIndex = 1; lastKnownFileType = sourcecode.swift; name = SupplierDetailViewController.swift; path = ViewControllers/ESPMContainer/Supplier/SupplierDetailViewController.swift; sourceTree = "<group>"; };
		B045E845F6263FE45F68D0BB /* WidgetConfigurationProviding.swift */ = {isa = PBXFileReference; includeInIndex = 1; lastKnownFileType = sourcecode.swift; name = WidgetConfigurationProviding.swift; path = Configuration/WidgetConfigurationProviding.swift; sourceTree = "<group>"; };
		B0B87D6009A60E3FACFA738D /* StockMasterViewController.swift */ = {isa = PBXFileReference; includeInIndex = 1; lastKnownFileType = sourcecode.swift; name = StockMasterViewController.swift; path = ViewControllers/ESPMContainer/Stock/StockMasterViewController.swift; sourceTree = "<group>"; };
		B33CB2404E9CE4DA1F3DD431 /* CustomerDetailViewController.swift */ = {isa = PBXFileReference; includeInIndex = 1; lastKnownFileType = sourcecode.swift; name = CustomerDetailViewController.swift; path = ViewControllers/ESPMContainer/Customer/CustomerDetailViewController.swift; sourceTree = "<group>"; };
		B3FF59804A1DF1E1FEE24AE8 /* WidgetDataLoading.swift */ = {isa = PBXFileReference; includeInIndex = 1; lastKnownFileType = sourcecode.swift; name = WidgetDataLoading.swift; path = Widget/DataLoaders/WidgetDataLoading.swift; sourceTree = "<group>"; };
		B4CAA68F4F9DD3F99C6C7CE9 /* DynamicDestinationSelection.entitlements */ = {isa = PBXFileReference; includeInIndex = 1; lastKnownFileType = text.plist.entitlements; path = DynamicDestinationSelection.entitlements; sourceTree = "<group>"; };
		B5BFF4B48736E8C05DF885E9 /* SalesOrderItemDetailViewController.swift */ = {isa = PBXFileReference; includeInIndex = 1; lastKnownFileType = sourcecode.swift; name = SalesOrderItemDetailViewController.swift; path = ViewControllers/ESPMContainer/SalesOrderItem/SalesOrderItemDetailViewController.swift; sourceTree = "<group>"; };
		BD5403BD50644BF6467EF5E6 /* ESPMContainerFmwk.framework */ = {isa = PBXFileReference; explicitFileType = wrapper.framework; includeInIndex = 1; path = ESPMContainerFmwk.framework; sourceTree = BUILT_PRODUCTS_DIR; };
		BEEF4524269C4C48004E99A6 /* OverviewTableViewController.swift */ = {isa = PBXFileReference; lastKnownFileType = sourcecode.swift; path = OverviewTableViewController.swift; sourceTree = "<group>"; };
		BEEF4526269C7A9A004E99A6 /* ProductsTableViewController.swift */ = {isa = PBXFileReference; lastKnownFileType = sourcecode.swift; path = ProductsTableViewController.swift; sourceTree = "<group>"; };
		BEEF4528269C7E1F004E99A6 /* CustomersTableViewController.swift */ = {isa = PBXFileReference; lastKnownFileType = sourcecode.swift; path = CustomersTableViewController.swift; sourceTree = "<group>"; };
		BEEF452A269C82CD004E99A6 /* SidebarTableViewController.swift */ = {isa = PBXFileReference; lastKnownFileType = sourcecode.swift; path = SidebarTableViewController.swift; sourceTree = "<group>"; };
		BEEF452C269C8395004E99A6 /* AppDelegate+MenuBuilder.swift */ = {isa = PBXFileReference; lastKnownFileType = sourcecode.swift; path = "AppDelegate+MenuBuilder.swift"; sourceTree = "<group>"; };
		BEEF452E269C83FA004E99A6 /* Settings.bundle */ = {isa = PBXFileReference; lastKnownFileType = "wrapper.plug-in"; path = Settings.bundle; sourceTree = "<group>"; };
		BF2309759ECD146C1FA2BF46 /* SAPFoundation.xcframework */ = {isa = PBXFileReference; includeInIndex = 1; lastKnownFileType = wrapper.xcframework; name = SAPFoundation.xcframework; path = "../Release-xcframework/SAPFoundation.xcframework"; sourceTree = "<group>"; };
		C2AC6E9602747A05709DCCC0 /* WidgetRowView.swift */ = {isa = PBXFileReference; includeInIndex = 1; lastKnownFileType = sourcecode.swift; name = WidgetRowView.swift; path = UI/WidgetRowView.swift; sourceTree = "<group>"; };
		C4F6C4381ED3418BAB6D147D /* Info.plist */ = {isa = PBXFileReference; includeInIndex = 1; lastKnownFileType = text.plist.xml; path = Info.plist; sourceTree = "<group>"; };
		C7003071C41ABA7C25DE662B /* AppParameters.plist */ = {isa = PBXFileReference; includeInIndex = 1; lastKnownFileType = text.plist.xml; name = AppParameters.plist; path = Onboarding/AppParameters.plist; sourceTree = "<group>"; };
		CB3199F8198F1BBE358951B8 /* WidgetDataLoadingManager.swift */ = {isa = PBXFileReference; includeInIndex = 1; lastKnownFileType = sourcecode.swift; name = WidgetDataLoadingManager.swift; path = Widget/DataLoaders/WidgetDataLoadingManager.swift; sourceTree = "<group>"; };
		CB909D801E38CA8800218154 /* Base */ = {isa = PBXFileReference; lastKnownFileType = file.storyboard; name = Base; path = Base.lproj/Main.storyboard; sourceTree = "<group>"; };
		CBA701C374533C96A54223C1 /* TutorialAppWidgetEntryView.swift */ = {isa = PBXFileReference; includeInIndex = 1; lastKnownFileType = sourcecode.swift; name = TutorialAppWidgetEntryView.swift; path = UI/TutorialAppWidgetEntryView.swift; sourceTree = "<group>"; };
		CC8B55BE2F216CC87C1B1AEF /* SalesOrderHeaderDetailViewController.swift */ = {isa = PBXFileReference; includeInIndex = 1; lastKnownFileType = sourcecode.swift; name = SalesOrderHeaderDetailViewController.swift; path = ViewControllers/ESPMContainer/SalesOrderHeader/SalesOrderHeaderDetailViewController.swift; sourceTree = "<group>"; };
		D16D35D585A0003DC6E62BA5 /* LocalizedStrings.swift */ = {isa = PBXFileReference; includeInIndex = 1; lastKnownFileType = sourcecode.swift; path = LocalizedStrings.swift; sourceTree = "<group>"; };
		D326956CC5B5F8465E201F33 /* SAPOData.xcframework */ = {isa = PBXFileReference; includeInIndex = 1; lastKnownFileType = wrapper.xcframework; name = SAPOData.xcframework; path = "../Release-xcframework/SAPOData.xcframework"; sourceTree = "<group>"; };
		D97BD33059AF76A670E5E155 /* SharedFmwk.framework */ = {isa = PBXFileReference; explicitFileType = wrapper.framework; includeInIndex = 1; path = SharedFmwk.framework; sourceTree = BUILT_PRODUCTS_DIR; };
		E00D799E534D3BEBF33320EA /* SwiftUI.framework */ = {isa = PBXFileReference; includeInIndex = 1; lastKnownFileType = wrapper.framework; name = SwiftUI.framework; path = System/Library/Frameworks/SwiftUI.framework; sourceTree = SDKROOT; };
		E080F9EB322B2BF3C5546E48 /* CellCreationHelper.swift */ = {isa = PBXFileReference; includeInIndex = 1; lastKnownFileType = sourcecode.swift; name = CellCreationHelper.swift; path = Utils/CellCreationHelper.swift; sourceTree = "<group>"; };
		E16EBFBBA6A298070C7BD947 /* CustomerMasterViewController.swift */ = {isa = PBXFileReference; includeInIndex = 1; lastKnownFileType = sourcecode.swift; name = CustomerMasterViewController.swift; path = ViewControllers/ESPMContainer/Customer/CustomerMasterViewController.swift; sourceTree = "<group>"; };
		E59032E852D90B607BAB9378 /* ESPMContainerWidgetDataLoader.swift */ = {isa = PBXFileReference; includeInIndex = 1; lastKnownFileType = sourcecode.swift; name = ESPMContainerWidgetDataLoader.swift; path = Widget/DataLoaders/ESPMContainerWidgetDataLoader.swift; sourceTree = "<group>"; };
		E6AE9BEF0E423E58CDDAD1E5 /* SAPFioriLoadingIndicator.swift */ = {isa = PBXFileReference; includeInIndex = 1; lastKnownFileType = sourcecode.swift; name = SAPFioriLoadingIndicator.swift; path = Utils/SAPFioriLoadingIndicator.swift; sourceTree = "<group>"; };
		EE2C4481EF6AF8A4A20EE249 /* ProductMasterViewController.swift */ = {isa = PBXFileReference; includeInIndex = 1; lastKnownFileType = sourcecode.swift; name = ProductMasterViewController.swift; path = ViewControllers/ESPMContainer/Product/ProductMasterViewController.swift; sourceTree = "<group>"; };
		FC6DD8BDD03B92CB8BF85240 /* SharedFmwk.framework */ = {isa = PBXFileReference; explicitFileType = wrapper.framework; includeInIndex = 1; path = SharedFmwk.framework; sourceTree = BUILT_PRODUCTS_DIR; };
/* End PBXFileReference section */

/* Begin PBXFrameworksBuildPhase section */
		5CABA519498DC781A34BDD1D /* Frameworks */ = {
			isa = PBXFrameworksBuildPhase;
			buildActionMask = 2147483647;
			files = (
				80C4E3ABCC925E0D3198E4D6 /* WidgetKit.framework in Frameworks */,
				ED749B1BD808BF8530C750DC /* SwiftUI.framework in Frameworks */,
				549D4E5581398EAA6F8D09DE /* ESPMContainerFmwk.framework in Frameworks */,
				9589222174D14970A92D1AF3 /* SharedFmwk.framework in Frameworks */,
			);
			runOnlyForDeploymentPostprocessing = 0;
		};
		7A1315B21D4B982000A5DA56 /* Frameworks */ = {
			isa = PBXFrameworksBuildPhase;
			buildActionMask = 2147483647;
			files = (
				BBAF95A81616D80173C7605A /* SAPFioriFlows.xcframework in Frameworks */,
				1B30642924004FED2060F2B1 /* ESPMContainerFmwk.framework in Frameworks */,
				DE98BDB8EA416116A2C55D8A /* SAPCommon.xcframework in Frameworks */,
				45AA5C0CAC8B0876B8CC3B11 /* SAPOData.xcframework in Frameworks */,
				5314588A5B9EB320B55B0B67 /* SAPFiori.xcframework in Frameworks */,
				68C94C3195C6DB1D4E3FF674 /* SAPFoundation.xcframework in Frameworks */,
				45126587348C5D96169B10E5 /* SharedFmwk.framework in Frameworks */,
			);
			runOnlyForDeploymentPostprocessing = 0;
		};
		7A5744B021DE553600E58C7F /* Frameworks */ = {
			isa = PBXFrameworksBuildPhase;
			buildActionMask = 2147483647;
			files = (
			);
			runOnlyForDeploymentPostprocessing = 0;
		};
		ABCE7D52D897359AB96B4870 /* Frameworks */ = {
			isa = PBXFrameworksBuildPhase;
			buildActionMask = 2147483647;
			files = (
				8364EDC2D698039775514D84 /* SharedFmwk.framework in Frameworks */,
			);
			runOnlyForDeploymentPostprocessing = 0;
		};
/* End PBXFrameworksBuildPhase section */

/* Begin PBXGroup section */
		09068DC1BEE3061FD91A1CB9 /* Customer */ = {
			isa = PBXGroup;
			children = (
				E16EBFBBA6A298070C7BD947 /* CustomerMasterViewController.swift */,
				B33CB2404E9CE4DA1F3DD431 /* CustomerDetailViewController.swift */,
				1A238219F0AA7AFDA85D720B /* Customer.storyboard */,
			);
			name = Customer;
			sourceTree = "<group>";
		};
		1A5FEACDEA3E59AC997B2C07 /* DataLoaders */ = {
			isa = PBXGroup;
			children = (
				CB3199F8198F1BBE358951B8 /* WidgetDataLoadingManager.swift */,
				B3FF59804A1DF1E1FEE24AE8 /* WidgetDataLoading.swift */,
				E59032E852D90B607BAB9378 /* ESPMContainerWidgetDataLoader.swift */,
			);
			name = DataLoaders;
			sourceTree = "<group>";
		};
		2C2DD76B15C7A215A2823AFE /* TutorialAppWidget */ = {
			isa = PBXGroup;
			children = (
				57C25FBAB21216EE8CDDCE12 /* UI */,
				D50C66AB129FB92F826883CE /* Entities */,
				48AFB296CBD50B656556C7CA /* Configuration */,
				021BBB16D435955044B6C784 /* WidgetIntentTimelineProvider.swift */,
				7440C0C636535133D3C6CAF6 /* WidgetEntry.swift */,
				55A04D2BE411731F34F4700E /* Widget.swift */,
				384BA74A6BDCEEED3D7564E2 /* DynamicDestinationSelectionIntentExtension.swift */,
				2547E82EADB935CB00F7B655 /* TutorialAppWidgetExtension.entitlements */,
				C4F6C4381ED3418BAB6D147D /* Info.plist */,
				7D2D701F33796F7EE897C6FE /* DynamicDestinationSelection.intentdefinition */,
				2776A6900F13CFB0D7A907DE /* Assets.xcassets */,
			);
			path = TutorialAppWidget;
			sourceTree = "<group>";
		};
		2E59684986A103A7F7E0B3B2 /* DynamicDestinationSelection */ = {
			isa = PBXGroup;
			children = (
				195707342852208F37EFB63E /* IntentHandler.swift */,
				5050E0E591D3F495543BBB76 /* DynamicDestinationSelectionHandler.swift */,
				B4CAA68F4F9DD3F99C6C7CE9 /* DynamicDestinationSelection.entitlements */,
				4543D51A035B46733535FEEF /* Info.plist */,
			);
			path = DynamicDestinationSelection;
			sourceTree = "<group>";
		};
		3C74961E061F07D7354C22B9 /* Product */ = {
			isa = PBXGroup;
			children = (
				EE2C4481EF6AF8A4A20EE249 /* ProductMasterViewController.swift */,
				09101E29223B14FFECEE60E2 /* ProductDetailViewController.swift */,
				84201B83D79AA7C2A75BEB02 /* Product.storyboard */,
			);
			name = Product;
			sourceTree = "<group>";
		};
		465AEF54C24D2E03A0556CB2 /* Widget */ = {
			isa = PBXGroup;
			children = (
				1A5FEACDEA3E59AC997B2C07 /* DataLoaders */,
				20FDFCB885ADC2802309D9E7 /* AuxiliaryCommunicationStep.swift */,
			);
			name = Widget;
			sourceTree = "<group>";
		};
		48AFB296CBD50B656556C7CA /* Configuration */ = {
			isa = PBXGroup;
			children = (
				B045E845F6263FE45F68D0BB /* WidgetConfigurationProviding.swift */,
				781656154CCB33695AB90367 /* WidgetConfigurationProvider.swift */,
			);
			name = Configuration;
			sourceTree = "<group>";
		};
		51B37C240CE20CE64DA5082B /* ViewControllers */ = {
			isa = PBXGroup;
			children = (
				E1971419FFB539B3BA6BFF46 /* ESPMContainer */,
				40C9719903924BDED0576E03 /* DestinationsViewController.swift */,
			);
			name = ViewControllers;
			sourceTree = "<group>";
		};
		57C25FBAB21216EE8CDDCE12 /* UI */ = {
			isa = PBXGroup;
			children = (
				C2AC6E9602747A05709DCCC0 /* WidgetRowView.swift */,
				947DE3D832C0230976E90396 /* WidgetEntryView.swift */,
				CBA701C374533C96A54223C1 /* TutorialAppWidgetEntryView.swift */,
				6B5E5BB0F84E786C162F3B84 /* LoginView.swift */,
			);
			name = UI;
			sourceTree = "<group>";
		};
		702E4C6320EF377CE6D85649 /* ProductCategory */ = {
			isa = PBXGroup;
			children = (
				8DBB2D5CDB8809DA7C598684 /* ProductCategoryMasterViewController.swift */,
				A9707A8E9ED213AE8D0D9692 /* ProductCategoryDetailViewController.swift */,
				04A712AB57E9957DD92FFA6C /* ProductCategory.storyboard */,
			);
			name = ProductCategory;
			sourceTree = "<group>";
		};
		7A1315AC1D4B982000A5DA56 = {
			isa = PBXGroup;
			children = (
				7A16F06C1FD1B3C700D2FABD /* README.md */,
				7A1315B71D4B982000A5DA56 /* TutorialApp */,
				7A5744B421DE553600E58C7F /* UITests */,
				7A1315B61D4B982000A5DA56 /* Products */,
				7A1315CC1D4B990B00A5DA56 /* Frameworks */,
				2C2DD76B15C7A215A2823AFE /* TutorialAppWidget */,
				2E59684986A103A7F7E0B3B2 /* DynamicDestinationSelection */,
			);
			sourceTree = "<group>";
		};
		7A1315B61D4B982000A5DA56 /* Products */ = {
			isa = PBXGroup;
			children = (
				7A1315B51D4B982000A5DA56 /* TutorialApp.app */,
				7A5744B321DE553600E58C7F /* UITests.xctest */,
				40696831517764A282EF1529 /* TutorialAppWidgetExtension.appex */,
				1C260270FA2D99A79006D005 /* DynamicDestinationSelection.appex */,
			);
			name = Products;
			sourceTree = "<group>";
		};
		7A1315B71D4B982000A5DA56 /* TutorialApp */ = {
			isa = PBXGroup;
			children = (
				9137606C255ABF5C0059ABE7 /* TutorialApp.entitlements */,
				7A1315B81D4B982000A5DA56 /* AppDelegate.swift */,
				CBCA7A9B1E3778A9001AF49E /* Main.storyboard */,
				7A1315C11D4B982000A5DA56 /* Assets.xcassets */,
				7A1315C31D4B982000A5DA56 /* LaunchScreen.storyboard */,
				1277F7601F8E66AC0060AF58 /* SAPLogo@2x.png */,
				7A1315C61D4B982000A5DA56 /* Info.plist */,
				51B37C240CE20CE64DA5082B /* ViewControllers */,
				E5B8A14BC79F3F85D0F3D180 /* Utils */,
				DB02CDC4469BC911766495B5 /* OData */,
				F4FC21EE0C57D6320547265F /* Onboarding */,
				D16D35D585A0003DC6E62BA5 /* LocalizedStrings.swift */,
				465AEF54C24D2E03A0556CB2 /* Widget */,
				BEEF4524269C4C48004E99A6 /* OverviewTableViewController.swift */,
				BEEF4526269C7A9A004E99A6 /* ProductsTableViewController.swift */,
				BEEF4528269C7E1F004E99A6 /* CustomersTableViewController.swift */,
				BEEF452A269C82CD004E99A6 /* SidebarTableViewController.swift */,
				BEEF452C269C8395004E99A6 /* AppDelegate+MenuBuilder.swift */,
				BEEF452E269C83FA004E99A6 /* Settings.bundle */,
			);
			path = TutorialApp;
			sourceTree = "<group>";
		};
		7A1315CC1D4B990B00A5DA56 /* Frameworks */ = {
			isa = PBXGroup;
			children = (
				401BFC7983AFF2951B1F807F /* WidgetKit.framework */,
				E00D799E534D3BEBF33320EA /* SwiftUI.framework */,
				014EFC270CC338BDD70BF4E1 /* SAPFioriFlows.xcframework */,
				89FA8AE0A84A4993E5420E09 /* ESPMContainerFmwk.framework */,
				29975CF3AA52E40C2F991CE2 /* SAPCommon.xcframework */,
				D326956CC5B5F8465E201F33 /* SAPOData.xcframework */,
				23272D983402FFBA75D06EDC /* SAPFiori.xcframework */,
				BF2309759ECD146C1FA2BF46 /* SAPFoundation.xcframework */,
				FC6DD8BDD03B92CB8BF85240 /* SharedFmwk.framework */,
				BD5403BD50644BF6467EF5E6 /* ESPMContainerFmwk.framework */,
				D97BD33059AF76A670E5E155 /* SharedFmwk.framework */,
				9B2A8543990076D196E77389 /* SharedFmwk.framework */,
			);
			name = Frameworks;
			sourceTree = "<group>";
		};
		7A5744B421DE553600E58C7F /* UITests */ = {
			isa = PBXGroup;
			children = (
				7A5744B521DE553600E58C7F /* UITests.swift */,
				7A5744B721DE553700E58C7F /* Info.plist */,
			);
			path = UITests;
			sourceTree = "<group>";
		};
		839F16BAB8AEA13981FC9CD4 /* SalesOrderItem */ = {
			isa = PBXGroup;
			children = (
				4BB2ACC7C25F310F5586C8FE /* SalesOrderItemMasterViewController.swift */,
				B5BFF4B48736E8C05DF885E9 /* SalesOrderItemDetailViewController.swift */,
				22E644C34DD16628A2640B25 /* SalesOrderItem.storyboard */,
			);
			name = SalesOrderItem;
			sourceTree = "<group>";
		};
		981594CFADCA2C730BE7E74C /* ProductText */ = {
			isa = PBXGroup;
			children = (
				22802C81A8573525E1A5550E /* ProductTextMasterViewController.swift */,
				51467E0C84F2217E7B225118 /* ProductTextDetailViewController.swift */,
				067128B202318F757FB02407 /* ProductText.storyboard */,
			);
			name = ProductText;
			sourceTree = "<group>";
		};
		ADF992F3088233C7B82BF42B /* Supplier */ = {
			isa = PBXGroup;
			children = (
				35BE74EDAEFC244596A94C7C /* SupplierMasterViewController.swift */,
				ACBC4527FF323BA0E527C438 /* SupplierDetailViewController.swift */,
				D87BE5571BB147AF6DBF36B5 /* Supplier.storyboard */,
			);
			name = Supplier;
			sourceTree = "<group>";
		};
		D15B0880D022D0C0A6B426F1 /* PurchaseOrderHeader */ = {
			isa = PBXGroup;
			children = (
				6A2BC9925376B031DAFDAE7F /* PurchaseOrderHeaderMasterViewController.swift */,
				7E0ED3EF4EF8C049004F57E1 /* PurchaseOrderHeaderDetailViewController.swift */,
				1F9B89CBDA05A89777B2A728 /* PurchaseOrderHeader.storyboard */,
			);
			name = PurchaseOrderHeader;
			sourceTree = "<group>";
		};
		D50C66AB129FB92F826883CE /* Entities */ = {
			isa = PBXGroup;
			children = (
				67BB8A232D9137017802F8D5 /* WidgetRowViewModel.swift */,
				4F45DEB1CB3685388323D0E8 /* ESPMContainerWidgetRowViewModel.swift */,
			);
			name = Entities;
			sourceTree = "<group>";
		};
		DB02CDC4469BC911766495B5 /* OData */ = {
			isa = PBXGroup;
			children = (
				9B11FE2324195D938C317784 /* ODataOnboardingStep.swift */,
			);
			name = OData;
			sourceTree = "<group>";
		};
		E1971419FFB539B3BA6BFF46 /* ESPMContainer */ = {
			isa = PBXGroup;
			children = (
				ADF992F3088233C7B82BF42B /* Supplier */,
				E30B845C4BF01E63E5E09FF2 /* Stock */,
				839F16BAB8AEA13981FC9CD4 /* SalesOrderItem */,
				EDB6A0D40994B09153722439 /* SalesOrderHeader */,
				EF86D2D287FE94DB344CD34F /* PurchaseOrderItem */,
				D15B0880D022D0C0A6B426F1 /* PurchaseOrderHeader */,
				981594CFADCA2C730BE7E74C /* ProductText */,
				702E4C6320EF377CE6D85649 /* ProductCategory */,
				3C74961E061F07D7354C22B9 /* Product */,
				09068DC1BEE3061FD91A1CB9 /* Customer */,
				30200FC60F4F2056779159C5 /* ESPMContainerCollectionsViewController.swift */,
				64EF92C9468544BBA70D88B3 /* ESPMContainer.storyboard */,
			);
			name = ESPMContainer;
			sourceTree = "<group>";
		};
		E30B845C4BF01E63E5E09FF2 /* Stock */ = {
			isa = PBXGroup;
			children = (
				B0B87D6009A60E3FACFA738D /* StockMasterViewController.swift */,
				67CF84F016911AB50C26F13E /* StockDetailViewController.swift */,
				BAA46542CF5DC1D4F58304FB /* Stock.storyboard */,
			);
			name = Stock;
			sourceTree = "<group>";
		};
		E5B8A14BC79F3F85D0F3D180 /* Utils */ = {
			isa = PBXGroup;
			children = (
				E6AE9BEF0E423E58CDDAD1E5 /* SAPFioriLoadingIndicator.swift */,
				E080F9EB322B2BF3C5546E48 /* CellCreationHelper.swift */,
				280D2C12C23D269F5981A5A8 /* AlertHelper.swift */,
				20C3192A04FD9FFD802A1AD9 /* DeepLinkHelper.swift */,
			);
			name = Utils;
			sourceTree = "<group>";
		};
		EDB6A0D40994B09153722439 /* SalesOrderHeader */ = {
			isa = PBXGroup;
			children = (
				1113EFF3273984D853CA05AE /* SalesOrderHeaderMasterViewController.swift */,
				CC8B55BE2F216CC87C1B1AEF /* SalesOrderHeaderDetailViewController.swift */,
				F3542CEAB1963F2591326842 /* SalesOrderHeader.storyboard */,
			);
			name = SalesOrderHeader;
			sourceTree = "<group>";
		};
		EF86D2D287FE94DB344CD34F /* PurchaseOrderItem */ = {
			isa = PBXGroup;
			children = (
				38D2D5DCBC2B1B0208ADB119 /* PurchaseOrderItemMasterViewController.swift */,
				893A571320159EBB566D90AF /* PurchaseOrderItemDetailViewController.swift */,
				E51FE3A286A712EFFD45AC0E /* PurchaseOrderItem.storyboard */,
			);
			name = PurchaseOrderItem;
			sourceTree = "<group>";
		};
		F4FC21EE0C57D6320547265F /* Onboarding */ = {
			isa = PBXGroup;
			children = (
				62D1B6A686E3FAF5E98CE33B /* OnboardingFlowProvider.swift */,
				0B37F66F204B76543EC25C0A /* OnboardingErrorHandler.swift */,
				5E5603A53212E023116C0B34 /* ApplicationUIManager.swift */,
				2C815FE05F0B0C837C914ED9 /* ConfigurationProvider.plist */,
				C7003071C41ABA7C25DE662B /* AppParameters.plist */,
			);
			name = Onboarding;
			sourceTree = "<group>";
		};
/* End PBXGroup section */

/* Begin PBXNativeTarget section */
		7A1315B41D4B982000A5DA56 /* TutorialApp */ = {
			isa = PBXNativeTarget;
			buildConfigurationList = 7A1315C91D4B982000A5DA56 /* Build configuration list for PBXNativeTarget "TutorialApp" */;
			buildPhases = (
				AE0C88F42403A2B5002A9565 /* Codesign Binaries */,
				7A1315B11D4B982000A5DA56 /* Sources */,
				7A1315B21D4B982000A5DA56 /* Frameworks */,
				7A1315B31D4B982000A5DA56 /* Resources */,
				758AC1C31D5A265200311F39 /* Embed Frameworks */,
				426B43A907A89A0E5E2EA312 /* Embed App Extensions */,
			);
			buildRules = (
			);
			dependencies = (
				EE557884784064578BAA537C /* PBXTargetDependency */,
				2DB3D760343F38CED42051B5 /* PBXTargetDependency */,
			);
			name = TutorialApp;
			productName = TutorialApp;
			productReference = 7A1315B51D4B982000A5DA56 /* TutorialApp.app */;
			productType = "com.apple.product-type.application";
		};
		7A5744B221DE553600E58C7F /* UITests */ = {
			isa = PBXNativeTarget;
			buildConfigurationList = 7A5744BC21DE553700E58C7F /* Build configuration list for PBXNativeTarget "UITests" */;
			buildPhases = (
				7A5744AF21DE553600E58C7F /* Sources */,
				7A5744B021DE553600E58C7F /* Frameworks */,
				7A5744B121DE553600E58C7F /* Resources */,
			);
			buildRules = (
			);
			dependencies = (
				7A5744B921DE553700E58C7F /* PBXTargetDependency */,
			);
			name = UITests;
			productName = UITests;
			productReference = 7A5744B321DE553600E58C7F /* UITests.xctest */;
			productType = "com.apple.product-type.bundle.ui-testing";
		};
		866104A039375860830F3835 /* DynamicDestinationSelection */ = {
			isa = PBXNativeTarget;
			buildConfigurationList = DF49F2DF439A8DEB73167DB3 /* Build configuration list for PBXNativeTarget "DynamicDestinationSelection" */;
			buildPhases = (
				5095DFF09FCAB5DC256C387D /* Sources */,
				ABCE7D52D897359AB96B4870 /* Frameworks */,
				AAF1EEF7EA50E5E0BB246318 /* Resources */,
			);
			buildRules = (
			);
			dependencies = (
			);
			name = DynamicDestinationSelection;
			productName = DynamicDestinationSelection;
			productReference = 1C260270FA2D99A79006D005 /* DynamicDestinationSelection.appex */;
			productType = "com.apple.product-type.app-extension";
		};
		EB4EA28F3090BC50011410AF /* TutorialAppWidgetExtension */ = {
			isa = PBXNativeTarget;
			buildConfigurationList = 0BEF9B8C0F5DAFCDF4F519CC /* Build configuration list for PBXNativeTarget "TutorialAppWidgetExtension" */;
			buildPhases = (
				BE248D1DBA5FE5B01892CFE8 /* Sources */,
				5CABA519498DC781A34BDD1D /* Frameworks */,
				7001D910A1F83CB725A7284A /* Resources */,
			);
			buildRules = (
			);
			dependencies = (
			);
			name = TutorialAppWidgetExtension;
			productName = TutorialAppWidgetExtension;
			productReference = 40696831517764A282EF1529 /* TutorialAppWidgetExtension.appex */;
			productType = "com.apple.product-type.app-extension";
		};
/* End PBXNativeTarget section */

/* Begin PBXProject section */
		7A1315AD1D4B982000A5DA56 /* Project object */ = {
			isa = PBXProject;
			attributes = {
				LastSwiftUpdateCheck = 1010;
				LastUpgradeCheck = 1200;
				ORGANIZATIONNAME = SAP;
				TargetAttributes = {
					7A1315B41D4B982000A5DA56 = {
						CreatedOnToolsVersion = 8.0;
						LastSwiftMigration = 1000;
						ProvisioningStyle = Automatic;
					};
					7A5744B221DE553600E58C7F = {
						CreatedOnToolsVersion = 10.1;
						ProvisioningStyle = Automatic;
						TestTargetID = 7A1315B41D4B982000A5DA56;
					};
				};
			};
			buildConfigurationList = 7A1315B01D4B982000A5DA56 /* Build configuration list for PBXProject "TutorialApp" */;
			compatibilityVersion = "Xcode 3.2";
			developmentRegion = en;
			hasScannedForEncodings = 0;
			knownRegions = (
				en,
				Base,
			);
			mainGroup = 7A1315AC1D4B982000A5DA56;
			productRefGroup = 7A1315B61D4B982000A5DA56 /* Products */;
			projectDirPath = "";
			projectRoot = "";
			targets = (
				7A1315B41D4B982000A5DA56 /* TutorialApp */,
				7A5744B221DE553600E58C7F /* UITests */,
				EB4EA28F3090BC50011410AF /* TutorialAppWidgetExtension */,
				866104A039375860830F3835 /* DynamicDestinationSelection */,
			);
		};
/* End PBXProject section */

/* Begin PBXResourcesBuildPhase section */
		7001D910A1F83CB725A7284A /* Resources */ = {
			isa = PBXResourcesBuildPhase;
			buildActionMask = 2147483647;
			files = (
				DEFF382E985350E6D3DDAF63 /* Assets.xcassets in Resources */,
			);
			runOnlyForDeploymentPostprocessing = 0;
		};
		7A1315B31D4B982000A5DA56 /* Resources */ = {
			isa = PBXResourcesBuildPhase;
			buildActionMask = 2147483647;
			files = (
				7A16F06D1FD1B3C700D2FABD /* README.md in Resources */,
				BEEF452F269C83FA004E99A6 /* Settings.bundle in Resources */,
				7A1315C51D4B982000A5DA56 /* LaunchScreen.storyboard in Resources */,
				7A1315C21D4B982000A5DA56 /* Assets.xcassets in Resources */,
				CBCA7A991E3778A9001AF49E /* Main.storyboard in Resources */,
				1277F7611F8E66AF0060AF58 /* SAPLogo@2x.png in Resources */,
				4DBB7E5EF5B201A1A71DE2D6 /* Supplier.storyboard in Resources */,
				514DFB82C4BA3C095BD75D43 /* Stock.storyboard in Resources */,
				DCB1871CBCFD6F58BE7BD4A7 /* SalesOrderItem.storyboard in Resources */,
				0D32AEAAACBD8DB6B51177EE /* SalesOrderHeader.storyboard in Resources */,
				A6258DD27CD50BCF947D6028 /* PurchaseOrderItem.storyboard in Resources */,
				4CB973EE9737B7AD42950EE4 /* PurchaseOrderHeader.storyboard in Resources */,
				6B5601CD8CCA8393A38E3BE8 /* ProductText.storyboard in Resources */,
				268293C23E17F28E7EA9C230 /* ProductCategory.storyboard in Resources */,
				D6E5CD6363A0FD7D7A0C0E46 /* Product.storyboard in Resources */,
				1FFDCCB84A876FFFA41A14E7 /* Customer.storyboard in Resources */,
				5172CF829C39C86F60577009 /* ESPMContainer.storyboard in Resources */,
				139F1A9612062C9D7A4708C7 /* ConfigurationProvider.plist in Resources */,
				1AFBABF5AB23A9D1A011D68A /* AppParameters.plist in Resources */,
			);
			runOnlyForDeploymentPostprocessing = 0;
		};
		7A5744B121DE553600E58C7F /* Resources */ = {
			isa = PBXResourcesBuildPhase;
			buildActionMask = 2147483647;
			files = (
			);
			runOnlyForDeploymentPostprocessing = 0;
		};
		AAF1EEF7EA50E5E0BB246318 /* Resources */ = {
			isa = PBXResourcesBuildPhase;
			buildActionMask = 2147483647;
			files = (
			);
			runOnlyForDeploymentPostprocessing = 0;
		};
/* End PBXResourcesBuildPhase section */

/* Begin PBXShellScriptBuildPhase section */
		AE0C88F42403A2B5002A9565 /* Codesign Binaries */ = {
			isa = PBXShellScriptBuildPhase;
			buildActionMask = 2147483647;
			files = (
			);
			inputFileListPaths = (
			);
			inputPaths = (
			);
			name = "Codesign Binaries";
			outputFileListPaths = (
			);
			outputPaths = (
			);
			runOnlyForDeploymentPostprocessing = 0;
			shellPath = /bin/sh;
			shellScript = "python ../scripts/codesign.py\n";
		};
/* End PBXShellScriptBuildPhase section */

/* Begin PBXSourcesBuildPhase section */
		5095DFF09FCAB5DC256C387D /* Sources */ = {
			isa = PBXSourcesBuildPhase;
			buildActionMask = 2147483647;
			files = (
				8CAE4720FA725638828CD7F9 /* IntentHandler.swift in Sources */,
				2F8CEC565E64AD2D35749F0F /* DynamicDestinationSelectionHandler.swift in Sources */,
				D06BD5900C04724B3F9FA1DC /* DynamicDestinationSelection.intentdefinition in Sources */,
			);
			runOnlyForDeploymentPostprocessing = 0;
		};
		7A1315B11D4B982000A5DA56 /* Sources */ = {
			isa = PBXSourcesBuildPhase;
			buildActionMask = 2147483647;
			files = (
				7A1315B91D4B982000A5DA56 /* AppDelegate.swift in Sources */,
				B35B773DDB6028BF96C8BCA2 /* SupplierMasterViewController.swift in Sources */,
				BEEF4525269C4C48004E99A6 /* OverviewTableViewController.swift in Sources */,
				5F35FC1A492C9BDF2CBAC10A /* SupplierDetailViewController.swift in Sources */,
				25EF3B992476DC06E3FF70F2 /* StockMasterViewController.swift in Sources */,
				A02D1BB280C3311B2B2E0CCD /* StockDetailViewController.swift in Sources */,
				BEEF4529269C7E1F004E99A6 /* CustomersTableViewController.swift in Sources */,
				C2624A9F262011C93AE19023 /* SalesOrderItemMasterViewController.swift in Sources */,
				63D5A378566704FBC2059D30 /* SalesOrderItemDetailViewController.swift in Sources */,
				F8EEE2F9FD5CDB296F3895A5 /* SalesOrderHeaderMasterViewController.swift in Sources */,
				E99830A7516480CFB82F3980 /* SalesOrderHeaderDetailViewController.swift in Sources */,
				3C2C62DD324DDE154620F54C /* PurchaseOrderItemMasterViewController.swift in Sources */,
				895698F790FF3C63BD945CB7 /* PurchaseOrderItemDetailViewController.swift in Sources */,
				466454CFC5A2F9BDDBDCAA29 /* PurchaseOrderHeaderMasterViewController.swift in Sources */,
				4DCB7DCADB27F8F43B25B565 /* PurchaseOrderHeaderDetailViewController.swift in Sources */,
				B58C2956C88A6AB9FD6A864F /* ProductTextMasterViewController.swift in Sources */,
				BEEF4527269C7A9A004E99A6 /* ProductsTableViewController.swift in Sources */,
				542E1BDF58742A5BAA0903C1 /* ProductTextDetailViewController.swift in Sources */,
				32DA8DE41B7A7BE1AA6F3447 /* ProductCategoryMasterViewController.swift in Sources */,
				BEEF452D269C8395004E99A6 /* AppDelegate+MenuBuilder.swift in Sources */,
				8DD45CF1754675790681D345 /* ProductCategoryDetailViewController.swift in Sources */,
				CFD276BECAB9640A9EAD4AB1 /* ProductMasterViewController.swift in Sources */,
				C1A4DBF8EF2942D39AE39810 /* ProductDetailViewController.swift in Sources */,
				9EA96A4F72CF1BF15B94AA97 /* CustomerMasterViewController.swift in Sources */,
				1107269F088EBB275261505D /* CustomerDetailViewController.swift in Sources */,
				BEEF452B269C82CD004E99A6 /* SidebarTableViewController.swift in Sources */,
				C575E2928C647BBF66F0AF27 /* ESPMContainerCollectionsViewController.swift in Sources */,
				DF178787B5256AD45336B963 /* DestinationsViewController.swift in Sources */,
				0B1A4AF286BF589EA6CFBA63 /* SAPFioriLoadingIndicator.swift in Sources */,
				611C07F6A65A24DC14D60F15 /* CellCreationHelper.swift in Sources */,
				D7EEC068B83DD5C5525ABE09 /* AlertHelper.swift in Sources */,
				8A09F17EE8B2C8DC8588CA1B /* ODataOnboardingStep.swift in Sources */,
				2CCE1FE4BEEFD4A76A9D9D7E /* OnboardingFlowProvider.swift in Sources */,
				D0C23AF468CB322D4914FBAA /* OnboardingErrorHandler.swift in Sources */,
				138D1FA982E97C08A195EA25 /* ApplicationUIManager.swift in Sources */,
				8819F11F7C6B887ABF3AD8D1 /* LocalizedStrings.swift in Sources */,
				FC3AEC1ACFB236EFBB5705B7 /* WidgetDataLoadingManager.swift in Sources */,
				0A98D09D457C0355055C0746 /* WidgetDataLoading.swift in Sources */,
				1E3D6C649AF08D7A8843DD20 /* ESPMContainerWidgetDataLoader.swift in Sources */,
				1E2F702E12CBA0CA3C4D3480 /* AuxiliaryCommunicationStep.swift in Sources */,
				11CCA22FCDD42FBC580B0AA7 /* DeepLinkHelper.swift in Sources */,
			);
			runOnlyForDeploymentPostprocessing = 0;
		};
		7A5744AF21DE553600E58C7F /* Sources */ = {
			isa = PBXSourcesBuildPhase;
			buildActionMask = 2147483647;
			files = (
				7A5744B621DE553600E58C7F /* UITests.swift in Sources */,
			);
			runOnlyForDeploymentPostprocessing = 0;
		};
		BE248D1DBA5FE5B01892CFE8 /* Sources */ = {
			isa = PBXSourcesBuildPhase;
			buildActionMask = 2147483647;
			files = (
				156EBC08C8A0C802ACA3A84B /* WidgetRowView.swift in Sources */,
				560C49C4B5A3C346DF9CD997 /* WidgetEntryView.swift in Sources */,
				E76956955871343826DD24BF /* TutorialAppWidgetEntryView.swift in Sources */,
				E76D964053E27C906AF742A2 /* LoginView.swift in Sources */,
				BB85AC89E1DA8F9470397A43 /* WidgetRowViewModel.swift in Sources */,
				7EFA0CEBF00FF6F6BE9CDD05 /* ESPMContainerWidgetRowViewModel.swift in Sources */,
				BA7835D80539C01939D93AAF /* WidgetConfigurationProviding.swift in Sources */,
				9F92E5CA6380AA3576174763 /* WidgetConfigurationProvider.swift in Sources */,
				BD3000A1CD12B1B62BFE6A01 /* WidgetIntentTimelineProvider.swift in Sources */,
				D13DEA6C6173CAFF380E7364 /* WidgetEntry.swift in Sources */,
				1C2E35CF24D06BE82ED9A3F6 /* Widget.swift in Sources */,
				588C2F1D7AF87FEAA0C935AE /* DynamicDestinationSelectionIntentExtension.swift in Sources */,
				A0F031A7AE82679B48D463B8 /* DynamicDestinationSelection.intentdefinition in Sources */,
			);
			runOnlyForDeploymentPostprocessing = 0;
		};
/* End PBXSourcesBuildPhase section */

/* Begin PBXTargetDependency section */
		2DB3D760343F38CED42051B5 /* PBXTargetDependency */ = {
			isa = PBXTargetDependency;
			target = 866104A039375860830F3835 /* DynamicDestinationSelection */;
			targetProxy = D36751BE9850191024B31DC8 /* PBXContainerItemProxy */;
		};
		7A5744B921DE553700E58C7F /* PBXTargetDependency */ = {
			isa = PBXTargetDependency;
			target = 7A1315B41D4B982000A5DA56 /* TutorialApp */;
			targetProxy = 7A5744B821DE553700E58C7F /* PBXContainerItemProxy */;
		};
		EE557884784064578BAA537C /* PBXTargetDependency */ = {
			isa = PBXTargetDependency;
			target = EB4EA28F3090BC50011410AF /* TutorialAppWidgetExtension */;
			targetProxy = 7D911AF61B73AB643BE7507E /* PBXContainerItemProxy */;
		};
/* End PBXTargetDependency section */

/* Begin PBXVariantGroup section */
		04A712AB57E9957DD92FFA6C /* ProductCategory.storyboard */ = {
			isa = PBXVariantGroup;
			children = (
				0738207C86AA67C6DF20969B /* Base */,
			);
			name = ProductCategory.storyboard;
			path = ViewControllers/ESPMContainer/ProductCategory;
			sourceTree = "<group>";
		};
		067128B202318F757FB02407 /* ProductText.storyboard */ = {
			isa = PBXVariantGroup;
			children = (
				46645EAE3BA7B7AA2B8EB485 /* Base */,
			);
			name = ProductText.storyboard;
			path = ViewControllers/ESPMContainer/ProductText;
			sourceTree = "<group>";
		};
		1A238219F0AA7AFDA85D720B /* Customer.storyboard */ = {
			isa = PBXVariantGroup;
			children = (
				66F583B2902615267777D989 /* Base */,
			);
			name = Customer.storyboard;
			path = ViewControllers/ESPMContainer/Customer;
			sourceTree = "<group>";
		};
		1F9B89CBDA05A89777B2A728 /* PurchaseOrderHeader.storyboard */ = {
			isa = PBXVariantGroup;
			children = (
				3CB23577937C7F1CB22618B4 /* Base */,
			);
			name = PurchaseOrderHeader.storyboard;
			path = ViewControllers/ESPMContainer/PurchaseOrderHeader;
			sourceTree = "<group>";
		};
		22E644C34DD16628A2640B25 /* SalesOrderItem.storyboard */ = {
			isa = PBXVariantGroup;
			children = (
				8E0E75713473497C5F4FB2C5 /* Base */,
			);
			name = SalesOrderItem.storyboard;
			path = ViewControllers/ESPMContainer/SalesOrderItem;
			sourceTree = "<group>";
		};
		64EF92C9468544BBA70D88B3 /* ESPMContainer.storyboard */ = {
			isa = PBXVariantGroup;
			children = (
				92A87ADE456AD6AD31F2394C /* Base */,
			);
			name = ESPMContainer.storyboard;
			path = ViewControllers/ESPMContainer;
			sourceTree = "<group>";
		};
		7A1315C31D4B982000A5DA56 /* LaunchScreen.storyboard */ = {
			isa = PBXVariantGroup;
			children = (
				7A1315C41D4B982000A5DA56 /* Base */,
			);
			name = LaunchScreen.storyboard;
			sourceTree = "<group>";
		};
		84201B83D79AA7C2A75BEB02 /* Product.storyboard */ = {
			isa = PBXVariantGroup;
			children = (
				3C1492F6674433ADA45E78DF /* Base */,
			);
			name = Product.storyboard;
			path = ViewControllers/ESPMContainer/Product;
			sourceTree = "<group>";
		};
		BAA46542CF5DC1D4F58304FB /* Stock.storyboard */ = {
			isa = PBXVariantGroup;
			children = (
				1E014CD03F780FAA97A08E38 /* Base */,
			);
			name = Stock.storyboard;
			path = ViewControllers/ESPMContainer/Stock;
			sourceTree = "<group>";
		};
		CBCA7A9B1E3778A9001AF49E /* Main.storyboard */ = {
			isa = PBXVariantGroup;
			children = (
				CB909D801E38CA8800218154 /* Base */,
			);
			name = Main.storyboard;
			sourceTree = "<group>";
		};
		D87BE5571BB147AF6DBF36B5 /* Supplier.storyboard */ = {
			isa = PBXVariantGroup;
			children = (
				1E6562CDD9B5962A49A7DB1E /* Base */,
			);
			name = Supplier.storyboard;
			path = ViewControllers/ESPMContainer/Supplier;
			sourceTree = "<group>";
		};
		E51FE3A286A712EFFD45AC0E /* PurchaseOrderItem.storyboard */ = {
			isa = PBXVariantGroup;
			children = (
				057E17E70129A41156FEED27 /* Base */,
			);
			name = PurchaseOrderItem.storyboard;
			path = ViewControllers/ESPMContainer/PurchaseOrderItem;
			sourceTree = "<group>";
		};
		F3542CEAB1963F2591326842 /* SalesOrderHeader.storyboard */ = {
			isa = PBXVariantGroup;
			children = (
				8AF777B1435E18C71FD6A3EB /* Base */,
			);
			name = SalesOrderHeader.storyboard;
			path = ViewControllers/ESPMContainer/SalesOrderHeader;
			sourceTree = "<group>";
		};
/* End PBXVariantGroup section */

/* Begin XCBuildConfiguration section */
		471E77B5168940E259DDEBAC /* Release */ = {
			isa = XCBuildConfiguration;
			buildSettings = {
				ASSETCATALOG_COMPILER_GLOBAL_ACCENT_COLOR_NAME = AccentColor;
				ASSETCATALOG_COMPILER_WIDGET_BACKGROUND_COLOR_NAME = WidgetBackground;
				CLANG_ANALYZER_NUMBER_OBJECT_CONVERSION = YES_AGGRESSIVE;
				CLANG_CXX_LANGUAGE_STANDARD = "gnu++14";
				CLANG_ENABLE_OBJC_WEAK = YES;
				CLANG_WARN_UNGUARDED_AVAILABILITY = YES_AGGRESSIVE;
				CODE_SIGN_ENTITLEMENTS = TutorialAppWidget/TutorialAppWidgetExtension.entitlements;
				CODE_SIGN_IDENTITY = "iPhone Developer";
				CODE_SIGN_STYLE = Automatic;
				DEVELOPMENT_TEAM = "";
				GCC_C_LANGUAGE_STANDARD = gnu11;
				INFOPLIST_FILE = TutorialAppWidget/Info.plist;
				IPHONEOS_DEPLOYMENT_TARGET = 14.0;
				"IPHONEOS_DEPLOYMENT_TARGET[sdk=macosx*]" = 14.0;
				LD_RUNPATH_SEARCH_PATHS = (
					"$(inherited)",
					"@executable_path/Frameworks",
					"@executable_path/../../Frameworks",
				);
				MTL_ENABLE_DEBUG_INFO = INCLUDE_SOURCE;
				MTL_FAST_MATH = YES;
				PRODUCT_BUNDLE_IDENTIFIER = com.sap.example.TutorialApp.TutorialAppWidget;
				PRODUCT_NAME = "$(TARGET_NAME)";
				SKIP_INSTALL = YES;
				SUPPORTS_MACCATALYST = YES;
				SWIFT_VERSION = 5.0;
				TARGETED_DEVICE_FAMILY = "1,2";
			};
			name = Release;
		};
		4E770017938CC68F999541BA /* Debug */ = {
			isa = XCBuildConfiguration;
			buildSettings = {
				ASSETCATALOG_COMPILER_GLOBAL_ACCENT_COLOR_NAME = AccentColor;
				ASSETCATALOG_COMPILER_WIDGET_BACKGROUND_COLOR_NAME = WidgetBackground;
				CLANG_ANALYZER_NUMBER_OBJECT_CONVERSION = YES_AGGRESSIVE;
				CLANG_CXX_LANGUAGE_STANDARD = "gnu++14";
				CLANG_ENABLE_OBJC_WEAK = YES;
				CLANG_WARN_UNGUARDED_AVAILABILITY = YES_AGGRESSIVE;
				CODE_SIGN_ENTITLEMENTS = TutorialAppWidget/TutorialAppWidgetExtension.entitlements;
				CODE_SIGN_IDENTITY = "iPhone Developer";
				CODE_SIGN_STYLE = Automatic;
				DEVELOPMENT_TEAM = "";
				GCC_C_LANGUAGE_STANDARD = gnu11;
				INFOPLIST_FILE = TutorialAppWidget/Info.plist;
				IPHONEOS_DEPLOYMENT_TARGET = 14.0;
				"IPHONEOS_DEPLOYMENT_TARGET[sdk=macosx*]" = 14.0;
				LD_RUNPATH_SEARCH_PATHS = (
					"$(inherited)",
					"@executable_path/Frameworks",
					"@executable_path/../../Frameworks",
				);
				MTL_ENABLE_DEBUG_INFO = INCLUDE_SOURCE;
				MTL_FAST_MATH = YES;
				PRODUCT_BUNDLE_IDENTIFIER = com.sap.example.TutorialApp.TutorialAppWidget;
				PRODUCT_NAME = "$(TARGET_NAME)";
				SKIP_INSTALL = YES;
				SUPPORTS_MACCATALYST = YES;
				SWIFT_VERSION = 5.0;
				TARGETED_DEVICE_FAMILY = "1,2";
			};
			name = Debug;
		};
		7A1315C71D4B982000A5DA56 /* Debug */ = {
			isa = XCBuildConfiguration;
			buildSettings = {
				ALWAYS_SEARCH_USER_PATHS = NO;
				CLANG_ANALYZER_LOCALIZABILITY_NONLOCALIZED = YES;
				CLANG_ANALYZER_NONNULL = YES;
				CLANG_CXX_LANGUAGE_STANDARD = "gnu++0x";
				CLANG_CXX_LIBRARY = "libc++";
				CLANG_ENABLE_MODULES = YES;
				CLANG_ENABLE_OBJC_ARC = YES;
				CLANG_WARN_BLOCK_CAPTURE_AUTORELEASING = YES;
				CLANG_WARN_BOOL_CONVERSION = YES;
				CLANG_WARN_COMMA = YES;
				CLANG_WARN_CONSTANT_CONVERSION = YES;
				CLANG_WARN_DEPRECATED_OBJC_IMPLEMENTATIONS = YES;
				CLANG_WARN_DIRECT_OBJC_ISA_USAGE = YES_ERROR;
				CLANG_WARN_DOCUMENTATION_COMMENTS = YES;
				CLANG_WARN_EMPTY_BODY = YES;
				CLANG_WARN_ENUM_CONVERSION = YES;
				CLANG_WARN_INFINITE_RECURSION = YES;
				CLANG_WARN_INT_CONVERSION = YES;
				CLANG_WARN_NON_LITERAL_NULL_CONVERSION = YES;
				CLANG_WARN_OBJC_IMPLICIT_RETAIN_SELF = YES;
				CLANG_WARN_OBJC_LITERAL_CONVERSION = YES;
				CLANG_WARN_OBJC_ROOT_CLASS = YES_ERROR;
				CLANG_WARN_QUOTED_INCLUDE_IN_FRAMEWORK_HEADER = YES;
				CLANG_WARN_RANGE_LOOP_ANALYSIS = YES;
				CLANG_WARN_STRICT_PROTOTYPES = YES;
				CLANG_WARN_SUSPICIOUS_MOVE = YES;
				CLANG_WARN_UNREACHABLE_CODE = YES;
				CLANG_WARN__DUPLICATE_METHOD_MATCH = YES;
				"CODE_SIGN_IDENTITY[sdk=iphoneos*]" = "iPhone Developer";
				COPY_PHASE_STRIP = NO;
				DEBUG_INFORMATION_FORMAT = dwarf;
				ENABLE_STRICT_OBJC_MSGSEND = YES;
				ENABLE_TESTABILITY = YES;
				GCC_C_LANGUAGE_STANDARD = gnu99;
				GCC_DYNAMIC_NO_PIC = NO;
				GCC_NO_COMMON_BLOCKS = YES;
				GCC_OPTIMIZATION_LEVEL = 0;
				GCC_PREPROCESSOR_DEFINITIONS = (
					"DEBUG=1",
					"$(inherited)",
				);
				GCC_WARN_64_TO_32_BIT_CONVERSION = YES;
				GCC_WARN_ABOUT_RETURN_TYPE = YES_ERROR;
				GCC_WARN_UNDECLARED_SELECTOR = YES;
				GCC_WARN_UNINITIALIZED_AUTOS = YES_AGGRESSIVE;
				GCC_WARN_UNUSED_FUNCTION = YES;
				GCC_WARN_UNUSED_VARIABLE = YES;
				IPHONEOS_DEPLOYMENT_TARGET = 12.0;
				LD_RUNPATH_SEARCH_PATHS = "@executable_path/Frameworks";
				MTL_ENABLE_DEBUG_INFO = YES;
				ONLY_ACTIVE_ARCH = YES;
				SDKROOT = iphoneos;
				SWIFT_ACTIVE_COMPILATION_CONDITIONS = DEBUG;
				SWIFT_OPTIMIZATION_LEVEL = "-Onone";
				SWIFT_VERSION = 5.0;
				TARGETED_DEVICE_FAMILY = "1,2";
			};
			name = Debug;
		};
		7A1315C81D4B982000A5DA56 /* Release */ = {
			isa = XCBuildConfiguration;
			buildSettings = {
				ALWAYS_SEARCH_USER_PATHS = NO;
				CLANG_ANALYZER_LOCALIZABILITY_NONLOCALIZED = YES;
				CLANG_ANALYZER_NONNULL = YES;
				CLANG_CXX_LANGUAGE_STANDARD = "gnu++0x";
				CLANG_CXX_LIBRARY = "libc++";
				CLANG_ENABLE_MODULES = YES;
				CLANG_ENABLE_OBJC_ARC = YES;
				CLANG_WARN_BLOCK_CAPTURE_AUTORELEASING = YES;
				CLANG_WARN_BOOL_CONVERSION = YES;
				CLANG_WARN_COMMA = YES;
				CLANG_WARN_CONSTANT_CONVERSION = YES;
				CLANG_WARN_DEPRECATED_OBJC_IMPLEMENTATIONS = YES;
				CLANG_WARN_DIRECT_OBJC_ISA_USAGE = YES_ERROR;
				CLANG_WARN_DOCUMENTATION_COMMENTS = YES;
				CLANG_WARN_EMPTY_BODY = YES;
				CLANG_WARN_ENUM_CONVERSION = YES;
				CLANG_WARN_INFINITE_RECURSION = YES;
				CLANG_WARN_INT_CONVERSION = YES;
				CLANG_WARN_NON_LITERAL_NULL_CONVERSION = YES;
				CLANG_WARN_OBJC_IMPLICIT_RETAIN_SELF = YES;
				CLANG_WARN_OBJC_LITERAL_CONVERSION = YES;
				CLANG_WARN_OBJC_ROOT_CLASS = YES_ERROR;
				CLANG_WARN_QUOTED_INCLUDE_IN_FRAMEWORK_HEADER = YES;
				CLANG_WARN_RANGE_LOOP_ANALYSIS = YES;
				CLANG_WARN_STRICT_PROTOTYPES = YES;
				CLANG_WARN_SUSPICIOUS_MOVE = YES;
				CLANG_WARN_UNREACHABLE_CODE = YES;
				CLANG_WARN__DUPLICATE_METHOD_MATCH = YES;
				"CODE_SIGN_IDENTITY[sdk=iphoneos*]" = "iPhone Developer";
				COPY_PHASE_STRIP = NO;
				DEBUG_INFORMATION_FORMAT = "dwarf-with-dsym";
				ENABLE_NS_ASSERTIONS = NO;
				ENABLE_STRICT_OBJC_MSGSEND = YES;
				GCC_C_LANGUAGE_STANDARD = gnu99;
				GCC_NO_COMMON_BLOCKS = YES;
				GCC_WARN_64_TO_32_BIT_CONVERSION = YES;
				GCC_WARN_ABOUT_RETURN_TYPE = YES_ERROR;
				GCC_WARN_UNDECLARED_SELECTOR = YES;
				GCC_WARN_UNINITIALIZED_AUTOS = YES_AGGRESSIVE;
				GCC_WARN_UNUSED_FUNCTION = YES;
				GCC_WARN_UNUSED_VARIABLE = YES;
				IPHONEOS_DEPLOYMENT_TARGET = 12.0;
				LD_RUNPATH_SEARCH_PATHS = "@executable_path/Frameworks";
				MTL_ENABLE_DEBUG_INFO = NO;
				SDKROOT = iphoneos;
				SWIFT_COMPILATION_MODE = wholemodule;
				SWIFT_OPTIMIZATION_LEVEL = "-O";
				SWIFT_VERSION = 5.0;
				TARGETED_DEVICE_FAMILY = "1,2";
				VALIDATE_PRODUCT = YES;
			};
			name = Release;
		};
		7A1315CA1D4B982000A5DA56 /* Debug */ = {
			isa = XCBuildConfiguration;
			buildSettings = {
				ASSETCATALOG_COMPILER_APPICON_NAME = AppIcon;
				CODE_SIGN_ENTITLEMENTS = TutorialApp/TutorialApp.entitlements;
				CODE_SIGN_IDENTITY = "iPhone Developer";
				DEVELOPMENT_TEAM = AMW5B25QXP;
				EMBED_ASSET_PACKS_IN_PRODUCT_BUNDLE = NO;
				ENABLE_BITCODE = NO;
				FRAMEWORK_SEARCH_PATHS = (
					"$(inherited)",
					"$(PROJECT_DIR)",
				);
				INFOPLIST_FILE = TutorialApp/Info.plist;
				IPHONEOS_DEPLOYMENT_TARGET = 14.0;
				"IPHONEOS_DEPLOYMENT_TARGET[sdk=macosx*]" = 14.0;
				LD_RUNPATH_SEARCH_PATHS = (
					"$(inherited)",
					"@executable_path/../Frameworks",
				);
				PRODUCT_BUNDLE_IDENTIFIER = com.sap.example.TutorialApp;
				PRODUCT_NAME = "$(TARGET_NAME)";
				SUPPORTS_MACCATALYST = YES;
				SWIFT_VERSION = 5.0;
			};
			name = Debug;
		};
		7A1315CB1D4B982000A5DA56 /* Release */ = {
			isa = XCBuildConfiguration;
			buildSettings = {
				ASSETCATALOG_COMPILER_APPICON_NAME = AppIcon;
				CODE_SIGN_ENTITLEMENTS = TutorialApp/TutorialApp.entitlements;
				CODE_SIGN_IDENTITY = "iPhone Developer";
				DEVELOPMENT_TEAM = AMW5B25QXP;
				EMBED_ASSET_PACKS_IN_PRODUCT_BUNDLE = NO;
				ENABLE_BITCODE = NO;
				FRAMEWORK_SEARCH_PATHS = (
					"$(inherited)",
					"$(PROJECT_DIR)",
				);
				INFOPLIST_FILE = TutorialApp/Info.plist;
				IPHONEOS_DEPLOYMENT_TARGET = 14.0;
				"IPHONEOS_DEPLOYMENT_TARGET[sdk=macosx*]" = 14.0;
				LD_RUNPATH_SEARCH_PATHS = (
					"$(inherited)",
					"@executable_path/../Frameworks",
				);
				PRODUCT_BUNDLE_IDENTIFIER = com.sap.example.TutorialApp;
				PRODUCT_NAME = "$(TARGET_NAME)";
				SUPPORTS_MACCATALYST = YES;
				SWIFT_VERSION = 5.0;
			};
			name = Release;
		};
		7A5744BA21DE553700E58C7F /* Debug */ = {
			isa = XCBuildConfiguration;
			buildSettings = {
				CLANG_ANALYZER_NUMBER_OBJECT_CONVERSION = YES_AGGRESSIVE;
				CLANG_CXX_LANGUAGE_STANDARD = "gnu++14";
				CLANG_ENABLE_OBJC_WEAK = YES;
				CLANG_WARN_UNGUARDED_AVAILABILITY = YES_AGGRESSIVE;
				CODE_SIGN_IDENTITY = "iPhone Developer";
				CODE_SIGN_STYLE = Automatic;
				GCC_C_LANGUAGE_STANDARD = gnu11;
				INFOPLIST_FILE = UITests/Info.plist;
				IPHONEOS_DEPLOYMENT_TARGET = 12.1;
				LD_RUNPATH_SEARCH_PATHS = (
					"$(inherited)",
					"@executable_path/Frameworks",
					"@loader_path/Frameworks",
				);
				MTL_ENABLE_DEBUG_INFO = INCLUDE_SOURCE;
				MTL_FAST_MATH = YES;
				PRODUCT_BUNDLE_IDENTIFIER = com.sap.UITests;
				PRODUCT_NAME = "$(TARGET_NAME)";
				SWIFT_VERSION = 5.0;
				TARGETED_DEVICE_FAMILY = "1,2";
				TEST_TARGET_NAME = TutorialApp;
			};
			name = Debug;
		};
		7A5744BB21DE553700E58C7F /* Release */ = {
			isa = XCBuildConfiguration;
			buildSettings = {
				CLANG_ANALYZER_NUMBER_OBJECT_CONVERSION = YES_AGGRESSIVE;
				CLANG_CXX_LANGUAGE_STANDARD = "gnu++14";
				CLANG_ENABLE_OBJC_WEAK = YES;
				CLANG_WARN_UNGUARDED_AVAILABILITY = YES_AGGRESSIVE;
				CODE_SIGN_IDENTITY = "iPhone Developer";
				CODE_SIGN_STYLE = Automatic;
				GCC_C_LANGUAGE_STANDARD = gnu11;
				INFOPLIST_FILE = UITests/Info.plist;
				IPHONEOS_DEPLOYMENT_TARGET = 12.1;
				LD_RUNPATH_SEARCH_PATHS = (
					"$(inherited)",
					"@executable_path/Frameworks",
					"@loader_path/Frameworks",
				);
				MTL_FAST_MATH = YES;
				PRODUCT_BUNDLE_IDENTIFIER = com.sap.UITests;
				PRODUCT_NAME = "$(TARGET_NAME)";
				SWIFT_VERSION = 5.0;
				TARGETED_DEVICE_FAMILY = "1,2";
				TEST_TARGET_NAME = TutorialApp;
			};
			name = Release;
		};
		7DAE64CFE28BE3B2271B2CD1 /* Debug */ = {
			isa = XCBuildConfiguration;
			buildSettings = {
				CLANG_ANALYZER_NUMBER_OBJECT_CONVERSION = YES_AGGRESSIVE;
				CLANG_CXX_LANGUAGE_STANDARD = "gnu++14";
				CLANG_ENABLE_OBJC_WEAK = YES;
				CLANG_WARN_UNGUARDED_AVAILABILITY = YES_AGGRESSIVE;
				CODE_SIGN_ENTITLEMENTS = DynamicDestinationSelection/DynamicDestinationSelection.entitlements;
				CODE_SIGN_IDENTITY = "iPhone Developer";
				CODE_SIGN_STYLE = Automatic;
				DEVELOPMENT_TEAM = "";
				GCC_C_LANGUAGE_STANDARD = gnu11;
				INFOPLIST_FILE = DynamicDestinationSelection/Info.plist;
				IPHONEOS_DEPLOYMENT_TARGET = 14.0;
				"IPHONEOS_DEPLOYMENT_TARGET[sdk=macosx*]" = 14.0;
				LD_RUNPATH_SEARCH_PATHS = (
					"$(inherited)",
					"@executable_path/Frameworks",
					"@executable_path/../../Frameworks",
				);
				MTL_ENABLE_DEBUG_INFO = INCLUDE_SOURCE;
				MTL_FAST_MATH = YES;
				PRODUCT_BUNDLE_IDENTIFIER = com.sap.example.TutorialApp.DynamicDestinationSelection;
				PRODUCT_NAME = "$(TARGET_NAME)";
				SKIP_INSTALL = YES;
				SUPPORTS_MACCATALYST = YES;
				SWIFT_VERSION = 5.0;
				TARGETED_DEVICE_FAMILY = "1,2";
			};
			name = Debug;
		};
		E0A89875A305E232ED8BC2FB /* Release */ = {
			isa = XCBuildConfiguration;
			buildSettings = {
				CLANG_ANALYZER_NUMBER_OBJECT_CONVERSION = YES_AGGRESSIVE;
				CLANG_CXX_LANGUAGE_STANDARD = "gnu++14";
				CLANG_ENABLE_OBJC_WEAK = YES;
				CLANG_WARN_UNGUARDED_AVAILABILITY = YES_AGGRESSIVE;
				CODE_SIGN_ENTITLEMENTS = DynamicDestinationSelection/DynamicDestinationSelection.entitlements;
				CODE_SIGN_IDENTITY = "iPhone Developer";
				CODE_SIGN_STYLE = Automatic;
				DEVELOPMENT_TEAM = "";
				GCC_C_LANGUAGE_STANDARD = gnu11;
				INFOPLIST_FILE = DynamicDestinationSelection/Info.plist;
				IPHONEOS_DEPLOYMENT_TARGET = 14.0;
				"IPHONEOS_DEPLOYMENT_TARGET[sdk=macosx*]" = 14.0;
				LD_RUNPATH_SEARCH_PATHS = (
					"$(inherited)",
					"@executable_path/Frameworks",
					"@executable_path/../../Frameworks",
				);
				MTL_ENABLE_DEBUG_INFO = INCLUDE_SOURCE;
				MTL_FAST_MATH = YES;
				PRODUCT_BUNDLE_IDENTIFIER = com.sap.example.TutorialApp.DynamicDestinationSelection;
				PRODUCT_NAME = "$(TARGET_NAME)";
				SKIP_INSTALL = YES;
				SUPPORTS_MACCATALYST = YES;
				SWIFT_VERSION = 5.0;
				TARGETED_DEVICE_FAMILY = "1,2";
			};
			name = Release;
		};
/* End XCBuildConfiguration section */

/* Begin XCConfigurationList section */
		0BEF9B8C0F5DAFCDF4F519CC /* Build configuration list for PBXNativeTarget "TutorialAppWidgetExtension" */ = {
			isa = XCConfigurationList;
			buildConfigurations = (
				471E77B5168940E259DDEBAC /* Release */,
				4E770017938CC68F999541BA /* Debug */,
			);
			defaultConfigurationIsVisible = 0;
			defaultConfigurationName = Release;
		};
		7A1315B01D4B982000A5DA56 /* Build configuration list for PBXProject "TutorialApp" */ = {
			isa = XCConfigurationList;
			buildConfigurations = (
				7A1315C71D4B982000A5DA56 /* Debug */,
				7A1315C81D4B982000A5DA56 /* Release */,
			);
			defaultConfigurationIsVisible = 0;
			defaultConfigurationName = Release;
		};
		7A1315C91D4B982000A5DA56 /* Build configuration list for PBXNativeTarget "TutorialApp" */ = {
			isa = XCConfigurationList;
			buildConfigurations = (
				7A1315CA1D4B982000A5DA56 /* Debug */,
				7A1315CB1D4B982000A5DA56 /* Release */,
			);
			defaultConfigurationIsVisible = 0;
			defaultConfigurationName = Release;
		};
		7A5744BC21DE553700E58C7F /* Build configuration list for PBXNativeTarget "UITests" */ = {
			isa = XCConfigurationList;
			buildConfigurations = (
				7A5744BA21DE553700E58C7F /* Debug */,
				7A5744BB21DE553700E58C7F /* Release */,
			);
			defaultConfigurationIsVisible = 0;
			defaultConfigurationName = Release;
		};
		DF49F2DF439A8DEB73167DB3 /* Build configuration list for PBXNativeTarget "DynamicDestinationSelection" */ = {
			isa = XCConfigurationList;
			buildConfigurations = (
				E0A89875A305E232ED8BC2FB /* Release */,
				7DAE64CFE28BE3B2271B2CD1 /* Debug */,
			);
			defaultConfigurationIsVisible = 0;
			defaultConfigurationName = Release;
		};
/* End XCConfigurationList section */
	};
	rootObject = 7A1315AD1D4B982000A5DA56 /* Project object */;
}
