// !$*UTF8*$!
{
	archiveVersion = 1;
	classes = {
	};
	objectVersion = 52;
	objects = {

/* Begin PBXBuildFile section */
		00F05614F416396AD25B7DA2 /* SAPOfflineOData.xcframework in Embed Frameworks */ = {isa = PBXBuildFile; fileRef = B31A38D7E1E2562E031F9B38 /* SAPOfflineOData.xcframework */; settings = {ATTRIBUTES = (CodeSignOnCopy, ); }; };
		04A8013264AF3C8E02CF70B3 /* ConfigurationProvider.plist in Resources */ = {isa = PBXBuildFile; fileRef = 30A12D4637EC589904A60360 /* ConfigurationProvider.plist */; };
		0745D9AED8231B370B08F1A2 /* SalesOrderItemDetailViewController.swift in Sources */ = {isa = PBXBuildFile; fileRef = 9C7866E577B573BE3A528F92 /* SalesOrderItemDetailViewController.swift */; };
		088327042E94372B120B9D6D /* OnboardingErrorHandler.swift in Sources */ = {isa = PBXBuildFile; fileRef = D9B1511583B9567C434B8BBB /* OnboardingErrorHandler.swift */; };
		10EEA7CA2520B52FAE42112C /* ProductCategoryDetailViewController.swift in Sources */ = {isa = PBXBuildFile; fileRef = 31F3FC08B6C808B92FA25C48 /* ProductCategoryDetailViewController.swift */; };
		1277F7611F8E66AF0060AF58 /* SAPLogo@2x.png in Resources */ = {isa = PBXBuildFile; fileRef = 1277F7601F8E66AC0060AF58 /* SAPLogo@2x.png */; };
		1330099451C2BC4F22828A97 /* PurchaseOrderHeaderMasterViewController.swift in Sources */ = {isa = PBXBuildFile; fileRef = 15CD467763D145477D425E1A /* PurchaseOrderHeaderMasterViewController.swift */; };
		1A734C860E30E3949F96E0D7 /* ESPMContainerFmwk.framework in Embed Frameworks */ = {isa = PBXBuildFile; fileRef = B4993331FE3A2D6CD2384E36 /* ESPMContainerFmwk.framework */; settings = {ATTRIBUTES = (CodeSignOnCopy, ); }; };
		1B03B0097030D57F92C29712 /* SAPFiori.xcframework in Frameworks */ = {isa = PBXBuildFile; fileRef = 855773FF2FE140521848D9A6 /* SAPFiori.xcframework */; };
		1D5A68D60FB9C01AA584A626 /* ProductMasterViewController.swift in Sources */ = {isa = PBXBuildFile; fileRef = 1963ABF3E08B63B92BADCE53 /* ProductMasterViewController.swift */; };
		23A9AD930AE374C9D53F8E27 /* ProductDetailViewController.swift in Sources */ = {isa = PBXBuildFile; fileRef = CE490FB59C21CCE477B42FFB /* ProductDetailViewController.swift */; };
		26046B5AEDBA1C426CB938BB /* Customer.storyboard in Resources */ = {isa = PBXBuildFile; fileRef = 0547B7045856D8AA5BFB745E /* Customer.storyboard */; };
		2852A31F1F3EA5859C7E5DDE /* AlertHelper.swift in Sources */ = {isa = PBXBuildFile; fileRef = 79235BED864D82633BF26D7A /* AlertHelper.swift */; };
		2A808D3DE310A99048012202 /* ProductCategory.storyboard in Resources */ = {isa = PBXBuildFile; fileRef = 76871FE47150DEC4A191851F /* ProductCategory.storyboard */; };
		2DC8A53D2EA43AAD1468CBC1 /* SalesOrderItemMasterViewController.swift in Sources */ = {isa = PBXBuildFile; fileRef = C0CAB8E8FE005C71EF457E47 /* SalesOrderItemMasterViewController.swift */; };
		31A4DBBB5C5FD82F769C207B /* SAPOData.xcframework in Frameworks */ = {isa = PBXBuildFile; fileRef = 15C83CFC2887930778589910 /* SAPOData.xcframework */; };
		3687824679F5995A1EC302D7 /* Stock.storyboard in Resources */ = {isa = PBXBuildFile; fileRef = 1D96DE63D0CCD278670F6E8C /* Stock.storyboard */; };
		3E5E0817F749105B8E8E75A3 /* Supplier.storyboard in Resources */ = {isa = PBXBuildFile; fileRef = F48E7E3F7FB272D0135DFEC9 /* Supplier.storyboard */; };
		40A2584ABF816D9E47C01CF2 /* SupplierMasterViewController.swift in Sources */ = {isa = PBXBuildFile; fileRef = ADF610094672CC77FAB12EA1 /* SupplierMasterViewController.swift */; };
		4346A17301AA2432C7011B79 /* SalesOrderItem.storyboard in Resources */ = {isa = PBXBuildFile; fileRef = 6183CF578EA767F85DB36E0D /* SalesOrderItem.storyboard */; };
		462CE5BC9ECAFCFE6D21D527 /* SAPFioriFlows.xcframework in Frameworks */ = {isa = PBXBuildFile; fileRef = C2B0FCBEB321196D3D38E510 /* SAPFioriFlows.xcframework */; };
		47919AB2F535EF4CDA98E3BD /* StockDetailViewController.swift in Sources */ = {isa = PBXBuildFile; fileRef = 1E56106CA60A3342DB121B72 /* StockDetailViewController.swift */; };
		5041B4F67BB348F6B5747600 /* Product.storyboard in Resources */ = {isa = PBXBuildFile; fileRef = 529492015D2C5EE0E2CA38D8 /* Product.storyboard */; };
		52325A0D009B62CE6F43B780 /* ProductTextMasterViewController.swift in Sources */ = {isa = PBXBuildFile; fileRef = DA4F6605242415E93058770A /* ProductTextMasterViewController.swift */; };
		531DEA7E7D2ED1B0E8C09365 /* SupplierDetailViewController.swift in Sources */ = {isa = PBXBuildFile; fileRef = 655DD7BE601A987C7CA790B2 /* SupplierDetailViewController.swift */; };
		56AF96DDEA203603694176F5 /* SAPCommon.xcframework in Embed Frameworks */ = {isa = PBXBuildFile; fileRef = 4E4F84D34CA1C06286F9AF34 /* SAPCommon.xcframework */; settings = {ATTRIBUTES = (CodeSignOnCopy, ); }; };
		58C4090980D0432EB909A7D0 /* SAPFioriLoadingIndicator.swift in Sources */ = {isa = PBXBuildFile; fileRef = 756ECC907D7391CC8525060F /* SAPFioriLoadingIndicator.swift */; };
		5C1E173297136C8572CAA430 /* PurchaseOrderItemDetailViewController.swift in Sources */ = {isa = PBXBuildFile; fileRef = F63C234125293CD1D5C2927A /* PurchaseOrderItemDetailViewController.swift */; };
		5CDA3727CE8EBCF3A9AFF58B /* PurchaseOrderHeaderDetailViewController.swift in Sources */ = {isa = PBXBuildFile; fileRef = 63550BE5DDD5F97377348E46 /* PurchaseOrderHeaderDetailViewController.swift */; };
		6178845F2A535BCF26D1BB93 /* PurchaseOrderItemMasterViewController.swift in Sources */ = {isa = PBXBuildFile; fileRef = A0D2E5A512A776BDF707E457 /* PurchaseOrderItemMasterViewController.swift */; };
		63DF67AEC360420B4637E8BA /* StockMasterViewController.swift in Sources */ = {isa = PBXBuildFile; fileRef = DC5A0CE2D4F525620E47EA2D /* StockMasterViewController.swift */; };
		675F79BF62C476468944AD71 /* ESPMContainerCollectionsViewController.swift in Sources */ = {isa = PBXBuildFile; fileRef = 1A285B24D5388FE4C52304D2 /* ESPMContainerCollectionsViewController.swift */; };
		73FCE47907C3D3EC33866BEF /* ODataOnboardingStep.swift in Sources */ = {isa = PBXBuildFile; fileRef = 24F42439E0DF2C8FE8E89779 /* ODataOnboardingStep.swift */; };
		7724C674910CFC746C96CB86 /* SharedFmwk.framework in Frameworks */ = {isa = PBXBuildFile; fileRef = 9E17FAE7534E3FC6893A5199 /* SharedFmwk.framework */; };
		78FD59E92C0A9E5E5D2BD781 /* SAPFoundation.xcframework in Embed Frameworks */ = {isa = PBXBuildFile; fileRef = D8C01D492789B38EA53F86C9 /* SAPFoundation.xcframework */; settings = {ATTRIBUTES = (CodeSignOnCopy, ); }; };
		7A1315B91D4B982000A5DA56 /* AppDelegate.swift in Sources */ = {isa = PBXBuildFile; fileRef = 7A1315B81D4B982000A5DA56 /* AppDelegate.swift */; };
		7A1315C21D4B982000A5DA56 /* Assets.xcassets in Resources */ = {isa = PBXBuildFile; fileRef = 7A1315C11D4B982000A5DA56 /* Assets.xcassets */; };
		7A1315C51D4B982000A5DA56 /* LaunchScreen.storyboard in Resources */ = {isa = PBXBuildFile; fileRef = 7A1315C31D4B982000A5DA56 /* LaunchScreen.storyboard */; };
		7A16F06D1FD1B3C700D2FABD /* README.md in Resources */ = {isa = PBXBuildFile; fileRef = 7A16F06C1FD1B3C700D2FABD /* README.md */; };
		7A5744B621DE553600E58C7F /* UITests.swift in Sources */ = {isa = PBXBuildFile; fileRef = 7A5744B521DE553600E58C7F /* UITests.swift */; };
		7AB06C3FBBD2E9762FCD4F64 /* CustomerMasterViewController.swift in Sources */ = {isa = PBXBuildFile; fileRef = E2F731F1E3AA47A63576D6BB /* CustomerMasterViewController.swift */; };
		83B9C8D948FAF81C1C4528B9 /* LocalizedStrings.swift in Sources */ = {isa = PBXBuildFile; fileRef = 995F4B61D06D4E47170AFEA8 /* LocalizedStrings.swift */; };
		8A227847E0DEBDD642CD7C51 /* ApplicationUIManager.swift in Sources */ = {isa = PBXBuildFile; fileRef = EE0E2E05D275FD1CA98C7E31 /* ApplicationUIManager.swift */; };
		8B512CAC10CBFD82D6A3C30B /* CustomerDetailViewController.swift in Sources */ = {isa = PBXBuildFile; fileRef = 27C3D26466C2DAFA72FE74C7 /* CustomerDetailViewController.swift */; };
		8DEF6E006FD1078D6B174063 /* CellCreationHelper.swift in Sources */ = {isa = PBXBuildFile; fileRef = D8CDFCE52A8F0899F3669133 /* CellCreationHelper.swift */; };
		8E8EA296A727FBADA7D85128 /* PurchaseOrderHeader.storyboard in Resources */ = {isa = PBXBuildFile; fileRef = 2D8C462DAF023C6B54D8E621 /* PurchaseOrderHeader.storyboard */; };
		9AD8A74EDE0E7272202172E0 /* SharedFmwk.framework in Embed Frameworks */ = {isa = PBXBuildFile; fileRef = 9E17FAE7534E3FC6893A5199 /* SharedFmwk.framework */; settings = {ATTRIBUTES = (CodeSignOnCopy, ); }; };
		A0C319CA2330E252B32E00AE /* SAPOData.xcframework in Embed Frameworks */ = {isa = PBXBuildFile; fileRef = 15C83CFC2887930778589910 /* SAPOData.xcframework */; settings = {ATTRIBUTES = (CodeSignOnCopy, ); }; };
		A686DE163989FD1263717BDF /* SalesOrderHeaderMasterViewController.swift in Sources */ = {isa = PBXBuildFile; fileRef = 2FB99F6F7C91C6CE233D5D80 /* SalesOrderHeaderMasterViewController.swift */; };
		A84062081F549A3F0107EDF1 /* PurchaseOrderItem.storyboard in Resources */ = {isa = PBXBuildFile; fileRef = 01EC3FE6661B9992188438F4 /* PurchaseOrderItem.storyboard */; };
		AA3CDEBFD4B31C405131A5BA /* OfflineODataDelegateSample.swift in Sources */ = {isa = PBXBuildFile; fileRef = F378036A485205F05FD869E3 /* OfflineODataDelegateSample.swift */; };
		AC4EC40AFFA65B9A59057006 /* SAPFioriFlows.xcframework in Embed Frameworks */ = {isa = PBXBuildFile; fileRef = C2B0FCBEB321196D3D38E510 /* SAPFioriFlows.xcframework */; settings = {ATTRIBUTES = (CodeSignOnCopy, ); }; };
		ADBCBB27CD54B4AFCB09A22A /* ProductCategoryMasterViewController.swift in Sources */ = {isa = PBXBuildFile; fileRef = 87BC87D9E950D0C0373D85D9 /* ProductCategoryMasterViewController.swift */; };
		BE3A048A27848766000D8156 /* OverviewTableViewController.swift in Sources */ = {isa = PBXBuildFile; fileRef = BE3A048927848766000D8156 /* OverviewTableViewController.swift */; };
		BE3A048C2785ACF5000D8156 /* ProductsTableViewController.swift in Sources */ = {isa = PBXBuildFile; fileRef = BE3A048B2785ACF5000D8156 /* ProductsTableViewController.swift */; };
		BE3A048E2785B23F000D8156 /* CustomersTableViewController.swift in Sources */ = {isa = PBXBuildFile; fileRef = BE3A048D2785B23F000D8156 /* CustomersTableViewController.swift */; };
		BEFF7C452785BB8800F1223F /* SidebarTableViewController.swift in Sources */ = {isa = PBXBuildFile; fileRef = BEFF7C442785BB8800F1223F /* SidebarTableViewController.swift */; };
		BEFF7C472785BC6700F1223F /* AppDelegate+MenuBuilder.swift in Sources */ = {isa = PBXBuildFile; fileRef = BEFF7C462785BC6700F1223F /* AppDelegate+MenuBuilder.swift */; };
		BEFF7C492785BD3000F1223F /* Settings.bundle in Resources */ = {isa = PBXBuildFile; fileRef = BEFF7C482785BD3000F1223F /* Settings.bundle */; };
		C02CE7D4C47549FC4FB1D208 /* SAPFiori.xcframework in Embed Frameworks */ = {isa = PBXBuildFile; fileRef = 855773FF2FE140521848D9A6 /* SAPFiori.xcframework */; settings = {ATTRIBUTES = (CodeSignOnCopy, ); }; };
		CBCA7A991E3778A9001AF49E /* Main.storyboard in Resources */ = {isa = PBXBuildFile; fileRef = CBCA7A9B1E3778A9001AF49E /* Main.storyboard */; };
		CCD648CCC67A3D089FD12475 /* AppParameters.plist in Resources */ = {isa = PBXBuildFile; fileRef = 54FA4CACBF753DE9A29A5633 /* AppParameters.plist */; };
		CF58DF060E6DE6F46EECCA4B /* SAPFoundation.xcframework in Frameworks */ = {isa = PBXBuildFile; fileRef = D8C01D492789B38EA53F86C9 /* SAPFoundation.xcframework */; };
		D2A1FEFB2ADBAC6D3EDC93EA /* ESPMContainerFmwk.framework in Frameworks */ = {isa = PBXBuildFile; fileRef = B4993331FE3A2D6CD2384E36 /* ESPMContainerFmwk.framework */; };
		D3308DEFDEFFAEFE26EE34CF /* SAPOfflineOData.xcframework in Frameworks */ = {isa = PBXBuildFile; fileRef = B31A38D7E1E2562E031F9B38 /* SAPOfflineOData.xcframework */; };
		D5E244E7E7E2DA78322618A3 /* SalesOrderHeader.storyboard in Resources */ = {isa = PBXBuildFile; fileRef = A8DEF8E3155A88677130C717 /* SalesOrderHeader.storyboard */; };
		D86A66AB00612DD03B153866 /* SalesOrderHeaderDetailViewController.swift in Sources */ = {isa = PBXBuildFile; fileRef = D86F9D07632B68583465FC7C /* SalesOrderHeaderDetailViewController.swift */; };
		DB221AAD15ADE0DAEDDFC0E1 /* DestinationsViewController.swift in Sources */ = {isa = PBXBuildFile; fileRef = 5F19AFB56DED9787B972AD17 /* DestinationsViewController.swift */; };
		E39B3123F3CE1AF8101FD840 /* ProductTextDetailViewController.swift in Sources */ = {isa = PBXBuildFile; fileRef = 28CBCC3E8217075209DDA055 /* ProductTextDetailViewController.swift */; };
		E53869A62CF97BDB56FF1B8E /* OnboardingFlowProvider.swift in Sources */ = {isa = PBXBuildFile; fileRef = A413A3598D85507B36A8BE4F /* OnboardingFlowProvider.swift */; };
		F60D1F32073EB09BFB4037B1 /* ESPMContainer.storyboard in Resources */ = {isa = PBXBuildFile; fileRef = 10B03C6F710DAF4F730429B4 /* ESPMContainer.storyboard */; };
		F705A61F453693DBF7BF42FD /* SAPCommon.xcframework in Frameworks */ = {isa = PBXBuildFile; fileRef = 4E4F84D34CA1C06286F9AF34 /* SAPCommon.xcframework */; };
		FAB01F1C37D4FCF38643ABA6 /* ProductText.storyboard in Resources */ = {isa = PBXBuildFile; fileRef = 619FB24691F8672378F800E8 /* ProductText.storyboard */; };
/* End PBXBuildFile section */

/* Begin PBXContainerItemProxy section */
		7A5744B821DE553700E58C7F /* PBXContainerItemProxy */ = {
			isa = PBXContainerItemProxy;
			containerPortal = 7A1315AD1D4B982000A5DA56 /* Project object */;
			proxyType = 1;
			remoteGlobalIDString = 7A1315B41D4B982000A5DA56;
			remoteInfo = TutorialApp;
		};
/* End PBXContainerItemProxy section */

/* Begin PBXCopyFilesBuildPhase section */
		758AC1C31D5A265200311F39 /* Embed Frameworks */ = {
			isa = PBXCopyFilesBuildPhase;
			buildActionMask = 2147483647;
			dstPath = "";
			dstSubfolderSpec = 10;
			files = (
				C02CE7D4C47549FC4FB1D208 /* SAPFiori.xcframework in Embed Frameworks */,
				56AF96DDEA203603694176F5 /* SAPCommon.xcframework in Embed Frameworks */,
				1A734C860E30E3949F96E0D7 /* ESPMContainerFmwk.framework in Embed Frameworks */,
				78FD59E92C0A9E5E5D2BD781 /* SAPFoundation.xcframework in Embed Frameworks */,
				00F05614F416396AD25B7DA2 /* SAPOfflineOData.xcframework in Embed Frameworks */,
				9AD8A74EDE0E7272202172E0 /* SharedFmwk.framework in Embed Frameworks */,
				AC4EC40AFFA65B9A59057006 /* SAPFioriFlows.xcframework in Embed Frameworks */,
				A0C319CA2330E252B32E00AE /* SAPOData.xcframework in Embed Frameworks */,
			);
			name = "Embed Frameworks";
			runOnlyForDeploymentPostprocessing = 0;
		};
/* End PBXCopyFilesBuildPhase section */

/* Begin PBXFileReference section */
		07CD0C377B26D21E8809C228 /* Base */ = {isa = PBXFileReference; includeInIndex = 1; lastKnownFileType = file.storyboard; name = Base; path = Base.lproj/Customer.storyboard; sourceTree = "<group>"; };
		110B0BA292E932929F0F4425 /* Base */ = {isa = PBXFileReference; includeInIndex = 1; lastKnownFileType = file.storyboard; name = Base; path = Base.lproj/PurchaseOrderItem.storyboard; sourceTree = "<group>"; };
		1277F7601F8E66AC0060AF58 /* SAPLogo@2x.png */ = {isa = PBXFileReference; lastKnownFileType = image.png; path = "SAPLogo@2x.png"; sourceTree = "<group>"; };
		15C83CFC2887930778589910 /* SAPOData.xcframework */ = {isa = PBXFileReference; includeInIndex = 1; lastKnownFileType = wrapper.xcframework; name = SAPOData.xcframework; path = "../Release-xcframework/SAPOData.xcframework"; sourceTree = "<group>"; };
		15CD467763D145477D425E1A /* PurchaseOrderHeaderMasterViewController.swift */ = {isa = PBXFileReference; includeInIndex = 1; lastKnownFileType = sourcecode.swift; name = PurchaseOrderHeaderMasterViewController.swift; path = ViewControllers/ESPMContainer/PurchaseOrderHeader/PurchaseOrderHeaderMasterViewController.swift; sourceTree = "<group>"; };
		1963ABF3E08B63B92BADCE53 /* ProductMasterViewController.swift */ = {isa = PBXFileReference; includeInIndex = 1; lastKnownFileType = sourcecode.swift; name = ProductMasterViewController.swift; path = ViewControllers/ESPMContainer/Product/ProductMasterViewController.swift; sourceTree = "<group>"; };
		1A285B24D5388FE4C52304D2 /* ESPMContainerCollectionsViewController.swift */ = {isa = PBXFileReference; includeInIndex = 1; lastKnownFileType = sourcecode.swift; name = ESPMContainerCollectionsViewController.swift; path = ViewControllers/ESPMContainer/ESPMContainerCollectionsViewController.swift; sourceTree = "<group>"; };
		1E56106CA60A3342DB121B72 /* StockDetailViewController.swift */ = {isa = PBXFileReference; includeInIndex = 1; lastKnownFileType = sourcecode.swift; name = StockDetailViewController.swift; path = ViewControllers/ESPMContainer/Stock/StockDetailViewController.swift; sourceTree = "<group>"; };
		24F42439E0DF2C8FE8E89779 /* ODataOnboardingStep.swift */ = {isa = PBXFileReference; includeInIndex = 1; lastKnownFileType = sourcecode.swift; name = ODataOnboardingStep.swift; path = OData/ODataOnboardingStep.swift; sourceTree = "<group>"; };
		27C3D26466C2DAFA72FE74C7 /* CustomerDetailViewController.swift */ = {isa = PBXFileReference; includeInIndex = 1; lastKnownFileType = sourcecode.swift; name = CustomerDetailViewController.swift; path = ViewControllers/ESPMContainer/Customer/CustomerDetailViewController.swift; sourceTree = "<group>"; };
		28600E40BFD896BF19AA0873 /* Base */ = {isa = PBXFileReference; includeInIndex = 1; lastKnownFileType = file.storyboard; name = Base; path = Base.lproj/ProductCategory.storyboard; sourceTree = "<group>"; };
		28CBCC3E8217075209DDA055 /* ProductTextDetailViewController.swift */ = {isa = PBXFileReference; includeInIndex = 1; lastKnownFileType = sourcecode.swift; name = ProductTextDetailViewController.swift; path = ViewControllers/ESPMContainer/ProductText/ProductTextDetailViewController.swift; sourceTree = "<group>"; };
		2FB99F6F7C91C6CE233D5D80 /* SalesOrderHeaderMasterViewController.swift */ = {isa = PBXFileReference; includeInIndex = 1; lastKnownFileType = sourcecode.swift; name = SalesOrderHeaderMasterViewController.swift; path = ViewControllers/ESPMContainer/SalesOrderHeader/SalesOrderHeaderMasterViewController.swift; sourceTree = "<group>"; };
		30A12D4637EC589904A60360 /* ConfigurationProvider.plist */ = {isa = PBXFileReference; includeInIndex = 1; lastKnownFileType = text.plist.xml; name = ConfigurationProvider.plist; path = Onboarding/ConfigurationProvider.plist; sourceTree = "<group>"; };
		31F3FC08B6C808B92FA25C48 /* ProductCategoryDetailViewController.swift */ = {isa = PBXFileReference; includeInIndex = 1; lastKnownFileType = sourcecode.swift; name = ProductCategoryDetailViewController.swift; path = ViewControllers/ESPMContainer/ProductCategory/ProductCategoryDetailViewController.swift; sourceTree = "<group>"; };
		3EF2DF81D0CE9D82FE249534 /* Base */ = {isa = PBXFileReference; includeInIndex = 1; lastKnownFileType = file.storyboard; name = Base; path = Base.lproj/ProductText.storyboard; sourceTree = "<group>"; };
		46DE85337A3E082517FED292 /* Base */ = {isa = PBXFileReference; includeInIndex = 1; lastKnownFileType = file.storyboard; name = Base; path = Base.lproj/SalesOrderItem.storyboard; sourceTree = "<group>"; };
		499895C5624146D71097D2FE /* Base */ = {isa = PBXFileReference; includeInIndex = 1; lastKnownFileType = file.storyboard; name = Base; path = Base.lproj/SalesOrderHeader.storyboard; sourceTree = "<group>"; };
		4E4F84D34CA1C06286F9AF34 /* SAPCommon.xcframework */ = {isa = PBXFileReference; includeInIndex = 1; lastKnownFileType = wrapper.xcframework; name = SAPCommon.xcframework; path = "../Release-xcframework/SAPCommon.xcframework"; sourceTree = "<group>"; };
		5338D10881432EC95AD70A3E /* Base */ = {isa = PBXFileReference; includeInIndex = 1; lastKnownFileType = file.storyboard; name = Base; path = Base.lproj/Product.storyboard; sourceTree = "<group>"; };
		54FA4CACBF753DE9A29A5633 /* AppParameters.plist */ = {isa = PBXFileReference; includeInIndex = 1; lastKnownFileType = text.plist.xml; name = AppParameters.plist; path = Onboarding/AppParameters.plist; sourceTree = "<group>"; };
		5F19AFB56DED9787B972AD17 /* DestinationsViewController.swift */ = {isa = PBXFileReference; includeInIndex = 1; lastKnownFileType = sourcecode.swift; name = DestinationsViewController.swift; path = ViewControllers/DestinationsViewController.swift; sourceTree = "<group>"; };
		63550BE5DDD5F97377348E46 /* PurchaseOrderHeaderDetailViewController.swift */ = {isa = PBXFileReference; includeInIndex = 1; lastKnownFileType = sourcecode.swift; name = PurchaseOrderHeaderDetailViewController.swift; path = ViewControllers/ESPMContainer/PurchaseOrderHeader/PurchaseOrderHeaderDetailViewController.swift; sourceTree = "<group>"; };
		655DD7BE601A987C7CA790B2 /* SupplierDetailViewController.swift */ = {isa = PBXFileReference; includeInIndex = 1; lastKnownFileType = sourcecode.swift; name = SupplierDetailViewController.swift; path = ViewControllers/ESPMContainer/Supplier/SupplierDetailViewController.swift; sourceTree = "<group>"; };
		6CF8330001D7CDBB75B86888 /* Base */ = {isa = PBXFileReference; includeInIndex = 1; lastKnownFileType = file.storyboard; name = Base; path = Base.lproj/PurchaseOrderHeader.storyboard; sourceTree = "<group>"; };
		756ECC907D7391CC8525060F /* SAPFioriLoadingIndicator.swift */ = {isa = PBXFileReference; includeInIndex = 1; lastKnownFileType = sourcecode.swift; name = SAPFioriLoadingIndicator.swift; path = Utils/SAPFioriLoadingIndicator.swift; sourceTree = "<group>"; };
		79235BED864D82633BF26D7A /* AlertHelper.swift */ = {isa = PBXFileReference; includeInIndex = 1; lastKnownFileType = sourcecode.swift; name = AlertHelper.swift; path = Utils/AlertHelper.swift; sourceTree = "<group>"; };
		7A1315B51D4B982000A5DA56 /* TutorialApp.app */ = {isa = PBXFileReference; explicitFileType = wrapper.application; includeInIndex = 0; path = TutorialApp.app; sourceTree = BUILT_PRODUCTS_DIR; };
		7A1315B81D4B982000A5DA56 /* AppDelegate.swift */ = {isa = PBXFileReference; lastKnownFileType = sourcecode.swift; path = AppDelegate.swift; sourceTree = "<group>"; };
		7A1315C11D4B982000A5DA56 /* Assets.xcassets */ = {isa = PBXFileReference; lastKnownFileType = folder.assetcatalog; path = Assets.xcassets; sourceTree = "<group>"; };
		7A1315C41D4B982000A5DA56 /* Base */ = {isa = PBXFileReference; lastKnownFileType = file.storyboard; name = Base; path = Base.lproj/LaunchScreen.storyboard; sourceTree = "<group>"; };
		7A1315C61D4B982000A5DA56 /* Info.plist */ = {isa = PBXFileReference; lastKnownFileType = text.plist.xml; path = Info.plist; sourceTree = "<group>"; };
		7A16F06C1FD1B3C700D2FABD /* README.md */ = {isa = PBXFileReference; fileEncoding = 4; lastKnownFileType = net.daringfireball.markdown; path = README.md; sourceTree = "<group>"; };
		7A5744B321DE553600E58C7F /* UITests.xctest */ = {isa = PBXFileReference; explicitFileType = wrapper.cfbundle; includeInIndex = 0; path = UITests.xctest; sourceTree = BUILT_PRODUCTS_DIR; };
		7A5744B521DE553600E58C7F /* UITests.swift */ = {isa = PBXFileReference; lastKnownFileType = sourcecode.swift; path = UITests.swift; sourceTree = "<group>"; };
		7A5744B721DE553700E58C7F /* Info.plist */ = {isa = PBXFileReference; lastKnownFileType = text.plist.xml; path = Info.plist; sourceTree = "<group>"; };
		855773FF2FE140521848D9A6 /* SAPFiori.xcframework */ = {isa = PBXFileReference; includeInIndex = 1; lastKnownFileType = wrapper.xcframework; name = SAPFiori.xcframework; path = "../Release-xcframework/SAPFiori.xcframework"; sourceTree = "<group>"; };
		87BC87D9E950D0C0373D85D9 /* ProductCategoryMasterViewController.swift */ = {isa = PBXFileReference; includeInIndex = 1; lastKnownFileType = sourcecode.swift; name = ProductCategoryMasterViewController.swift; path = ViewControllers/ESPMContainer/ProductCategory/ProductCategoryMasterViewController.swift; sourceTree = "<group>"; };
		9137606C255ABF5C0059ABE7 /* TutorialApp.entitlements */ = {isa = PBXFileReference; fileEncoding = 4; lastKnownFileType = text.plist.entitlements; path = TutorialApp.entitlements; sourceTree = "<group>"; };
		995F4B61D06D4E47170AFEA8 /* LocalizedStrings.swift */ = {isa = PBXFileReference; includeInIndex = 1; lastKnownFileType = sourcecode.swift; path = LocalizedStrings.swift; sourceTree = "<group>"; };
		9C7866E577B573BE3A528F92 /* SalesOrderItemDetailViewController.swift */ = {isa = PBXFileReference; includeInIndex = 1; lastKnownFileType = sourcecode.swift; name = SalesOrderItemDetailViewController.swift; path = ViewControllers/ESPMContainer/SalesOrderItem/SalesOrderItemDetailViewController.swift; sourceTree = "<group>"; };
		9E17FAE7534E3FC6893A5199 /* SharedFmwk.framework */ = {isa = PBXFileReference; explicitFileType = wrapper.framework; includeInIndex = 1; path = SharedFmwk.framework; sourceTree = BUILT_PRODUCTS_DIR; };
		A0D2E5A512A776BDF707E457 /* PurchaseOrderItemMasterViewController.swift */ = {isa = PBXFileReference; includeInIndex = 1; lastKnownFileType = sourcecode.swift; name = PurchaseOrderItemMasterViewController.swift; path = ViewControllers/ESPMContainer/PurchaseOrderItem/PurchaseOrderItemMasterViewController.swift; sourceTree = "<group>"; };
		A413A3598D85507B36A8BE4F /* OnboardingFlowProvider.swift */ = {isa = PBXFileReference; includeInIndex = 1; lastKnownFileType = sourcecode.swift; name = OnboardingFlowProvider.swift; path = Onboarding/OnboardingFlowProvider.swift; sourceTree = "<group>"; };
		ADF610094672CC77FAB12EA1 /* SupplierMasterViewController.swift */ = {isa = PBXFileReference; includeInIndex = 1; lastKnownFileType = sourcecode.swift; name = SupplierMasterViewController.swift; path = ViewControllers/ESPMContainer/Supplier/SupplierMasterViewController.swift; sourceTree = "<group>"; };
		B31A38D7E1E2562E031F9B38 /* SAPOfflineOData.xcframework */ = {isa = PBXFileReference; includeInIndex = 1; lastKnownFileType = wrapper.xcframework; name = SAPOfflineOData.xcframework; path = "../Release-xcframework/SAPOfflineOData.xcframework"; sourceTree = "<group>"; };
		B4993331FE3A2D6CD2384E36 /* ESPMContainerFmwk.framework */ = {isa = PBXFileReference; explicitFileType = wrapper.framework; includeInIndex = 1; path = ESPMContainerFmwk.framework; sourceTree = BUILT_PRODUCTS_DIR; };
		BE3A048927848766000D8156 /* OverviewTableViewController.swift */ = {isa = PBXFileReference; lastKnownFileType = sourcecode.swift; path = OverviewTableViewController.swift; sourceTree = "<group>"; };
		BE3A048B2785ACF5000D8156 /* ProductsTableViewController.swift */ = {isa = PBXFileReference; lastKnownFileType = sourcecode.swift; path = ProductsTableViewController.swift; sourceTree = "<group>"; };
		BE3A048D2785B23F000D8156 /* CustomersTableViewController.swift */ = {isa = PBXFileReference; lastKnownFileType = sourcecode.swift; path = CustomersTableViewController.swift; sourceTree = "<group>"; };
		BEFF7C442785BB8800F1223F /* SidebarTableViewController.swift */ = {isa = PBXFileReference; lastKnownFileType = sourcecode.swift; path = SidebarTableViewController.swift; sourceTree = "<group>"; };
		BEFF7C462785BC6700F1223F /* AppDelegate+MenuBuilder.swift */ = {isa = PBXFileReference; lastKnownFileType = sourcecode.swift; path = "AppDelegate+MenuBuilder.swift"; sourceTree = "<group>"; };
		BEFF7C482785BD3000F1223F /* Settings.bundle */ = {isa = PBXFileReference; lastKnownFileType = "wrapper.plug-in"; path = Settings.bundle; sourceTree = "<group>"; };
		C0CAB8E8FE005C71EF457E47 /* SalesOrderItemMasterViewController.swift */ = {isa = PBXFileReference; includeInIndex = 1; lastKnownFileType = sourcecode.swift; name = SalesOrderItemMasterViewController.swift; path = ViewControllers/ESPMContainer/SalesOrderItem/SalesOrderItemMasterViewController.swift; sourceTree = "<group>"; };
		C2B0FCBEB321196D3D38E510 /* SAPFioriFlows.xcframework */ = {isa = PBXFileReference; includeInIndex = 1; lastKnownFileType = wrapper.xcframework; name = SAPFioriFlows.xcframework; path = "../Release-xcframework/SAPFioriFlows.xcframework"; sourceTree = "<group>"; };
		CB909D801E38CA8800218154 /* Base */ = {isa = PBXFileReference; lastKnownFileType = file.storyboard; name = Base; path = Base.lproj/Main.storyboard; sourceTree = "<group>"; };
		CE490FB59C21CCE477B42FFB /* ProductDetailViewController.swift */ = {isa = PBXFileReference; includeInIndex = 1; lastKnownFileType = sourcecode.swift; name = ProductDetailViewController.swift; path = ViewControllers/ESPMContainer/Product/ProductDetailViewController.swift; sourceTree = "<group>"; };
		D86F9D07632B68583465FC7C /* SalesOrderHeaderDetailViewController.swift */ = {isa = PBXFileReference; includeInIndex = 1; lastKnownFileType = sourcecode.swift; name = SalesOrderHeaderDetailViewController.swift; path = ViewControllers/ESPMContainer/SalesOrderHeader/SalesOrderHeaderDetailViewController.swift; sourceTree = "<group>"; };
		D8C01D492789B38EA53F86C9 /* SAPFoundation.xcframework */ = {isa = PBXFileReference; includeInIndex = 1; lastKnownFileType = wrapper.xcframework; name = SAPFoundation.xcframework; path = "../Release-xcframework/SAPFoundation.xcframework"; sourceTree = "<group>"; };
		D8CDFCE52A8F0899F3669133 /* CellCreationHelper.swift */ = {isa = PBXFileReference; includeInIndex = 1; lastKnownFileType = sourcecode.swift; name = CellCreationHelper.swift; path = Utils/CellCreationHelper.swift; sourceTree = "<group>"; };
		D9B1511583B9567C434B8BBB /* OnboardingErrorHandler.swift */ = {isa = PBXFileReference; includeInIndex = 1; lastKnownFileType = sourcecode.swift; name = OnboardingErrorHandler.swift; path = Onboarding/OnboardingErrorHandler.swift; sourceTree = "<group>"; };
		DA4F6605242415E93058770A /* ProductTextMasterViewController.swift */ = {isa = PBXFileReference; includeInIndex = 1; lastKnownFileType = sourcecode.swift; name = ProductTextMasterViewController.swift; path = ViewControllers/ESPMContainer/ProductText/ProductTextMasterViewController.swift; sourceTree = "<group>"; };
		DC5A0CE2D4F525620E47EA2D /* StockMasterViewController.swift */ = {isa = PBXFileReference; includeInIndex = 1; lastKnownFileType = sourcecode.swift; name = StockMasterViewController.swift; path = ViewControllers/ESPMContainer/Stock/StockMasterViewController.swift; sourceTree = "<group>"; };
		E2F731F1E3AA47A63576D6BB /* CustomerMasterViewController.swift */ = {isa = PBXFileReference; includeInIndex = 1; lastKnownFileType = sourcecode.swift; name = CustomerMasterViewController.swift; path = ViewControllers/ESPMContainer/Customer/CustomerMasterViewController.swift; sourceTree = "<group>"; };
		E3BA1DD20007EE848548895F /* Base */ = {isa = PBXFileReference; includeInIndex = 1; lastKnownFileType = file.storyboard; name = Base; path = Base.lproj/Supplier.storyboard; sourceTree = "<group>"; };
		E69438413E41A0F88B6BFEDF /* Base */ = {isa = PBXFileReference; includeInIndex = 1; lastKnownFileType = file.storyboard; name = Base; path = Base.lproj/Stock.storyboard; sourceTree = "<group>"; };
		EAD904ADEB2C961CE8367A74 /* Base */ = {isa = PBXFileReference; includeInIndex = 1; lastKnownFileType = file.storyboard; name = Base; path = Base.lproj/ESPMContainer.storyboard; sourceTree = "<group>"; };
		EE0E2E05D275FD1CA98C7E31 /* ApplicationUIManager.swift */ = {isa = PBXFileReference; includeInIndex = 1; lastKnownFileType = sourcecode.swift; name = ApplicationUIManager.swift; path = Onboarding/ApplicationUIManager.swift; sourceTree = "<group>"; };
		F378036A485205F05FD869E3 /* OfflineODataDelegateSample.swift */ = {isa = PBXFileReference; includeInIndex = 1; lastKnownFileType = sourcecode.swift; name = OfflineODataDelegateSample.swift; path = OData/OfflineODataDelegateSample.swift; sourceTree = "<group>"; };
		F63C234125293CD1D5C2927A /* PurchaseOrderItemDetailViewController.swift */ = {isa = PBXFileReference; includeInIndex = 1; lastKnownFileType = sourcecode.swift; name = PurchaseOrderItemDetailViewController.swift; path = ViewControllers/ESPMContainer/PurchaseOrderItem/PurchaseOrderItemDetailViewController.swift; sourceTree = "<group>"; };
/* End PBXFileReference section */

/* Begin PBXFrameworksBuildPhase section */
		7A1315B21D4B982000A5DA56 /* Frameworks */ = {
			isa = PBXFrameworksBuildPhase;
			buildActionMask = 2147483647;
			files = (
				1B03B0097030D57F92C29712 /* SAPFiori.xcframework in Frameworks */,
				F705A61F453693DBF7BF42FD /* SAPCommon.xcframework in Frameworks */,
				D2A1FEFB2ADBAC6D3EDC93EA /* ESPMContainerFmwk.framework in Frameworks */,
				CF58DF060E6DE6F46EECCA4B /* SAPFoundation.xcframework in Frameworks */,
				D3308DEFDEFFAEFE26EE34CF /* SAPOfflineOData.xcframework in Frameworks */,
				7724C674910CFC746C96CB86 /* SharedFmwk.framework in Frameworks */,
				462CE5BC9ECAFCFE6D21D527 /* SAPFioriFlows.xcframework in Frameworks */,
				31A4DBBB5C5FD82F769C207B /* SAPOData.xcframework in Frameworks */,
			);
			runOnlyForDeploymentPostprocessing = 0;
		};
		7A5744B021DE553600E58C7F /* Frameworks */ = {
			isa = PBXFrameworksBuildPhase;
			buildActionMask = 2147483647;
			files = (
			);
			runOnlyForDeploymentPostprocessing = 0;
		};
/* End PBXFrameworksBuildPhase section */

/* Begin PBXGroup section */
		0E4EC01D40C862D35ABB7350 /* Supplier */ = {
			isa = PBXGroup;
			children = (
				ADF610094672CC77FAB12EA1 /* SupplierMasterViewController.swift */,
				655DD7BE601A987C7CA790B2 /* SupplierDetailViewController.swift */,
				F48E7E3F7FB272D0135DFEC9 /* Supplier.storyboard */,
			);
			name = Supplier;
			sourceTree = "<group>";
		};
		18C5C32C6E84EA5AAA7465CD /* Product */ = {
			isa = PBXGroup;
			children = (
				1963ABF3E08B63B92BADCE53 /* ProductMasterViewController.swift */,
				CE490FB59C21CCE477B42FFB /* ProductDetailViewController.swift */,
				529492015D2C5EE0E2CA38D8 /* Product.storyboard */,
			);
			name = Product;
			sourceTree = "<group>";
		};
		2F933E8FFA7C9C23F8D71A18 /* SalesOrderItem */ = {
			isa = PBXGroup;
			children = (
				C0CAB8E8FE005C71EF457E47 /* SalesOrderItemMasterViewController.swift */,
				9C7866E577B573BE3A528F92 /* SalesOrderItemDetailViewController.swift */,
				6183CF578EA767F85DB36E0D /* SalesOrderItem.storyboard */,
			);
			name = SalesOrderItem;
			sourceTree = "<group>";
		};
		319EF081225FC34E3E846926 /* PurchaseOrderItem */ = {
			isa = PBXGroup;
			children = (
				A0D2E5A512A776BDF707E457 /* PurchaseOrderItemMasterViewController.swift */,
				F63C234125293CD1D5C2927A /* PurchaseOrderItemDetailViewController.swift */,
				01EC3FE6661B9992188438F4 /* PurchaseOrderItem.storyboard */,
			);
			name = PurchaseOrderItem;
			sourceTree = "<group>";
		};
		51CE88167120D279923E4EC8 /* PurchaseOrderHeader */ = {
			isa = PBXGroup;
			children = (
				15CD467763D145477D425E1A /* PurchaseOrderHeaderMasterViewController.swift */,
				63550BE5DDD5F97377348E46 /* PurchaseOrderHeaderDetailViewController.swift */,
				2D8C462DAF023C6B54D8E621 /* PurchaseOrderHeader.storyboard */,
			);
			name = PurchaseOrderHeader;
			sourceTree = "<group>";
		};
		52B59ED33A1E5CDC8DE7A9FF /* Stock */ = {
			isa = PBXGroup;
			children = (
				DC5A0CE2D4F525620E47EA2D /* StockMasterViewController.swift */,
				1E56106CA60A3342DB121B72 /* StockDetailViewController.swift */,
				1D96DE63D0CCD278670F6E8C /* Stock.storyboard */,
			);
			name = Stock;
			sourceTree = "<group>";
		};
		5781E995912A51F7F966B7B2 /* Utils */ = {
			isa = PBXGroup;
			children = (
				756ECC907D7391CC8525060F /* SAPFioriLoadingIndicator.swift */,
				D8CDFCE52A8F0899F3669133 /* CellCreationHelper.swift */,
				79235BED864D82633BF26D7A /* AlertHelper.swift */,
			);
			name = Utils;
			sourceTree = "<group>";
		};
		7A1315AC1D4B982000A5DA56 = {
			isa = PBXGroup;
			children = (
				7A16F06C1FD1B3C700D2FABD /* README.md */,
				7A1315B71D4B982000A5DA56 /* TutorialApp */,
				7A5744B421DE553600E58C7F /* UITests */,
				7A1315B61D4B982000A5DA56 /* Products */,
				7A1315CC1D4B990B00A5DA56 /* Frameworks */,
			);
			sourceTree = "<group>";
		};
		7A1315B61D4B982000A5DA56 /* Products */ = {
			isa = PBXGroup;
			children = (
				7A1315B51D4B982000A5DA56 /* TutorialApp.app */,
				7A5744B321DE553600E58C7F /* UITests.xctest */,
			);
			name = Products;
			sourceTree = "<group>";
		};
		7A1315B71D4B982000A5DA56 /* TutorialApp */ = {
			isa = PBXGroup;
			children = (
				9137606C255ABF5C0059ABE7 /* TutorialApp.entitlements */,
				7A1315B81D4B982000A5DA56 /* AppDelegate.swift */,
				CBCA7A9B1E3778A9001AF49E /* Main.storyboard */,
				7A1315C11D4B982000A5DA56 /* Assets.xcassets */,
				7A1315C31D4B982000A5DA56 /* LaunchScreen.storyboard */,
				1277F7601F8E66AC0060AF58 /* SAPLogo@2x.png */,
				7A1315C61D4B982000A5DA56 /* Info.plist */,
				DD12B1B4A6E14F270F3426CC /* ViewControllers */,
				5781E995912A51F7F966B7B2 /* Utils */,
				9B4C6B51EA98675F04DE6C5B /* OData */,
				E9C4262E9E89C7AE9DB02607 /* Onboarding */,
				995F4B61D06D4E47170AFEA8 /* LocalizedStrings.swift */,
				BE3A048927848766000D8156 /* OverviewTableViewController.swift */,
				BE3A048B2785ACF5000D8156 /* ProductsTableViewController.swift */,
				BE3A048D2785B23F000D8156 /* CustomersTableViewController.swift */,
				BEFF7C442785BB8800F1223F /* SidebarTableViewController.swift */,
				BEFF7C462785BC6700F1223F /* AppDelegate+MenuBuilder.swift */,
				BEFF7C482785BD3000F1223F /* Settings.bundle */,
			);
			path = TutorialApp;
			sourceTree = "<group>";
		};
		7A1315CC1D4B990B00A5DA56 /* Frameworks */ = {
			isa = PBXGroup;
			children = (
				855773FF2FE140521848D9A6 /* SAPFiori.xcframework */,
				4E4F84D34CA1C06286F9AF34 /* SAPCommon.xcframework */,
				B4993331FE3A2D6CD2384E36 /* ESPMContainerFmwk.framework */,
				D8C01D492789B38EA53F86C9 /* SAPFoundation.xcframework */,
				B31A38D7E1E2562E031F9B38 /* SAPOfflineOData.xcframework */,
				9E17FAE7534E3FC6893A5199 /* SharedFmwk.framework */,
				C2B0FCBEB321196D3D38E510 /* SAPFioriFlows.xcframework */,
				15C83CFC2887930778589910 /* SAPOData.xcframework */,
			);
			name = Frameworks;
			sourceTree = "<group>";
		};
		7A5744B421DE553600E58C7F /* UITests */ = {
			isa = PBXGroup;
			children = (
				7A5744B521DE553600E58C7F /* UITests.swift */,
				7A5744B721DE553700E58C7F /* Info.plist */,
			);
			path = UITests;
			sourceTree = "<group>";
		};
		7B4627047E08ADEB73348B0E /* SalesOrderHeader */ = {
			isa = PBXGroup;
			children = (
				2FB99F6F7C91C6CE233D5D80 /* SalesOrderHeaderMasterViewController.swift */,
				D86F9D07632B68583465FC7C /* SalesOrderHeaderDetailViewController.swift */,
				A8DEF8E3155A88677130C717 /* SalesOrderHeader.storyboard */,
			);
			name = SalesOrderHeader;
			sourceTree = "<group>";
		};
		8062A159A4ADF3C4C8C06F6B /* Customer */ = {
			isa = PBXGroup;
			children = (
				E2F731F1E3AA47A63576D6BB /* CustomerMasterViewController.swift */,
				27C3D26466C2DAFA72FE74C7 /* CustomerDetailViewController.swift */,
				0547B7045856D8AA5BFB745E /* Customer.storyboard */,
			);
			name = Customer;
			sourceTree = "<group>";
		};
		8D5EC99BC6EB5E720F260D65 /* ProductCategory */ = {
			isa = PBXGroup;
			children = (
				87BC87D9E950D0C0373D85D9 /* ProductCategoryMasterViewController.swift */,
				31F3FC08B6C808B92FA25C48 /* ProductCategoryDetailViewController.swift */,
				76871FE47150DEC4A191851F /* ProductCategory.storyboard */,
			);
			name = ProductCategory;
			sourceTree = "<group>";
		};
		9B4C6B51EA98675F04DE6C5B /* OData */ = {
			isa = PBXGroup;
			children = (
				F378036A485205F05FD869E3 /* OfflineODataDelegateSample.swift */,
				24F42439E0DF2C8FE8E89779 /* ODataOnboardingStep.swift */,
			);
			name = OData;
			sourceTree = "<group>";
		};
		C5E0BEB1A67F1EFE852EA024 /* ESPMContainer */ = {
			isa = PBXGroup;
			children = (
				0E4EC01D40C862D35ABB7350 /* Supplier */,
				52B59ED33A1E5CDC8DE7A9FF /* Stock */,
				2F933E8FFA7C9C23F8D71A18 /* SalesOrderItem */,
				7B4627047E08ADEB73348B0E /* SalesOrderHeader */,
				319EF081225FC34E3E846926 /* PurchaseOrderItem */,
				51CE88167120D279923E4EC8 /* PurchaseOrderHeader */,
				D8C6AA490978A93D22D901C1 /* ProductText */,
				8D5EC99BC6EB5E720F260D65 /* ProductCategory */,
				18C5C32C6E84EA5AAA7465CD /* Product */,
				8062A159A4ADF3C4C8C06F6B /* Customer */,
				1A285B24D5388FE4C52304D2 /* ESPMContainerCollectionsViewController.swift */,
				10B03C6F710DAF4F730429B4 /* ESPMContainer.storyboard */,
			);
			name = ESPMContainer;
			sourceTree = "<group>";
		};
		D8C6AA490978A93D22D901C1 /* ProductText */ = {
			isa = PBXGroup;
			children = (
				DA4F6605242415E93058770A /* ProductTextMasterViewController.swift */,
				28CBCC3E8217075209DDA055 /* ProductTextDetailViewController.swift */,
				619FB24691F8672378F800E8 /* ProductText.storyboard */,
			);
			name = ProductText;
			sourceTree = "<group>";
		};
		DD12B1B4A6E14F270F3426CC /* ViewControllers */ = {
			isa = PBXGroup;
			children = (
				C5E0BEB1A67F1EFE852EA024 /* ESPMContainer */,
				5F19AFB56DED9787B972AD17 /* DestinationsViewController.swift */,
			);
			name = ViewControllers;
			sourceTree = "<group>";
		};
		E9C4262E9E89C7AE9DB02607 /* Onboarding */ = {
			isa = PBXGroup;
			children = (
				A413A3598D85507B36A8BE4F /* OnboardingFlowProvider.swift */,
				D9B1511583B9567C434B8BBB /* OnboardingErrorHandler.swift */,
				EE0E2E05D275FD1CA98C7E31 /* ApplicationUIManager.swift */,
				30A12D4637EC589904A60360 /* ConfigurationProvider.plist */,
				54FA4CACBF753DE9A29A5633 /* AppParameters.plist */,
			);
			name = Onboarding;
			sourceTree = "<group>";
		};
/* End PBXGroup section */

/* Begin PBXNativeTarget section */
		7A1315B41D4B982000A5DA56 /* TutorialApp */ = {
			isa = PBXNativeTarget;
			buildConfigurationList = 7A1315C91D4B982000A5DA56 /* Build configuration list for PBXNativeTarget "TutorialApp" */;
			buildPhases = (
				AE0C88F42403A2B5002A9565 /* Codesign Binaries */,
				7A1315B11D4B982000A5DA56 /* Sources */,
				7A1315B21D4B982000A5DA56 /* Frameworks */,
				7A1315B31D4B982000A5DA56 /* Resources */,
				758AC1C31D5A265200311F39 /* Embed Frameworks */,
			);
			buildRules = (
			);
			dependencies = (
			);
			name = TutorialApp;
			productName = TutorialApp;
			productReference = 7A1315B51D4B982000A5DA56 /* TutorialApp.app */;
			productType = "com.apple.product-type.application";
		};
		7A5744B221DE553600E58C7F /* UITests */ = {
			isa = PBXNativeTarget;
			buildConfigurationList = 7A5744BC21DE553700E58C7F /* Build configuration list for PBXNativeTarget "UITests" */;
			buildPhases = (
				7A5744AF21DE553600E58C7F /* Sources */,
				7A5744B021DE553600E58C7F /* Frameworks */,
				7A5744B121DE553600E58C7F /* Resources */,
			);
			buildRules = (
			);
			dependencies = (
				7A5744B921DE553700E58C7F /* PBXTargetDependency */,
			);
			name = UITests;
			productName = UITests;
			productReference = 7A5744B321DE553600E58C7F /* UITests.xctest */;
			productType = "com.apple.product-type.bundle.ui-testing";
		};
/* End PBXNativeTarget section */

/* Begin PBXProject section */
		7A1315AD1D4B982000A5DA56 /* Project object */ = {
			isa = PBXProject;
			attributes = {
				LastSwiftUpdateCheck = 1010;
				LastUpgradeCheck = 1200;
				ORGANIZATIONNAME = SAP;
				TargetAttributes = {
					7A1315B41D4B982000A5DA56 = {
						CreatedOnToolsVersion = 8.0;
						LastSwiftMigration = 1000;
						ProvisioningStyle = Automatic;
					};
					7A5744B221DE553600E58C7F = {
						CreatedOnToolsVersion = 10.1;
						ProvisioningStyle = Automatic;
						TestTargetID = 7A1315B41D4B982000A5DA56;
					};
				};
			};
			buildConfigurationList = 7A1315B01D4B982000A5DA56 /* Build configuration list for PBXProject "TutorialApp" */;
			compatibilityVersion = "Xcode 3.2";
			developmentRegion = en;
			hasScannedForEncodings = 0;
			knownRegions = (
				en,
				Base,
			);
			mainGroup = 7A1315AC1D4B982000A5DA56;
			productRefGroup = 7A1315B61D4B982000A5DA56 /* Products */;
			projectDirPath = "";
			projectRoot = "";
			targets = (
				7A1315B41D4B982000A5DA56 /* TutorialApp */,
				7A5744B221DE553600E58C7F /* UITests */,
			);
		};
/* End PBXProject section */

/* Begin PBXResourcesBuildPhase section */
		7A1315B31D4B982000A5DA56 /* Resources */ = {
			isa = PBXResourcesBuildPhase;
			buildActionMask = 2147483647;
			files = (
				7A16F06D1FD1B3C700D2FABD /* README.md in Resources */,
				BEFF7C492785BD3000F1223F /* Settings.bundle in Resources */,
				7A1315C51D4B982000A5DA56 /* LaunchScreen.storyboard in Resources */,
				7A1315C21D4B982000A5DA56 /* Assets.xcassets in Resources */,
				CBCA7A991E3778A9001AF49E /* Main.storyboard in Resources */,
				1277F7611F8E66AF0060AF58 /* SAPLogo@2x.png in Resources */,
				3E5E0817F749105B8E8E75A3 /* Supplier.storyboard in Resources */,
				3687824679F5995A1EC302D7 /* Stock.storyboard in Resources */,
				4346A17301AA2432C7011B79 /* SalesOrderItem.storyboard in Resources */,
				D5E244E7E7E2DA78322618A3 /* SalesOrderHeader.storyboard in Resources */,
				A84062081F549A3F0107EDF1 /* PurchaseOrderItem.storyboard in Resources */,
				8E8EA296A727FBADA7D85128 /* PurchaseOrderHeader.storyboard in Resources */,
				FAB01F1C37D4FCF38643ABA6 /* ProductText.storyboard in Resources */,
				2A808D3DE310A99048012202 /* ProductCategory.storyboard in Resources */,
				5041B4F67BB348F6B5747600 /* Product.storyboard in Resources */,
				26046B5AEDBA1C426CB938BB /* Customer.storyboard in Resources */,
				F60D1F32073EB09BFB4037B1 /* ESPMContainer.storyboard in Resources */,
				04A8013264AF3C8E02CF70B3 /* ConfigurationProvider.plist in Resources */,
				CCD648CCC67A3D089FD12475 /* AppParameters.plist in Resources */,
			);
			runOnlyForDeploymentPostprocessing = 0;
		};
		7A5744B121DE553600E58C7F /* Resources */ = {
			isa = PBXResourcesBuildPhase;
			buildActionMask = 2147483647;
			files = (
			);
			runOnlyForDeploymentPostprocessing = 0;
		};
/* End PBXResourcesBuildPhase section */

/* Begin PBXShellScriptBuildPhase section */
		AE0C88F42403A2B5002A9565 /* Codesign Binaries */ = {
			isa = PBXShellScriptBuildPhase;
			buildActionMask = 2147483647;
			files = (
			);
			inputFileListPaths = (
			);
			inputPaths = (
			);
			name = "Codesign Binaries";
			outputFileListPaths = (
			);
			outputPaths = (
			);
			runOnlyForDeploymentPostprocessing = 0;
			shellPath = /bin/sh;
			shellScript = "python ../scripts/codesign.py\n";
		};
/* End PBXShellScriptBuildPhase section */

/* Begin PBXSourcesBuildPhase section */
		7A1315B11D4B982000A5DA56 /* Sources */ = {
			isa = PBXSourcesBuildPhase;
			buildActionMask = 2147483647;
			files = (
				7A1315B91D4B982000A5DA56 /* AppDelegate.swift in Sources */,
				40A2584ABF816D9E47C01CF2 /* SupplierMasterViewController.swift in Sources */,
				531DEA7E7D2ED1B0E8C09365 /* SupplierDetailViewController.swift in Sources */,
				63DF67AEC360420B4637E8BA /* StockMasterViewController.swift in Sources */,
				47919AB2F535EF4CDA98E3BD /* StockDetailViewController.swift in Sources */,
				2DC8A53D2EA43AAD1468CBC1 /* SalesOrderItemMasterViewController.swift in Sources */,
				0745D9AED8231B370B08F1A2 /* SalesOrderItemDetailViewController.swift in Sources */,
				A686DE163989FD1263717BDF /* SalesOrderHeaderMasterViewController.swift in Sources */,
				D86A66AB00612DD03B153866 /* SalesOrderHeaderDetailViewController.swift in Sources */,
				BE3A048C2785ACF5000D8156 /* ProductsTableViewController.swift in Sources */,
				6178845F2A535BCF26D1BB93 /* PurchaseOrderItemMasterViewController.swift in Sources */,
				5C1E173297136C8572CAA430 /* PurchaseOrderItemDetailViewController.swift in Sources */,
				1330099451C2BC4F22828A97 /* PurchaseOrderHeaderMasterViewController.swift in Sources */,
				5CDA3727CE8EBCF3A9AFF58B /* PurchaseOrderHeaderDetailViewController.swift in Sources */,
				52325A0D009B62CE6F43B780 /* ProductTextMasterViewController.swift in Sources */,
				E39B3123F3CE1AF8101FD840 /* ProductTextDetailViewController.swift in Sources */,
				ADBCBB27CD54B4AFCB09A22A /* ProductCategoryMasterViewController.swift in Sources */,
				BE3A048E2785B23F000D8156 /* CustomersTableViewController.swift in Sources */,
				10EEA7CA2520B52FAE42112C /* ProductCategoryDetailViewController.swift in Sources */,
				1D5A68D60FB9C01AA584A626 /* ProductMasterViewController.swift in Sources */,
				23A9AD930AE374C9D53F8E27 /* ProductDetailViewController.swift in Sources */,
				BEFF7C472785BC6700F1223F /* AppDelegate+MenuBuilder.swift in Sources */,
				7AB06C3FBBD2E9762FCD4F64 /* CustomerMasterViewController.swift in Sources */,
				8B512CAC10CBFD82D6A3C30B /* CustomerDetailViewController.swift in Sources */,
				675F79BF62C476468944AD71 /* ESPMContainerCollectionsViewController.swift in Sources */,
				DB221AAD15ADE0DAEDDFC0E1 /* DestinationsViewController.swift in Sources */,
				58C4090980D0432EB909A7D0 /* SAPFioriLoadingIndicator.swift in Sources */,
				8DEF6E006FD1078D6B174063 /* CellCreationHelper.swift in Sources */,
				2852A31F1F3EA5859C7E5DDE /* AlertHelper.swift in Sources */,
				AA3CDEBFD4B31C405131A5BA /* OfflineODataDelegateSample.swift in Sources */,
				BE3A048A27848766000D8156 /* OverviewTableViewController.swift in Sources */,
				73FCE47907C3D3EC33866BEF /* ODataOnboardingStep.swift in Sources */,
				E53869A62CF97BDB56FF1B8E /* OnboardingFlowProvider.swift in Sources */,
				BEFF7C452785BB8800F1223F /* SidebarTableViewController.swift in Sources */,
				088327042E94372B120B9D6D /* OnboardingErrorHandler.swift in Sources */,
				8A227847E0DEBDD642CD7C51 /* ApplicationUIManager.swift in Sources */,
				83B9C8D948FAF81C1C4528B9 /* LocalizedStrings.swift in Sources */,
			);
			runOnlyForDeploymentPostprocessing = 0;
		};
		7A5744AF21DE553600E58C7F /* Sources */ = {
			isa = PBXSourcesBuildPhase;
			buildActionMask = 2147483647;
			files = (
				7A5744B621DE553600E58C7F /* UITests.swift in Sources */,
			);
			runOnlyForDeploymentPostprocessing = 0;
		};
/* End PBXSourcesBuildPhase section */

/* Begin PBXTargetDependency section */
		7A5744B921DE553700E58C7F /* PBXTargetDependency */ = {
			isa = PBXTargetDependency;
			target = 7A1315B41D4B982000A5DA56 /* TutorialApp */;
			targetProxy = 7A5744B821DE553700E58C7F /* PBXContainerItemProxy */;
		};
/* End PBXTargetDependency section */

/* Begin PBXVariantGroup section */
		01EC3FE6661B9992188438F4 /* PurchaseOrderItem.storyboard */ = {
			isa = PBXVariantGroup;
			children = (
				110B0BA292E932929F0F4425 /* Base */,
			);
			name = PurchaseOrderItem.storyboard;
			path = ViewControllers/ESPMContainer/PurchaseOrderItem;
			sourceTree = "<group>";
		};
		0547B7045856D8AA5BFB745E /* Customer.storyboard */ = {
			isa = PBXVariantGroup;
			children = (
				07CD0C377B26D21E8809C228 /* Base */,
			);
			name = Customer.storyboard;
			path = ViewControllers/ESPMContainer/Customer;
			sourceTree = "<group>";
		};
		10B03C6F710DAF4F730429B4 /* ESPMContainer.storyboard */ = {
			isa = PBXVariantGroup;
			children = (
				EAD904ADEB2C961CE8367A74 /* Base */,
			);
			name = ESPMContainer.storyboard;
			path = ViewControllers/ESPMContainer;
			sourceTree = "<group>";
		};
		1D96DE63D0CCD278670F6E8C /* Stock.storyboard */ = {
			isa = PBXVariantGroup;
			children = (
				E69438413E41A0F88B6BFEDF /* Base */,
			);
			name = Stock.storyboard;
			path = ViewControllers/ESPMContainer/Stock;
			sourceTree = "<group>";
		};
		2D8C462DAF023C6B54D8E621 /* PurchaseOrderHeader.storyboard */ = {
			isa = PBXVariantGroup;
			children = (
				6CF8330001D7CDBB75B86888 /* Base */,
			);
			name = PurchaseOrderHeader.storyboard;
			path = ViewControllers/ESPMContainer/PurchaseOrderHeader;
			sourceTree = "<group>";
		};
		529492015D2C5EE0E2CA38D8 /* Product.storyboard */ = {
			isa = PBXVariantGroup;
			children = (
				5338D10881432EC95AD70A3E /* Base */,
			);
			name = Product.storyboard;
			path = ViewControllers/ESPMContainer/Product;
			sourceTree = "<group>";
		};
		6183CF578EA767F85DB36E0D /* SalesOrderItem.storyboard */ = {
			isa = PBXVariantGroup;
			children = (
				46DE85337A3E082517FED292 /* Base */,
			);
			name = SalesOrderItem.storyboard;
			path = ViewControllers/ESPMContainer/SalesOrderItem;
			sourceTree = "<group>";
		};
		619FB24691F8672378F800E8 /* ProductText.storyboard */ = {
			isa = PBXVariantGroup;
			children = (
				3EF2DF81D0CE9D82FE249534 /* Base */,
			);
			name = ProductText.storyboard;
			path = ViewControllers/ESPMContainer/ProductText;
			sourceTree = "<group>";
		};
		76871FE47150DEC4A191851F /* ProductCategory.storyboard */ = {
			isa = PBXVariantGroup;
			children = (
				28600E40BFD896BF19AA0873 /* Base */,
			);
			name = ProductCategory.storyboard;
			path = ViewControllers/ESPMContainer/ProductCategory;
			sourceTree = "<group>";
		};
		7A1315C31D4B982000A5DA56 /* LaunchScreen.storyboard */ = {
			isa = PBXVariantGroup;
			children = (
				7A1315C41D4B982000A5DA56 /* Base */,
			);
			name = LaunchScreen.storyboard;
			sourceTree = "<group>";
		};
		A8DEF8E3155A88677130C717 /* SalesOrderHeader.storyboard */ = {
			isa = PBXVariantGroup;
			children = (
				499895C5624146D71097D2FE /* Base */,
			);
			name = SalesOrderHeader.storyboard;
			path = ViewControllers/ESPMContainer/SalesOrderHeader;
			sourceTree = "<group>";
		};
		CBCA7A9B1E3778A9001AF49E /* Main.storyboard */ = {
			isa = PBXVariantGroup;
			children = (
				CB909D801E38CA8800218154 /* Base */,
			);
			name = Main.storyboard;
			sourceTree = "<group>";
		};
		F48E7E3F7FB272D0135DFEC9 /* Supplier.storyboard */ = {
			isa = PBXVariantGroup;
			children = (
				E3BA1DD20007EE848548895F /* Base */,
			);
			name = Supplier.storyboard;
			path = ViewControllers/ESPMContainer/Supplier;
			sourceTree = "<group>";
		};
/* End PBXVariantGroup section */

/* Begin XCBuildConfiguration section */
		7A1315C71D4B982000A5DA56 /* Debug */ = {
			isa = XCBuildConfiguration;
			buildSettings = {
				ALWAYS_SEARCH_USER_PATHS = NO;
				CLANG_ANALYZER_LOCALIZABILITY_NONLOCALIZED = YES;
				CLANG_ANALYZER_NONNULL = YES;
				CLANG_CXX_LANGUAGE_STANDARD = "gnu++0x";
				CLANG_CXX_LIBRARY = "libc++";
				CLANG_ENABLE_MODULES = YES;
				CLANG_ENABLE_OBJC_ARC = YES;
				CLANG_WARN_BLOCK_CAPTURE_AUTORELEASING = YES;
				CLANG_WARN_BOOL_CONVERSION = YES;
				CLANG_WARN_COMMA = YES;
				CLANG_WARN_CONSTANT_CONVERSION = YES;
				CLANG_WARN_DEPRECATED_OBJC_IMPLEMENTATIONS = YES;
				CLANG_WARN_DIRECT_OBJC_ISA_USAGE = YES_ERROR;
				CLANG_WARN_DOCUMENTATION_COMMENTS = YES;
				CLANG_WARN_EMPTY_BODY = YES;
				CLANG_WARN_ENUM_CONVERSION = YES;
				CLANG_WARN_INFINITE_RECURSION = YES;
				CLANG_WARN_INT_CONVERSION = YES;
				CLANG_WARN_NON_LITERAL_NULL_CONVERSION = YES;
				CLANG_WARN_OBJC_IMPLICIT_RETAIN_SELF = YES;
				CLANG_WARN_OBJC_LITERAL_CONVERSION = YES;
				CLANG_WARN_OBJC_ROOT_CLASS = YES_ERROR;
				CLANG_WARN_QUOTED_INCLUDE_IN_FRAMEWORK_HEADER = YES;
				CLANG_WARN_RANGE_LOOP_ANALYSIS = YES;
				CLANG_WARN_STRICT_PROTOTYPES = YES;
				CLANG_WARN_SUSPICIOUS_MOVE = YES;
				CLANG_WARN_UNREACHABLE_CODE = YES;
				CLANG_WARN__DUPLICATE_METHOD_MATCH = YES;
				"CODE_SIGN_IDENTITY[sdk=iphoneos*]" = "iPhone Developer";
				COPY_PHASE_STRIP = NO;
				DEBUG_INFORMATION_FORMAT = dwarf;
				ENABLE_STRICT_OBJC_MSGSEND = YES;
				ENABLE_TESTABILITY = YES;
				GCC_C_LANGUAGE_STANDARD = gnu99;
				GCC_DYNAMIC_NO_PIC = NO;
				GCC_NO_COMMON_BLOCKS = YES;
				GCC_OPTIMIZATION_LEVEL = 0;
				GCC_PREPROCESSOR_DEFINITIONS = (
					"DEBUG=1",
					"$(inherited)",
				);
				GCC_WARN_64_TO_32_BIT_CONVERSION = YES;
				GCC_WARN_ABOUT_RETURN_TYPE = YES_ERROR;
				GCC_WARN_UNDECLARED_SELECTOR = YES;
				GCC_WARN_UNINITIALIZED_AUTOS = YES_AGGRESSIVE;
				GCC_WARN_UNUSED_FUNCTION = YES;
				GCC_WARN_UNUSED_VARIABLE = YES;
				IPHONEOS_DEPLOYMENT_TARGET = 12.0;
				LD_RUNPATH_SEARCH_PATHS = "@executable_path/Frameworks";
				MTL_ENABLE_DEBUG_INFO = YES;
				ONLY_ACTIVE_ARCH = YES;
				SDKROOT = iphoneos;
				SWIFT_ACTIVE_COMPILATION_CONDITIONS = DEBUG;
				SWIFT_OPTIMIZATION_LEVEL = "-Onone";
				SWIFT_VERSION = 5.0;
				TARGETED_DEVICE_FAMILY = "1,2";
			};
			name = Debug;
		};
		7A1315C81D4B982000A5DA56 /* Release */ = {
			isa = XCBuildConfiguration;
			buildSettings = {
				ALWAYS_SEARCH_USER_PATHS = NO;
				CLANG_ANALYZER_LOCALIZABILITY_NONLOCALIZED = YES;
				CLANG_ANALYZER_NONNULL = YES;
				CLANG_CXX_LANGUAGE_STANDARD = "gnu++0x";
				CLANG_CXX_LIBRARY = "libc++";
				CLANG_ENABLE_MODULES = YES;
				CLANG_ENABLE_OBJC_ARC = YES;
				CLANG_WARN_BLOCK_CAPTURE_AUTORELEASING = YES;
				CLANG_WARN_BOOL_CONVERSION = YES;
				CLANG_WARN_COMMA = YES;
				CLANG_WARN_CONSTANT_CONVERSION = YES;
				CLANG_WARN_DEPRECATED_OBJC_IMPLEMENTATIONS = YES;
				CLANG_WARN_DIRECT_OBJC_ISA_USAGE = YES_ERROR;
				CLANG_WARN_DOCUMENTATION_COMMENTS = YES;
				CLANG_WARN_EMPTY_BODY = YES;
				CLANG_WARN_ENUM_CONVERSION = YES;
				CLANG_WARN_INFINITE_RECURSION = YES;
				CLANG_WARN_INT_CONVERSION = YES;
				CLANG_WARN_NON_LITERAL_NULL_CONVERSION = YES;
				CLANG_WARN_OBJC_IMPLICIT_RETAIN_SELF = YES;
				CLANG_WARN_OBJC_LITERAL_CONVERSION = YES;
				CLANG_WARN_OBJC_ROOT_CLASS = YES_ERROR;
				CLANG_WARN_QUOTED_INCLUDE_IN_FRAMEWORK_HEADER = YES;
				CLANG_WARN_RANGE_LOOP_ANALYSIS = YES;
				CLANG_WARN_STRICT_PROTOTYPES = YES;
				CLANG_WARN_SUSPICIOUS_MOVE = YES;
				CLANG_WARN_UNREACHABLE_CODE = YES;
				CLANG_WARN__DUPLICATE_METHOD_MATCH = YES;
				"CODE_SIGN_IDENTITY[sdk=iphoneos*]" = "iPhone Developer";
				COPY_PHASE_STRIP = NO;
				DEBUG_INFORMATION_FORMAT = "dwarf-with-dsym";
				ENABLE_NS_ASSERTIONS = NO;
				ENABLE_STRICT_OBJC_MSGSEND = YES;
				GCC_C_LANGUAGE_STANDARD = gnu99;
				GCC_NO_COMMON_BLOCKS = YES;
				GCC_WARN_64_TO_32_BIT_CONVERSION = YES;
				GCC_WARN_ABOUT_RETURN_TYPE = YES_ERROR;
				GCC_WARN_UNDECLARED_SELECTOR = YES;
				GCC_WARN_UNINITIALIZED_AUTOS = YES_AGGRESSIVE;
				GCC_WARN_UNUSED_FUNCTION = YES;
				GCC_WARN_UNUSED_VARIABLE = YES;
				IPHONEOS_DEPLOYMENT_TARGET = 12.0;
				LD_RUNPATH_SEARCH_PATHS = "@executable_path/Frameworks";
				MTL_ENABLE_DEBUG_INFO = NO;
				SDKROOT = iphoneos;
				SWIFT_COMPILATION_MODE = wholemodule;
				SWIFT_OPTIMIZATION_LEVEL = "-O";
				SWIFT_VERSION = 5.0;
				TARGETED_DEVICE_FAMILY = "1,2";
				VALIDATE_PRODUCT = YES;
			};
			name = Release;
		};
		7A1315CA1D4B982000A5DA56 /* Debug */ = {
			isa = XCBuildConfiguration;
			buildSettings = {
				ASSETCATALOG_COMPILER_APPICON_NAME = AppIcon;
				CODE_SIGN_ENTITLEMENTS = TutorialApp/TutorialApp.entitlements;
				CODE_SIGN_IDENTITY = "iPhone Developer";
				DEVELOPMENT_TEAM = AMW5B25QXP;
				EMBED_ASSET_PACKS_IN_PRODUCT_BUNDLE = NO;
				ENABLE_BITCODE = NO;
				FRAMEWORK_SEARCH_PATHS = (
					"$(inherited)",
					"$(PROJECT_DIR)",
				);
				INFOPLIST_FILE = TutorialApp/Info.plist;
				IPHONEOS_DEPLOYMENT_TARGET = 14.0;
				"IPHONEOS_DEPLOYMENT_TARGET[sdk=macosx*]" = 14.0;
				LD_RUNPATH_SEARCH_PATHS = (
					"$(inherited)",
					"@executable_path/../Frameworks",
				);
				PRODUCT_BUNDLE_IDENTIFIER = com.example.TutorialApp;
				PRODUCT_NAME = "$(TARGET_NAME)";
				SUPPORTS_MACCATALYST = YES;
				SWIFT_VERSION = 5.0;
			};
			name = Debug;
		};
		7A1315CB1D4B982000A5DA56 /* Release */ = {
			isa = XCBuildConfiguration;
			buildSettings = {
				ASSETCATALOG_COMPILER_APPICON_NAME = AppIcon;
				CODE_SIGN_ENTITLEMENTS = TutorialApp/TutorialApp.entitlements;
				CODE_SIGN_IDENTITY = "iPhone Developer";
				DEVELOPMENT_TEAM = AMW5B25QXP;
				EMBED_ASSET_PACKS_IN_PRODUCT_BUNDLE = NO;
				ENABLE_BITCODE = NO;
				FRAMEWORK_SEARCH_PATHS = (
					"$(inherited)",
					"$(PROJECT_DIR)",
				);
				INFOPLIST_FILE = TutorialApp/Info.plist;
				IPHONEOS_DEPLOYMENT_TARGET = 14.0;
				"IPHONEOS_DEPLOYMENT_TARGET[sdk=macosx*]" = 14.0;
				LD_RUNPATH_SEARCH_PATHS = (
					"$(inherited)",
					"@executable_path/../Frameworks",
				);
				PRODUCT_BUNDLE_IDENTIFIER = com.example.TutorialApp;
				PRODUCT_NAME = "$(TARGET_NAME)";
				SUPPORTS_MACCATALYST = YES;
				SWIFT_VERSION = 5.0;
			};
			name = Release;
		};
		7A5744BA21DE553700E58C7F /* Debug */ = {
			isa = XCBuildConfiguration;
			buildSettings = {
				CLANG_ANALYZER_NUMBER_OBJECT_CONVERSION = YES_AGGRESSIVE;
				CLANG_CXX_LANGUAGE_STANDARD = "gnu++14";
				CLANG_ENABLE_OBJC_WEAK = YES;
				CLANG_WARN_UNGUARDED_AVAILABILITY = YES_AGGRESSIVE;
				CODE_SIGN_IDENTITY = "iPhone Developer";
				CODE_SIGN_STYLE = Automatic;
				GCC_C_LANGUAGE_STANDARD = gnu11;
				INFOPLIST_FILE = UITests/Info.plist;
				IPHONEOS_DEPLOYMENT_TARGET = 12.1;
				LD_RUNPATH_SEARCH_PATHS = (
					"$(inherited)",
					"@executable_path/Frameworks",
					"@loader_path/Frameworks",
				);
				MTL_ENABLE_DEBUG_INFO = INCLUDE_SOURCE;
				MTL_FAST_MATH = YES;
				PRODUCT_BUNDLE_IDENTIFIER = com.sap.UITests;
				PRODUCT_NAME = "$(TARGET_NAME)";
				SWIFT_VERSION = 5.0;
				TARGETED_DEVICE_FAMILY = "1,2";
				TEST_TARGET_NAME = TutorialApp;
			};
			name = Debug;
		};
		7A5744BB21DE553700E58C7F /* Release */ = {
			isa = XCBuildConfiguration;
			buildSettings = {
				CLANG_ANALYZER_NUMBER_OBJECT_CONVERSION = YES_AGGRESSIVE;
				CLANG_CXX_LANGUAGE_STANDARD = "gnu++14";
				CLANG_ENABLE_OBJC_WEAK = YES;
				CLANG_WARN_UNGUARDED_AVAILABILITY = YES_AGGRESSIVE;
				CODE_SIGN_IDENTITY = "iPhone Developer";
				CODE_SIGN_STYLE = Automatic;
				GCC_C_LANGUAGE_STANDARD = gnu11;
				INFOPLIST_FILE = UITests/Info.plist;
				IPHONEOS_DEPLOYMENT_TARGET = 12.1;
				LD_RUNPATH_SEARCH_PATHS = (
					"$(inherited)",
					"@executable_path/Frameworks",
					"@loader_path/Frameworks",
				);
				MTL_FAST_MATH = YES;
				PRODUCT_BUNDLE_IDENTIFIER = com.sap.UITests;
				PRODUCT_NAME = "$(TARGET_NAME)";
				SWIFT_VERSION = 5.0;
				TARGETED_DEVICE_FAMILY = "1,2";
				TEST_TARGET_NAME = TutorialApp;
			};
			name = Release;
		};
/* End XCBuildConfiguration section */

/* Begin XCConfigurationList section */
		7A1315B01D4B982000A5DA56 /* Build configuration list for PBXProject "TutorialApp" */ = {
			isa = XCConfigurationList;
			buildConfigurations = (
				7A1315C71D4B982000A5DA56 /* Debug */,
				7A1315C81D4B982000A5DA56 /* Release */,
			);
			defaultConfigurationIsVisible = 0;
			defaultConfigurationName = Release;
		};
		7A1315C91D4B982000A5DA56 /* Build configuration list for PBXNativeTarget "TutorialApp" */ = {
			isa = XCConfigurationList;
			buildConfigurations = (
				7A1315CA1D4B982000A5DA56 /* Debug */,
				7A1315CB1D4B982000A5DA56 /* Release */,
			);
			defaultConfigurationIsVisible = 0;
			defaultConfigurationName = Release;
		};
		7A5744BC21DE553700E58C7F /* Build configuration list for PBXNativeTarget "UITests" */ = {
			isa = XCConfigurationList;
			buildConfigurations = (
				7A5744BA21DE553700E58C7F /* Debug */,
				7A5744BB21DE553700E58C7F /* Release */,
			);
			defaultConfigurationIsVisible = 0;
			defaultConfigurationName = Release;
		};
/* End XCConfigurationList section */
	};
	rootObject = 7A1315AD1D4B982000A5DA56 /* Project object */;
}
