// !$*UTF8*$!
{
	archiveVersion = 1;
	classes = {
	};
	objectVersion = 50;
	objects = {

/* Begin PBXBuildFile section */
		0B09854C971F380F496FBD5B /* ESPMContainerFmwk.framework in Frameworks */ = {isa = PBXBuildFile; fileRef = D797001C170C33DCEB07102F /* ESPMContainerFmwk.framework */; };
		341EAF617493ECF3E9F8DABA /* ODataContainerType.swift in Sources */ = {isa = PBXBuildFile; fileRef = 4D215BF30132857C80A951F1 /* ODataContainerType.swift */; };
		61A6D63335B9DEC0E9169420 /* ESPMContainerCollectionType.swift in Sources */ = {isa = PBXBuildFile; fileRef = A9B2BD9613F49B706E555A36 /* ESPMContainerCollectionType.swift */; };
		79DCE0138A4653AF69E39D22 /* ODataControlling.swift in Sources */ = {isa = PBXBuildFile; fileRef = 81B41222098A68C207DF2A45 /* ODataControlling.swift */; };
		82D61C2B6370C96F993565C8 /* ESPMContainerOfflineODataController.swift in Sources */ = {isa = PBXBuildFile; fileRef = 6A78BB1903E21CDCE4993CAB /* ESPMContainerOfflineODataController.swift */; };
		847BE9EDD09129594E23C4D0 /* SAPOfflineOData.xcframework in Frameworks */ = {isa = PBXBuildFile; fileRef = 4D64B85E8E5C0602D485ECAC /* SAPOfflineOData.xcframework */; };
		E39DE35FB377654D7AB393D4 /* SAPFoundation.xcframework in Frameworks */ = {isa = PBXBuildFile; fileRef = 84987D7664FD37DDE56FE4DA /* SAPFoundation.xcframework */; };
		F509A94438B10DFDF0E6CFBF /* SAPCommon.xcframework in Frameworks */ = {isa = PBXBuildFile; fileRef = 1DD9834ACB98372BC5FCA195 /* SAPCommon.xcframework */; };
		FCEF1C8BD9788FD4E352153B /* SAPOData.xcframework in Frameworks */ = {isa = PBXBuildFile; fileRef = 73A69B712D756F46D1B1BC70 /* SAPOData.xcframework */; };
/* End PBXBuildFile section */

/* Begin PBXFileReference section */
		1DD9834ACB98372BC5FCA195 /* SAPCommon.xcframework */ = {isa = PBXFileReference; includeInIndex = 1; lastKnownFileType = wrapper.xcframework; name = SAPCommon.xcframework; path = "../Release-xcframework/SAPCommon.xcframework"; sourceTree = "<group>"; };
		4D215BF30132857C80A951F1 /* ODataContainerType.swift */ = {isa = PBXFileReference; includeInIndex = 1; lastKnownFileType = sourcecode.swift; name = ODataContainerType.swift; path = Model/ODataContainerType.swift; sourceTree = "<group>"; };
		4D64B85E8E5C0602D485ECAC /* SAPOfflineOData.xcframework */ = {isa = PBXFileReference; includeInIndex = 1; lastKnownFileType = wrapper.xcframework; name = SAPOfflineOData.xcframework; path = "../Release-xcframework/SAPOfflineOData.xcframework"; sourceTree = "<group>"; };
		6A78BB1903E21CDCE4993CAB /* ESPMContainerOfflineODataController.swift */ = {isa = PBXFileReference; includeInIndex = 1; lastKnownFileType = sourcecode.swift; name = ESPMContainerOfflineODataController.swift; path = OData/ESPMContainerOfflineODataController.swift; sourceTree = "<group>"; };
		73A69B712D756F46D1B1BC70 /* SAPOData.xcframework */ = {isa = PBXFileReference; includeInIndex = 1; lastKnownFileType = wrapper.xcframework; name = SAPOData.xcframework; path = "../Release-xcframework/SAPOData.xcframework"; sourceTree = "<group>"; };
		81B41222098A68C207DF2A45 /* ODataControlling.swift */ = {isa = PBXFileReference; includeInIndex = 1; lastKnownFileType = sourcecode.swift; name = ODataControlling.swift; path = OData/ODataControlling.swift; sourceTree = "<group>"; };
		84987D7664FD37DDE56FE4DA /* SAPFoundation.xcframework */ = {isa = PBXFileReference; includeInIndex = 1; lastKnownFileType = wrapper.xcframework; name = SAPFoundation.xcframework; path = "../Release-xcframework/SAPFoundation.xcframework"; sourceTree = "<group>"; };
		91C75DB92463F04100ECC4ED /* SharedFmwk.framework */ = {isa = PBXFileReference; explicitFileType = wrapper.framework; includeInIndex = 0; path = SharedFmwk.framework; sourceTree = BUILT_PRODUCTS_DIR; };
		91C75DBD2463F04100ECC4ED /* Info.plist */ = {isa = PBXFileReference; lastKnownFileType = text.plist.xml; path = Info.plist; sourceTree = "<group>"; };
		A9B2BD9613F49B706E555A36 /* ESPMContainerCollectionType.swift */ = {isa = PBXFileReference; includeInIndex = 1; lastKnownFileType = sourcecode.swift; name = ESPMContainerCollectionType.swift; path = Model/ESPMContainerCollectionType.swift; sourceTree = "<group>"; };
		D797001C170C33DCEB07102F /* ESPMContainerFmwk.framework */ = {isa = PBXFileReference; explicitFileType = wrapper.framework; includeInIndex = 1; path = ESPMContainerFmwk.framework; sourceTree = BUILT_PRODUCTS_DIR; };
/* End PBXFileReference section */

/* Begin PBXFrameworksBuildPhase section */
		91C75DB62463F04100ECC4ED /* Frameworks */ = {
			isa = PBXFrameworksBuildPhase;
			buildActionMask = 2147483647;
			files = (
				E39DE35FB377654D7AB393D4 /* SAPFoundation.xcframework in Frameworks */,
				FCEF1C8BD9788FD4E352153B /* SAPOData.xcframework in Frameworks */,
				847BE9EDD09129594E23C4D0 /* SAPOfflineOData.xcframework in Frameworks */,
				F509A94438B10DFDF0E6CFBF /* SAPCommon.xcframework in Frameworks */,
				0B09854C971F380F496FBD5B /* ESPMContainerFmwk.framework in Frameworks */,
			);
			runOnlyForDeploymentPostprocessing = 0;
		};
/* End PBXFrameworksBuildPhase section */

/* Begin PBXGroup section */
		2874380151A2CABD2578D088 /* OData */ = {
			isa = PBXGroup;
			children = (
				81B41222098A68C207DF2A45 /* ODataControlling.swift */,
				6A78BB1903E21CDCE4993CAB /* ESPMContainerOfflineODataController.swift */,
			);
			name = OData;
			sourceTree = "<group>";
		};
		73D28444A81E7103041C6CCC /* Frameworks */ = {
			isa = PBXGroup;
			children = (
				84987D7664FD37DDE56FE4DA /* SAPFoundation.xcframework */,
				73A69B712D756F46D1B1BC70 /* SAPOData.xcframework */,
				4D64B85E8E5C0602D485ECAC /* SAPOfflineOData.xcframework */,
				1DD9834ACB98372BC5FCA195 /* SAPCommon.xcframework */,
				D797001C170C33DCEB07102F /* ESPMContainerFmwk.framework */,
			);
			name = Frameworks;
			sourceTree = "<group>";
		};
		91C75DAF2463F04100ECC4ED = {
			isa = PBXGroup;
			children = (
				91C75DBB2463F04100ECC4ED /* SharedFmwk */,
				91C75DBA2463F04100ECC4ED /* Products */,
				73D28444A81E7103041C6CCC /* Frameworks */,
			);
			sourceTree = "<group>";
		};
		91C75DBA2463F04100ECC4ED /* Products */ = {
			isa = PBXGroup;
			children = (
				91C75DB92463F04100ECC4ED /* SharedFmwk.framework */,
			);
			name = Products;
			sourceTree = "<group>";
		};
		91C75DBB2463F04100ECC4ED /* SharedFmwk */ = {
			isa = PBXGroup;
			children = (
				91C75DBD2463F04100ECC4ED /* Info.plist */,
				2874380151A2CABD2578D088 /* OData */,
				C41ED43C6DD3BA9458F90419 /* Model */,
			);
			path = SharedFmwk;
			sourceTree = "<group>";
		};
		C41ED43C6DD3BA9458F90419 /* Model */ = {
			isa = PBXGroup;
			children = (
				4D215BF30132857C80A951F1 /* ODataContainerType.swift */,
				A9B2BD9613F49B706E555A36 /* ESPMContainerCollectionType.swift */,
			);
			name = Model;
			sourceTree = "<group>";
		};
/* End PBXGroup section */

/* Begin PBXHeadersBuildPhase section */
		91C75DB42463F04100ECC4ED /* Headers */ = {
			isa = PBXHeadersBuildPhase;
			buildActionMask = 2147483647;
			files = (
			);
			runOnlyForDeploymentPostprocessing = 0;
		};
/* End PBXHeadersBuildPhase section */

/* Begin PBXNativeTarget section */
		91C75DB82463F04100ECC4ED /* SharedFmwk */ = {
			isa = PBXNativeTarget;
			buildConfigurationList = 91C75DC12463F04100ECC4ED /* Build configuration list for PBXNativeTarget "SharedFmwk" */;
			buildPhases = (
				91C75DB42463F04100ECC4ED /* Headers */,
				91C75DB52463F04100ECC4ED /* Sources */,
				91C75DB62463F04100ECC4ED /* Frameworks */,
				91C75DB72463F04100ECC4ED /* Resources */,
			);
			buildRules = (
			);
			dependencies = (
			);
			name = SharedFmwk;
			productName = SharedFmwk;
			productReference = 91C75DB92463F04100ECC4ED /* SharedFmwk.framework */;
			productType = "com.apple.product-type.framework";
		};
/* End PBXNativeTarget section */

/* Begin PBXProject section */
		91C75DB02463F04100ECC4ED /* Project object */ = {
			isa = PBXProject;
			attributes = {
				LastUpgradeCheck = 1200;
				ORGANIZATIONNAME = SAP;
				TargetAttributes = {
					91C75DB82463F04100ECC4ED = {
						CreatedOnToolsVersion = 11.2.1;
					};
				};
			};
			buildConfigurationList = 91C75DB32463F04100ECC4ED /* Build configuration list for PBXProject "SharedFmwk" */;
			compatibilityVersion = "Xcode 9.3";
			developmentRegion = en;
			hasScannedForEncodings = 0;
			knownRegions = (
				en,
				Base,
			);
			mainGroup = 91C75DAF2463F04100ECC4ED;
			productRefGroup = 91C75DBA2463F04100ECC4ED /* Products */;
			projectDirPath = "";
			projectRoot = "";
			targets = (
				91C75DB82463F04100ECC4ED /* SharedFmwk */,
			);
		};
/* End PBXProject section */

/* Begin PBXResourcesBuildPhase section */
		91C75DB72463F04100ECC4ED /* Resources */ = {
			isa = PBXResourcesBuildPhase;
			buildActionMask = 2147483647;
			files = (
			);
			runOnlyForDeploymentPostprocessing = 0;
		};
/* End PBXResourcesBuildPhase section */

/* Begin PBXSourcesBuildPhase section */
		91C75DB52463F04100ECC4ED /* Sources */ = {
			isa = PBXSourcesBuildPhase;
			buildActionMask = 2147483647;
			files = (
				79DCE0138A4653AF69E39D22 /* ODataControlling.swift in Sources */,
				82D61C2B6370C96F993565C8 /* ESPMContainerOfflineODataController.swift in Sources */,
				341EAF617493ECF3E9F8DABA /* ODataContainerType.swift in Sources */,
				61A6D63335B9DEC0E9169420 /* ESPMContainerCollectionType.swift in Sources */,
			);
			runOnlyForDeploymentPostprocessing = 0;
		};
/* End PBXSourcesBuildPhase section */

/* Begin XCBuildConfiguration section */
		91C75DBF2463F04100ECC4ED /* Debug */ = {
			isa = XCBuildConfiguration;
			buildSettings = {
				ALWAYS_SEARCH_USER_PATHS = NO;
				CLANG_ANALYZER_NONNULL = YES;
				CLANG_ANALYZER_NUMBER_OBJECT_CONVERSION = YES_AGGRESSIVE;
				CLANG_CXX_LANGUAGE_STANDARD = "gnu++14";
				CLANG_CXX_LIBRARY = "libc++";
				CLANG_ENABLE_MODULES = YES;
				CLANG_ENABLE_OBJC_ARC = YES;
				CLANG_ENABLE_OBJC_WEAK = YES;
				CLANG_WARN_BLOCK_CAPTURE_AUTORELEASING = YES;
				CLANG_WARN_BOOL_CONVERSION = YES;
				CLANG_WARN_COMMA = YES;
				CLANG_WARN_CONSTANT_CONVERSION = YES;
				CLANG_WARN_DEPRECATED_OBJC_IMPLEMENTATIONS = YES;
				CLANG_WARN_DIRECT_OBJC_ISA_USAGE = YES_ERROR;
				CLANG_WARN_DOCUMENTATION_COMMENTS = YES;
				CLANG_WARN_EMPTY_BODY = YES;
				CLANG_WARN_ENUM_CONVERSION = YES;
				CLANG_WARN_INFINITE_RECURSION = YES;
				CLANG_WARN_INT_CONVERSION = YES;
				CLANG_WARN_NON_LITERAL_NULL_CONVERSION = YES;
				CLANG_WARN_OBJC_IMPLICIT_RETAIN_SELF = YES;
				CLANG_WARN_OBJC_LITERAL_CONVERSION = YES;
				CLANG_WARN_OBJC_ROOT_CLASS = YES_ERROR;
				CLANG_WARN_QUOTED_INCLUDE_IN_FRAMEWORK_HEADER = YES;
				CLANG_WARN_RANGE_LOOP_ANALYSIS = YES;
				CLANG_WARN_STRICT_PROTOTYPES = YES;
				CLANG_WARN_SUSPICIOUS_MOVE = YES;
				CLANG_WARN_UNGUARDED_AVAILABILITY = YES_AGGRESSIVE;
				CLANG_WARN_UNREACHABLE_CODE = YES;
				CLANG_WARN__DUPLICATE_METHOD_MATCH = YES;
				COPY_PHASE_STRIP = NO;
				CURRENT_PROJECT_VERSION = 1;
				DEBUG_INFORMATION_FORMAT = dwarf;
				ENABLE_STRICT_OBJC_MSGSEND = YES;
				ENABLE_TESTABILITY = YES;
				GCC_C_LANGUAGE_STANDARD = gnu11;
				GCC_DYNAMIC_NO_PIC = NO;
				GCC_NO_COMMON_BLOCKS = YES;
				GCC_OPTIMIZATION_LEVEL = 0;
				GCC_PREPROCESSOR_DEFINITIONS = (
					"DEBUG=1",
					"$(inherited)",
				);
				GCC_WARN_64_TO_32_BIT_CONVERSION = YES;
				GCC_WARN_ABOUT_RETURN_TYPE = YES_ERROR;
				GCC_WARN_UNDECLARED_SELECTOR = YES;
				GCC_WARN_UNINITIALIZED_AUTOS = YES_AGGRESSIVE;
				GCC_WARN_UNUSED_FUNCTION = YES;
				GCC_WARN_UNUSED_VARIABLE = YES;
				IPHONEOS_DEPLOYMENT_TARGET = 13.2;
				MTL_ENABLE_DEBUG_INFO = INCLUDE_SOURCE;
				MTL_FAST_MATH = YES;
				ONLY_ACTIVE_ARCH = YES;
				SDKROOT = iphoneos;
				SWIFT_ACTIVE_COMPILATION_CONDITIONS = DEBUG;
				SWIFT_OPTIMIZATION_LEVEL = "-Onone";
				VERSIONING_SYSTEM = "apple-generic";
				VERSION_INFO_PREFIX = "";
			};
			name = Debug;
		};
		91C75DC02463F04100ECC4ED /* Release */ = {
			isa = XCBuildConfiguration;
			buildSettings = {
				ALWAYS_SEARCH_USER_PATHS = NO;
				CLANG_ANALYZER_NONNULL = YES;
				CLANG_ANALYZER_NUMBER_OBJECT_CONVERSION = YES_AGGRESSIVE;
				CLANG_CXX_LANGUAGE_STANDARD = "gnu++14";
				CLANG_CXX_LIBRARY = "libc++";
				CLANG_ENABLE_MODULES = YES;
				CLANG_ENABLE_OBJC_ARC = YES;
				CLANG_ENABLE_OBJC_WEAK = YES;
				CLANG_WARN_BLOCK_CAPTURE_AUTORELEASING = YES;
				CLANG_WARN_BOOL_CONVERSION = YES;
				CLANG_WARN_COMMA = YES;
				CLANG_WARN_CONSTANT_CONVERSION = YES;
				CLANG_WARN_DEPRECATED_OBJC_IMPLEMENTATIONS = YES;
				CLANG_WARN_DIRECT_OBJC_ISA_USAGE = YES_ERROR;
				CLANG_WARN_DOCUMENTATION_COMMENTS = YES;
				CLANG_WARN_EMPTY_BODY = YES;
				CLANG_WARN_ENUM_CONVERSION = YES;
				CLANG_WARN_INFINITE_RECURSION = YES;
				CLANG_WARN_INT_CONVERSION = YES;
				CLANG_WARN_NON_LITERAL_NULL_CONVERSION = YES;
				CLANG_WARN_OBJC_IMPLICIT_RETAIN_SELF = YES;
				CLANG_WARN_OBJC_LITERAL_CONVERSION = YES;
				CLANG_WARN_OBJC_ROOT_CLASS = YES_ERROR;
				CLANG_WARN_QUOTED_INCLUDE_IN_FRAMEWORK_HEADER = YES;
				CLANG_WARN_RANGE_LOOP_ANALYSIS = YES;
				CLANG_WARN_STRICT_PROTOTYPES = YES;
				CLANG_WARN_SUSPICIOUS_MOVE = YES;
				CLANG_WARN_UNGUARDED_AVAILABILITY = YES_AGGRESSIVE;
				CLANG_WARN_UNREACHABLE_CODE = YES;
				CLANG_WARN__DUPLICATE_METHOD_MATCH = YES;
				COPY_PHASE_STRIP = NO;
				CURRENT_PROJECT_VERSION = 1;
				DEBUG_INFORMATION_FORMAT = "dwarf-with-dsym";
				ENABLE_NS_ASSERTIONS = NO;
				ENABLE_STRICT_OBJC_MSGSEND = YES;
				GCC_C_LANGUAGE_STANDARD = gnu11;
				GCC_NO_COMMON_BLOCKS = YES;
				GCC_WARN_64_TO_32_BIT_CONVERSION = YES;
				GCC_WARN_ABOUT_RETURN_TYPE = YES_ERROR;
				GCC_WARN_UNDECLARED_SELECTOR = YES;
				GCC_WARN_UNINITIALIZED_AUTOS = YES_AGGRESSIVE;
				GCC_WARN_UNUSED_FUNCTION = YES;
				GCC_WARN_UNUSED_VARIABLE = YES;
				IPHONEOS_DEPLOYMENT_TARGET = 13.2;
				MTL_ENABLE_DEBUG_INFO = NO;
				MTL_FAST_MATH = YES;
				SDKROOT = iphoneos;
				SWIFT_COMPILATION_MODE = wholemodule;
				SWIFT_OPTIMIZATION_LEVEL = "-O";
				VALIDATE_PRODUCT = YES;
				VERSIONING_SYSTEM = "apple-generic";
				VERSION_INFO_PREFIX = "";
			};
			name = Release;
		};
		91C75DC22463F04100ECC4ED /* Debug */ = {
			isa = XCBuildConfiguration;
			buildSettings = {
				APPLICATION_EXTENSION_API_ONLY = YES;
				BUILD_LIBRARY_FOR_DISTRIBUTION = YES;
				CODE_SIGN_STYLE = Automatic;
				DEFINES_MODULE = YES;
				DYLIB_COMPATIBILITY_VERSION = 1;
				DYLIB_CURRENT_VERSION = 1;
				DYLIB_INSTALL_NAME_BASE = "@rpath";
				INFOPLIST_FILE = SharedFmwk/Info.plist;
				INSTALL_PATH = "$(LOCAL_LIBRARY_DIR)/Frameworks";
				IPHONEOS_DEPLOYMENT_TARGET = 14.0;
				"IPHONEOS_DEPLOYMENT_TARGET[sdk=macosx*]" = 14.0;
				LD_RUNPATH_SEARCH_PATHS = (
					"$(inherited)",
					"@executable_path/Frameworks",
					"@loader_path/Frameworks",
				);
				PRODUCT_BUNDLE_IDENTIFIER = com.example.TutorialApp.SharedFmwk;
				PRODUCT_NAME = "$(TARGET_NAME:c99extidentifier)";
				SKIP_INSTALL = YES;
				SWIFT_VERSION = 5.0;
				TARGETED_DEVICE_FAMILY = "1,2";
			};
			name = Debug;
		};
		91C75DC32463F04100ECC4ED /* Release */ = {
			isa = XCBuildConfiguration;
			buildSettings = {
				APPLICATION_EXTENSION_API_ONLY = YES;
				BUILD_LIBRARY_FOR_DISTRIBUTION = YES;
				CODE_SIGN_STYLE = Automatic;
				DEFINES_MODULE = YES;
				DYLIB_COMPATIBILITY_VERSION = 1;
				DYLIB_CURRENT_VERSION = 1;
				DYLIB_INSTALL_NAME_BASE = "@rpath";
				INFOPLIST_FILE = SharedFmwk/Info.plist;
				INSTALL_PATH = "$(LOCAL_LIBRARY_DIR)/Frameworks";
				IPHONEOS_DEPLOYMENT_TARGET = 14.0;
				"IPHONEOS_DEPLOYMENT_TARGET[sdk=macosx*]" = 14.0;
				LD_RUNPATH_SEARCH_PATHS = (
					"$(inherited)",
					"@executable_path/Frameworks",
					"@loader_path/Frameworks",
				);
				PRODUCT_BUNDLE_IDENTIFIER = com.example.TutorialApp.SharedFmwk;
				PRODUCT_NAME = "$(TARGET_NAME:c99extidentifier)";
				SKIP_INSTALL = YES;
				SWIFT_VERSION = 5.0;
				TARGETED_DEVICE_FAMILY = "1,2";
			};
			name = Release;
		};
/* End XCBuildConfiguration section */

/* Begin XCConfigurationList section */
		91C75DB32463F04100ECC4ED /* Build configuration list for PBXProject "SharedFmwk" */ = {
			isa = XCConfigurationList;
			buildConfigurations = (
				91C75DBF2463F04100ECC4ED /* Debug */,
				91C75DC02463F04100ECC4ED /* Release */,
			);
			defaultConfigurationIsVisible = 0;
			defaultConfigurationName = Release;
		};
		91C75DC12463F04100ECC4ED /* Build configuration list for PBXNativeTarget "SharedFmwk" */ = {
			isa = XCConfigurationList;
			buildConfigurations = (
				91C75DC22463F04100ECC4ED /* Debug */,
				91C75DC32463F04100ECC4ED /* Release */,
			);
			defaultConfigurationIsVisible = 0;
			defaultConfigurationName = Release;
		};
/* End XCConfigurationList section */
	};
	rootObject = 91C75DB02463F04100ECC4ED /* Project object */;
}
